{
    "version": 3,
    "terraform_version": "0.12.31",
    "serial": 1,
    "lineage": "1557754d-ae23-615a-b0bd-02f02b8862a0",
    "modules": [
        {
            "path": [
                "root"
            ],
            "outputs": {
                "aws_cloudformation_stack_tfer--cloudfront-waf-web-acl-stack_id": {
                    "sensitive": false,
                    "type": "string",
                    "value": "arn:aws:cloudformation:us-east-1:760578178066:stack/cloudfront-waf-web-acl-stack/fa132920-2763-11ef-8a2f-0e1302f2b6f9"
                },
                "aws_cloudformation_stack_tfer--ecs-moodle-stack_id": {
                    "sensitive": false,
                    "type": "string",
                    "value": "arn:aws:cloudformation:us-east-1:760578178066:stack/ecs-moodle-stack/1a4a6230-2764-11ef-844b-0e51da8e5121"
                },
                "aws_cloudfront_distribution_tfer--EDBP7IYT7GVVK_id": {
                    "sensitive": false,
                    "type": "string",
                    "value": "EDBP7IYT7GVVK"
                },
                "aws_cloudtrail_tfer--ecs-moodle-stack-cloudtrailtrail59842059-PZHGpGlSBXeb_id": {
                    "sensitive": false,
                    "type": "string",
                    "value": "ecs-moodle-stack-cloudtrailtrail59842059-PZHGpGlSBXeb"
                },
                "aws_cloudwatch_log_group_tfer--ecs-moodle-stack-moodletaskdefmoodlecontainerLogGroup581119A2-AjGIYbRD5Boa_id": {
                    "sensitive": false,
                    "type": "string",
                    "value": "ecs-moodle-stack-moodletaskdefmoodlecontainerLogGroup581119A2-AjGIYbRD5Boa"
                },
                "aws_cloudwatch_log_group_tfer--ecs-moodle-stack-moodletaskdefmoodlecontainerLogGroup581119A2-DbIG8yPWBL3N_id": {
                    "sensitive": false,
                    "type": "string",
                    "value": "ecs-moodle-stack-moodletaskdefmoodlecontainerLogGroup581119A2-DbIG8yPWBL3N"
                },
                "aws_cloudwatch_log_group_tfer--ecs-moodle-stack-moodletaskdefmoodlecontainerLogGroup581119A2-F2fe9WAlQmzF_id": {
                    "sensitive": false,
                    "type": "string",
                    "value": "ecs-moodle-stack-moodletaskdefmoodlecontainerLogGroup581119A2-F2fe9WAlQmzF"
                },
                "aws_cloudwatch_log_group_tfer--ecs-moodle-stack-moodletaskdefmoodlecontainerLogGroup581119A2-M2qRp30LLToj_id": {
                    "sensitive": false,
                    "type": "string",
                    "value": "ecs-moodle-stack-moodletaskdefmoodlecontainerLogGroup581119A2-M2qRp30LLToj"
                },
                "aws_cloudwatch_log_group_tfer--ecs-moodle-stack-moodletaskdefmoodlecontainerLogGroup581119A2-No516Li8loDM_id": {
                    "sensitive": false,
                    "type": "string",
                    "value": "ecs-moodle-stack-moodletaskdefmoodlecontainerLogGroup581119A2-No516Li8loDM"
                },
                "aws_cloudwatch_log_group_tfer--ecs-moodle-stack-moodletaskdefmoodlecontainerLogGroup581119A2-Q5cXjEUeDwVp_id": {
                    "sensitive": false,
                    "type": "string",
                    "value": "ecs-moodle-stack-moodletaskdefmoodlecontainerLogGroup581119A2-Q5cXjEUeDwVp"
                },
                "aws_cloudwatch_log_group_tfer--ecs-moodle-stack-moodletaskdefmoodlecontainerLogGroup581119A2-SobFeQ17HplA_id": {
                    "sensitive": false,
                    "type": "string",
                    "value": "ecs-moodle-stack-moodletaskdefmoodlecontainerLogGroup581119A2-SobFeQ17HplA"
                },
                "aws_cloudwatch_log_group_tfer--ecs-moodle-stack-moodletaskdefmoodlecontainerLogGroup581119A2-UGupWbld7RJF_id": {
                    "sensitive": false,
                    "type": "string",
                    "value": "ecs-moodle-stack-moodletaskdefmoodlecontainerLogGroup581119A2-UGupWbld7RJF"
                },
                "aws_cloudwatch_log_group_tfer--ecs-moodle-stack-moodletaskdefmoodlecontainerLogGroup581119A2-WusNA4DGNSnN_id": {
                    "sensitive": false,
                    "type": "string",
                    "value": "ecs-moodle-stack-moodletaskdefmoodlecontainerLogGroup581119A2-WusNA4DGNSnN"
                },
                "aws_cloudwatch_log_group_tfer--ecs-moodle-stack-moodletaskdefmoodlecontainerLogGroup581119A2-groZxct6X1zl_id": {
                    "sensitive": false,
                    "type": "string",
                    "value": "ecs-moodle-stack-moodletaskdefmoodlecontainerLogGroup581119A2-groZxct6X1zl"
                },
                "aws_cloudwatch_log_group_tfer--ecs-moodle-stack-moodletaskdefmoodlecontainerLogGroup581119A2-hnkbEhgje06X_id": {
                    "sensitive": false,
                    "type": "string",
                    "value": "ecs-moodle-stack-moodletaskdefmoodlecontainerLogGroup581119A2-hnkbEhgje06X"
                },
                "aws_cloudwatch_log_group_tfer--ecs-moodle-stack-moodletaskdefmoodlecontainerLogGroup581119A2-rHub36zaMJN8_id": {
                    "sensitive": false,
                    "type": "string",
                    "value": "ecs-moodle-stack-moodletaskdefmoodlecontainerLogGroup581119A2-rHub36zaMJN8"
                },
                "aws_cloudwatch_log_group_tfer--ecs-moodle-stack-moodletaskdefmoodlecontainerLogGroup581119A2-tx6qIP53UZN7_id": {
                    "sensitive": false,
                    "type": "string",
                    "value": "ecs-moodle-stack-moodletaskdefmoodlecontainerLogGroup581119A2-tx6qIP53UZN7"
                },
                "aws_cloudwatch_log_group_tfer--ecs-moodle-stack-moodletaskdefmoodlecontainerLogGroup581119A2-xkkH6yNlz7DN_id": {
                    "sensitive": false,
                    "type": "string",
                    "value": "ecs-moodle-stack-moodletaskdefmoodlecontainerLogGroup581119A2-xkkH6yNlz7DN"
                },
                "aws_cloudwatch_log_group_tfer--ecs-moodle-stack-moodlevpcflowlogtocloudwatchLogGroup436624C1-6RfNJNJ3woJz_id": {
                    "sensitive": false,
                    "type": "string",
                    "value": "ecs-moodle-stack-moodlevpcflowlogtocloudwatchLogGroup436624C1-6RfNJNJ3woJz"
                },
                "aws_cloudwatch_log_group_tfer--ecs-moodle-stack-moodlevpcflowlogtocloudwatchLogGroup436624C1-LlFKLghvjBlc_id": {
                    "sensitive": false,
                    "type": "string",
                    "value": "ecs-moodle-stack-moodlevpcflowlogtocloudwatchLogGroup436624C1-LlFKLghvjBlc"
                },
                "aws_cloudwatch_log_group_tfer--ecs-moodle-stack-moodlevpcflowlogtocloudwatchLogGroup436624C1-M29o0UpVQcup_id": {
                    "sensitive": false,
                    "type": "string",
                    "value": "ecs-moodle-stack-moodlevpcflowlogtocloudwatchLogGroup436624C1-M29o0UpVQcup"
                },
                "aws_cloudwatch_log_group_tfer--ecs-moodle-stack-moodlevpcflowlogtocloudwatchLogGroup436624C1-Mc3g0fLmyT8k_id": {
                    "sensitive": false,
                    "type": "string",
                    "value": "ecs-moodle-stack-moodlevpcflowlogtocloudwatchLogGroup436624C1-Mc3g0fLmyT8k"
                },
                "aws_cloudwatch_log_group_tfer--ecs-moodle-stack-moodlevpcflowlogtocloudwatchLogGroup436624C1-P3CdjNPv4FRD_id": {
                    "sensitive": false,
                    "type": "string",
                    "value": "ecs-moodle-stack-moodlevpcflowlogtocloudwatchLogGroup436624C1-P3CdjNPv4FRD"
                },
                "aws_cloudwatch_log_group_tfer--ecs-moodle-stack-moodlevpcflowlogtocloudwatchLogGroup436624C1-UF9QCFxUHymW_id": {
                    "sensitive": false,
                    "type": "string",
                    "value": "ecs-moodle-stack-moodlevpcflowlogtocloudwatchLogGroup436624C1-UF9QCFxUHymW"
                },
                "aws_cloudwatch_log_group_tfer--ecs-moodle-stack-moodlevpcflowlogtocloudwatchLogGroup436624C1-Xb0orcBt1m66_id": {
                    "sensitive": false,
                    "type": "string",
                    "value": "ecs-moodle-stack-moodlevpcflowlogtocloudwatchLogGroup436624C1-Xb0orcBt1m66"
                },
                "aws_cloudwatch_log_group_tfer--ecs-moodle-stack-moodlevpcflowlogtocloudwatchLogGroup436624C1-haBoC30WLOR7_id": {
                    "sensitive": false,
                    "type": "string",
                    "value": "ecs-moodle-stack-moodlevpcflowlogtocloudwatchLogGroup436624C1-haBoC30WLOR7"
                },
                "aws_cloudwatch_log_group_tfer--ecs-moodle-stack-moodlevpcflowlogtocloudwatchLogGroup436624C1-iQ4NwpBHe8E0_id": {
                    "sensitive": false,
                    "type": "string",
                    "value": "ecs-moodle-stack-moodlevpcflowlogtocloudwatchLogGroup436624C1-iQ4NwpBHe8E0"
                },
                "aws_cloudwatch_log_group_tfer--ecs-moodle-stack-moodlevpcflowlogtocloudwatchLogGroup436624C1-izUMFr1lDDMy_id": {
                    "sensitive": false,
                    "type": "string",
                    "value": "ecs-moodle-stack-moodlevpcflowlogtocloudwatchLogGroup436624C1-izUMFr1lDDMy"
                },
                "aws_cloudwatch_log_group_tfer--ecs-moodle-stack-moodlevpcflowlogtocloudwatchLogGroup436624C1-ljKtOFer7mhX_id": {
                    "sensitive": false,
                    "type": "string",
                    "value": "ecs-moodle-stack-moodlevpcflowlogtocloudwatchLogGroup436624C1-ljKtOFer7mhX"
                },
                "aws_cloudwatch_log_group_tfer--ecs-moodle-stack-moodlevpcflowlogtocloudwatchLogGroup436624C1-qgyop7MLTlS9_id": {
                    "sensitive": false,
                    "type": "string",
                    "value": "ecs-moodle-stack-moodlevpcflowlogtocloudwatchLogGroup436624C1-qgyop7MLTlS9"
                },
                "aws_cloudwatch_log_group_tfer--ecs-moodle-stack-moodlevpcflowlogtocloudwatchLogGroup436624C1-vG3wGoqpazxT_id": {
                    "sensitive": false,
                    "type": "string",
                    "value": "ecs-moodle-stack-moodlevpcflowlogtocloudwatchLogGroup436624C1-vG3wGoqpazxT"
                },
                "aws_cloudwatch_log_group_tfer--ecs-moodle-stack-moodlevpcflowlogtocloudwatchLogGroup436624C1-w8Pn1mIYrJrP_id": {
                    "sensitive": false,
                    "type": "string",
                    "value": "ecs-moodle-stack-moodlevpcflowlogtocloudwatchLogGroup436624C1-w8Pn1mIYrJrP"
                },
                "aws_db_instance_tfer--ecs-moodle-stack-moodledbeac964eb-dieyltplqxbv_id": {
                    "sensitive": false,
                    "type": "string",
                    "value": "db-W7OILNWE4ADZ2KW7EZ2L5ZI3B4"
                },
                "aws_db_snapshot_tfer--ecs-moodle-stack-snapshot-moodledbeac964eb-gcbcuulhym2w_id": {
                    "sensitive": false,
                    "type": "string",
                    "value": "ecs-moodle-stack-snapshot-moodledbeac964eb-gcbcuulhym2w"
                },
                "aws_db_snapshot_tfer--ecs-moodle-stack-snapshot-moodledbeac964eb-kjaf5wtcd9tg_id": {
                    "sensitive": false,
                    "type": "string",
                    "value": "ecs-moodle-stack-snapshot-moodledbeac964eb-kjaf5wtcd9tg"
                },
                "aws_db_snapshot_tfer--ecs-moodle-stack-snapshot-moodledbeac964eb-lyiijacal7iu_id": {
                    "sensitive": false,
                    "type": "string",
                    "value": "ecs-moodle-stack-snapshot-moodledbeac964eb-lyiijacal7iu"
                },
                "aws_db_snapshot_tfer--ecs-moodle-stack-snapshot-moodledbeac964eb-v11ppsumnwd5_id": {
                    "sensitive": false,
                    "type": "string",
                    "value": "ecs-moodle-stack-snapshot-moodledbeac964eb-v11ppsumnwd5"
                },
                "aws_db_snapshot_tfer--ecs-moodle-stack-snapshot-moodledbeac964eb-wevtqiacbuqa_id": {
                    "sensitive": false,
                    "type": "string",
                    "value": "ecs-moodle-stack-snapshot-moodledbeac964eb-wevtqiacbuqa"
                },
                "aws_db_snapshot_tfer--rds-003A-ecs-moodle-stack-moodledbeac964eb-dieyltplqxbv-2024-06-10-20-14_id": {
                    "sensitive": false,
                    "type": "string",
                    "value": "rds:ecs-moodle-stack-moodledbeac964eb-dieyltplqxbv-2024-06-10-20-14"
                },
                "aws_db_subnet_group_tfer--ecs-moodle-stack-moodledbsubnetgroup5287029b-nnueh8csibrs_id": {
                    "sensitive": false,
                    "type": "string",
                    "value": "ecs-moodle-stack-moodledbsubnetgroup5287029b-nnueh8csibrs"
                },
                "aws_docdb_subnet_group_tfer--ecs-moodle-stack-moodledbsubnetgroup5287029b-nnueh8csibrs_id": {
                    "sensitive": false,
                    "type": "string",
                    "value": "ecs-moodle-stack-moodledbsubnetgroup5287029b-nnueh8csibrs"
                },
                "aws_ecs_cluster_tfer--moodle-ecs-cluster_id": {
                    "sensitive": false,
                    "type": "string",
                    "value": "arn:aws:ecs:us-east-1:760578178066:cluster/moodle-ecs-cluster"
                },
                "aws_ecs_service_tfer--moodle-ecs-cluster_ecs-moodle-stack-moodleserviceService319611B4-ZxjnONJLXqsg_id": {
                    "sensitive": false,
                    "type": "string",
                    "value": "arn:aws:ecs:us-east-1:760578178066:service/moodle-ecs-cluster/ecs-moodle-stack-moodleserviceService319611B4-ZxjnONJLXqsg"
                },
                "aws_ecs_task_definition_tfer--task-definition-002F-ecsmoodlestackmoodletaskdef3B550A0F_id": {
                    "sensitive": false,
                    "type": "string",
                    "value": "ecsmoodlestackmoodletaskdef3B550A0F"
                },
                "aws_efs_access_point_tfer--fsap-005f62f923330b87b_id": {
                    "sensitive": false,
                    "type": "string",
                    "value": "fsap-005f62f923330b87b"
                },
                "aws_efs_file_system_tfer--fs-08bfdfe128a3535c7_id": {
                    "sensitive": false,
                    "type": "string",
                    "value": "fs-08bfdfe128a3535c7"
                },
                "aws_eip_tfer--eipalloc-0853ab4cdfb9a6470_id": {
                    "sensitive": false,
                    "type": "string",
                    "value": "eipalloc-0853ab4cdfb9a6470"
                },
                "aws_eip_tfer--eipalloc-08ae0a66a7da8945c_id": {
                    "sensitive": false,
                    "type": "string",
                    "value": "eipalloc-08ae0a66a7da8945c"
                },
                "aws_elasticache_cluster_tfer--ecm10h30gupkcnw7-001_id": {
                    "sensitive": false,
                    "type": "string",
                    "value": "ecm10h30gupkcnw7-001"
                },
                "aws_elasticache_cluster_tfer--ecm10h30gupkcnw7-002_id": {
                    "sensitive": false,
                    "type": "string",
                    "value": "ecm10h30gupkcnw7-002"
                },
                "aws_elasticache_replication_group_tfer--ecm10h30gupkcnw7_id": {
                    "sensitive": false,
                    "type": "string",
                    "value": "ecm10h30gupkcnw7"
                },
                "aws_elasticache_subnet_group_tfer--ecsmoodlestack-redis-subnet-group_id": {
                    "sensitive": false,
                    "type": "string",
                    "value": "ecsmoodlestack-redis-subnet-group"
                },
                "aws_iam_role_tfer--ecs-moodle-stack-AWS679f53fac002430cb0da5b7982bd228-iKIg5ZEIN22C_id": {
                    "sensitive": false,
                    "type": "string",
                    "value": "ecs-moodle-stack-AWS679f53fac002430cb0da5b7982bd228-iKIg5ZEIN22C"
                },
                "aws_iam_role_tfer--ecs-moodle-stack-moodletaskdefExecutionRole4692C07D-4SIBCTeYO9Zh_id": {
                    "sensitive": false,
                    "type": "string",
                    "value": "ecs-moodle-stack-moodletaskdefExecutionRole4692C07D-4SIBCTeYO9Zh"
                },
                "aws_iam_role_tfer--ecs-moodle-stack-moodletaskdefTaskRoleD0BAB4BB-IuDhbMkbmPWT_id": {
                    "sensitive": false,
                    "type": "string",
                    "value": "ecs-moodle-stack-moodletaskdefTaskRoleD0BAB4BB-IuDhbMkbmPWT"
                },
                "aws_iam_role_tfer--ecs-moodle-stack-moodlevpcflowlogtocloudwatchIAMRol-AX4VEbyeS0x1_id": {
                    "sensitive": false,
                    "type": "string",
                    "value": "ecs-moodle-stack-moodlevpcflowlogtocloudwatchIAMRol-AX4VEbyeS0x1"
                },
                "aws_internet_gateway_tfer--igw-0513db42f3c5554eb_id": {
                    "sensitive": false,
                    "type": "string",
                    "value": "igw-0513db42f3c5554eb"
                },
                "aws_lb_target_group_tfer--ecs-mo-moodl-RV7MRCBPBAZ6_id": {
                    "sensitive": false,
                    "type": "string",
                    "value": "arn:aws:elasticloadbalancing:us-east-1:760578178066:targetgroup/ecs-mo-moodl-RV7MRCBPBAZ6/153cfb21d83092b7"
                },
                "aws_lb_tfer--moodle-ecs-alb_id": {
                    "sensitive": false,
                    "type": "string",
                    "value": "arn:aws:elasticloadbalancing:us-east-1:760578178066:loadbalancer/app/moodle-ecs-alb/cd6f0420c6e1347f"
                },
                "aws_nat_gateway_tfer--nat-02ede3d54be695fe8_id": {
                    "sensitive": false,
                    "type": "string",
                    "value": "nat-02ede3d54be695fe8"
                },
                "aws_nat_gateway_tfer--nat-06af11a6afb6cf6c3_id": {
                    "sensitive": false,
                    "type": "string",
                    "value": "nat-06af11a6afb6cf6c3"
                },
                "aws_route_table_tfer--rtb-05b6bf2f20daa5372_id": {
                    "sensitive": false,
                    "type": "string",
                    "value": "rtb-05b6bf2f20daa5372"
                },
                "aws_route_table_tfer--rtb-09a223a0a4af3c550_id": {
                    "sensitive": false,
                    "type": "string",
                    "value": "rtb-09a223a0a4af3c550"
                },
                "aws_route_table_tfer--rtb-0a87aca650d73dc0b_id": {
                    "sensitive": false,
                    "type": "string",
                    "value": "rtb-0a87aca650d73dc0b"
                },
                "aws_route_table_tfer--rtb-0c6715496c0e43e13_id": {
                    "sensitive": false,
                    "type": "string",
                    "value": "rtb-0c6715496c0e43e13"
                },
                "aws_s3_bucket_tfer--ecs-moodle-stack-cloudtrailbucket4e585f26-5onp6e9ytqcx_id": {
                    "sensitive": false,
                    "type": "string",
                    "value": "ecs-moodle-stack-cloudtrailbucket4e585f26-5onp6e9ytqcx"
                },
                "aws_s3_bucket_tfer--ecs-moodle-stack-cloudtrailbucket4e585f26-e3ehpqfxayq8_id": {
                    "sensitive": false,
                    "type": "string",
                    "value": "ecs-moodle-stack-cloudtrailbucket4e585f26-e3ehpqfxayq8"
                },
                "aws_s3_bucket_tfer--ecs-moodle-stack-cloudtrailbucket4e585f26-fgxpkayndlup_id": {
                    "sensitive": false,
                    "type": "string",
                    "value": "ecs-moodle-stack-cloudtrailbucket4e585f26-fgxpkayndlup"
                },
                "aws_s3_bucket_tfer--ecs-moodle-stack-cloudtrailbucket4e585f26-fz38boyjvxqb_id": {
                    "sensitive": false,
                    "type": "string",
                    "value": "ecs-moodle-stack-cloudtrailbucket4e585f26-fz38boyjvxqb"
                },
                "aws_s3_bucket_tfer--ecs-moodle-stack-cloudtrailbucket4e585f26-gwsigcrn9msr_id": {
                    "sensitive": false,
                    "type": "string",
                    "value": "ecs-moodle-stack-cloudtrailbucket4e585f26-gwsigcrn9msr"
                },
                "aws_s3_bucket_tfer--ecs-moodle-stack-cloudtrailbucket4e585f26-iubxb1iofhxm_id": {
                    "sensitive": false,
                    "type": "string",
                    "value": "ecs-moodle-stack-cloudtrailbucket4e585f26-iubxb1iofhxm"
                },
                "aws_s3_bucket_tfer--ecs-moodle-stack-cloudtrailbucket4e585f26-jejxdrsqegt3_id": {
                    "sensitive": false,
                    "type": "string",
                    "value": "ecs-moodle-stack-cloudtrailbucket4e585f26-jejxdrsqegt3"
                },
                "aws_s3_bucket_tfer--ecs-moodle-stack-cloudtrailbucket4e585f26-lt9xcjljlqes_id": {
                    "sensitive": false,
                    "type": "string",
                    "value": "ecs-moodle-stack-cloudtrailbucket4e585f26-lt9xcjljlqes"
                },
                "aws_s3_bucket_tfer--ecs-moodle-stack-cloudtrailbucket4e585f26-pkh1otz9o3f4_id": {
                    "sensitive": false,
                    "type": "string",
                    "value": "ecs-moodle-stack-cloudtrailbucket4e585f26-pkh1otz9o3f4"
                },
                "aws_s3_bucket_tfer--ecs-moodle-stack-cloudtrailbucket4e585f26-qhkho2njrvmn_id": {
                    "sensitive": false,
                    "type": "string",
                    "value": "ecs-moodle-stack-cloudtrailbucket4e585f26-qhkho2njrvmn"
                },
                "aws_s3_bucket_tfer--ecs-moodle-stack-cloudtrailbucket4e585f26-qkk2gbumrfkh_id": {
                    "sensitive": false,
                    "type": "string",
                    "value": "ecs-moodle-stack-cloudtrailbucket4e585f26-qkk2gbumrfkh"
                },
                "aws_s3_bucket_tfer--ecs-moodle-stack-cloudtrailbucket4e585f26-r6rd44srnfnf_id": {
                    "sensitive": false,
                    "type": "string",
                    "value": "ecs-moodle-stack-cloudtrailbucket4e585f26-r6rd44srnfnf"
                },
                "aws_s3_bucket_tfer--ecs-moodle-stack-cloudtrailbucket4e585f26-sxcb3dhomucu_id": {
                    "sensitive": false,
                    "type": "string",
                    "value": "ecs-moodle-stack-cloudtrailbucket4e585f26-sxcb3dhomucu"
                },
                "aws_s3_bucket_tfer--ecs-moodle-stack-cloudtrailbucket4e585f26-uguvywxwtakj_id": {
                    "sensitive": false,
                    "type": "string",
                    "value": "ecs-moodle-stack-cloudtrailbucket4e585f26-uguvywxwtakj"
                },
                "aws_secretsmanager_secret_tfer--ecsmoodlestackmoodledbSecre-s0pgWDdMMv8G_id": {
                    "sensitive": false,
                    "type": "string",
                    "value": "arn:aws:secretsmanager:us-east-1:760578178066:secret:ecsmoodlestackmoodledbSecre-s0pgWDdMMv8G-gXKeUq"
                },
                "aws_secretsmanager_secret_tfer--moodlepasswordsecret585482A-Tq2nCfOkm6Gw_id": {
                    "sensitive": false,
                    "type": "string",
                    "value": "arn:aws:secretsmanager:us-east-1:760578178066:secret:moodlepasswordsecret585482A-Tq2nCfOkm6Gw-cyRfec"
                },
                "aws_security_group_tfer--ecs-moodle-stack-moodlealbSecurityGroup1390F35A-mbO9B3nJ1fp8_sg-06972abbf704b850c_id": {
                    "sensitive": false,
                    "type": "string",
                    "value": "sg-06972abbf704b850c"
                },
                "aws_security_group_tfer--ecs-moodle-stack-moodledbSecurityGroup0DFA55B1-uzhn0ywAveWZ_sg-04e6aeb8ab918f9ee_id": {
                    "sensitive": false,
                    "type": "string",
                    "value": "sg-04e6aeb8ab918f9ee"
                },
                "aws_security_group_tfer--ecs-moodle-stack-moodleefsEfsSecurityGroup623A28C8-DNT6MF2iaEHU_sg-0b69ea22124e55949_id": {
                    "sensitive": false,
                    "type": "string",
                    "value": "sg-0b69ea22124e55949"
                },
                "aws_security_group_tfer--ecs-moodle-stack-moodleredissgEE874356-uAF4mGI3n6r1_sg-04b9ee4e4f6d5e764_id": {
                    "sensitive": false,
                    "type": "string",
                    "value": "sg-04b9ee4e4f6d5e764"
                },
                "aws_security_group_tfer--ecs-moodle-stack-moodleserviceSecurityGroup1CC37159-DmiZyV4zwats_sg-0c4224117102bdc83_id": {
                    "sensitive": false,
                    "type": "string",
                    "value": "sg-0c4224117102bdc83"
                },
                "aws_security_group_tfer--ecs-moodle-stack-moodlevpcecrvpcendpointSecurityGroup70984AF4-3DntSAeG8vPU_sg-014f223513cfffd7d_id": {
                    "sensitive": false,
                    "type": "string",
                    "value": "sg-014f223513cfffd7d"
                },
                "aws_sns_topic_tfer--ecs-moodle-stack-rdseventsubscriptiontopicFF8A7653-1ADxG6BDSMW7_id": {
                    "sensitive": false,
                    "type": "string",
                    "value": "arn:aws:sns:us-east-1:760578178066:ecs-moodle-stack-rdseventsubscriptiontopicFF8A7653-1ADxG6BDSMW7"
                },
                "aws_ssm_parameter_tfer--cf-waf-web-acl-arn_id": {
                    "sensitive": false,
                    "type": "string",
                    "value": "cf-waf-web-acl-arn"
                },
                "aws_subnet_tfer--subnet-01ac82a06964d45ab_id": {
                    "sensitive": false,
                    "type": "string",
                    "value": "subnet-01ac82a06964d45ab"
                },
                "aws_subnet_tfer--subnet-042ba429fbd7e8a0c_id": {
                    "sensitive": false,
                    "type": "string",
                    "value": "subnet-042ba429fbd7e8a0c"
                },
                "aws_subnet_tfer--subnet-0d48a875c919a750b_id": {
                    "sensitive": false,
                    "type": "string",
                    "value": "subnet-0d48a875c919a750b"
                },
                "aws_subnet_tfer--subnet-0ddf805179c90a1fc_id": {
                    "sensitive": false,
                    "type": "string",
                    "value": "subnet-0ddf805179c90a1fc"
                },
                "aws_vpc_tfer--vpc-08859779ddbba6ede_id": {
                    "sensitive": false,
                    "type": "string",
                    "value": "vpc-08859779ddbba6ede"
                },
                "aws_wafv2_web_acl_tfer--moodle-cf-waf-acl_5a106c62_id": {
                    "sensitive": false,
                    "type": "string",
                    "value": "5a106c62-3523-46db-b023-626652a2626f"
                }
            },
            "resources": {
                "aws_cloudformation_stack.tfer--cloudfront-waf-web-acl-stack": {
                    "type": "aws_cloudformation_stack",
                    "depends_on": [],
                    "primary": {
                        "id": "arn:aws:cloudformation:us-east-1:760578178066:stack/cloudfront-waf-web-acl-stack/fa132920-2763-11ef-8a2f-0e1302f2b6f9",
                        "attributes": {
                            "capabilities.#": "3",
                            "capabilities.0": "CAPABILITY_AUTO_EXPAND",
                            "capabilities.1": "CAPABILITY_IAM",
                            "capabilities.2": "CAPABILITY_NAMED_IAM",
                            "disable_rollback": "false",
                            "iam_role_arn": "arn:aws:iam::760578178066:role/cdk-hnb659fds-cfn-exec-role-760578178066-us-east-1",
                            "id": "arn:aws:cloudformation:us-east-1:760578178066:stack/cloudfront-waf-web-acl-stack/fa132920-2763-11ef-8a2f-0e1302f2b6f9",
                            "name": "cloudfront-waf-web-acl-stack",
                            "outputs.%": "1",
                            "outputs.CLOUDFRONTWAFWEBACLARN": "arn:aws:wafv2:us-east-1:760578178066:global/webacl/moodle-cf-waf-acl/5a106c62-3523-46db-b023-626652a2626f",
                            "parameters.%": "0",
                            "tags.%": "1",
                            "tags.use": "terraformer",
                            "tags_all.%": "1",
                            "tags_all.use": "terraformer",
                            "template_body": "{\"Outputs\":{\"CLOUDFRONTWAFWEBACLARN\":{\"Value\":{\"Fn::GetAtt\":[\"cfwaf\",\"Arn\"]}}},\"Parameters\":{\"BootstrapVersion\":{\"Default\":\"/cdk-bootstrap/hnb659fds/version\",\"Description\":\"Version of the CDK Bootstrap resources in this environment, automatically retrieved from SSM Parameter Store. [cdk:skip]\",\"Type\":\"AWS::SSM::Parameter::Value\\u003cString\\u003e\"}},\"Resources\":{\"CDKMetadata\":{\"Metadata\":{\"aws:cdk:path\":\"cloudfront-waf-web-acl-stack/CDKMetadata/Default\"},\"Properties\":{\"Analytics\":\"v2:deflate64:H4sIAAAAAAAA/z2JsQ7CIBQAv6U7PJGY6GpYTTR1cDSUPgytUMODMjT8uyEmTneXk3A6guh0IW7Gmb/dANs9aTMzXei5FW1XCcqGBw5ndWFEvv3owuumo/aYMDJlwz9qbXnN6ZNTsx5pydFgZWEZESbarVLA/gCim8g5HnNIziP0P34Bz62tAo8AAAA=\"},\"Type\":\"AWS::CDK::Metadata\"},\"cfwaf\":{\"Metadata\":{\"aws:cdk:path\":\"cloudfront-waf-web-acl-stack/cf-waf\"},\"Properties\":{\"DefaultAction\":{\"Allow\":{}},\"Description\":\"Web ACL for Moodle CloudFront\",\"Name\":\"moodle-cf-waf-acl\",\"Rules\":[{\"Name\":\"AWS-AWSManagedRulesAmazonIpReputationList\",\"OverrideAction\":{\"None\":{}},\"Priority\":0,\"Statement\":{\"ManagedRuleGroupStatement\":{\"ExcludedRules\":[],\"Name\":\"AWSManagedRulesAmazonIpReputationList\",\"VendorName\":\"AWS\"}},\"VisibilityConfig\":{\"CloudWatchMetricsEnabled\":true,\"MetricName\":\"AWS-AWSManagedRulesAmazonIpReputationList-metrics\",\"SampledRequestsEnabled\":true}}],\"Scope\":\"CLOUDFRONT\",\"Tags\":[{\"Key\":\"use\",\"Value\":\"terraformer\"}],\"VisibilityConfig\":{\"CloudWatchMetricsEnabled\":true,\"MetricName\":\"moodle-waf-metrics\",\"SampledRequestsEnabled\":true}},\"Type\":\"AWS::WAFv2::WebACL\"},\"cfwafwebaclarnssmparamD31AC3E9\":{\"Metadata\":{\"aws:cdk:path\":\"cloudfront-waf-web-acl-stack/cf-waf-web-acl-arn-ssm-param/Resource\"},\"Properties\":{\"Description\":\"The WAFv2 Web ACL used for CloudFront for Moodle\",\"Name\":\"cf-waf-web-acl-arn\",\"Tags\":{\"use\":\"terraformer\"},\"Type\":\"String\",\"Value\":{\"Fn::GetAtt\":[\"cfwaf\",\"Arn\"]}},\"Type\":\"AWS::SSM::Parameter\"}},\"Rules\":{\"CheckBootstrapVersion\":{\"Assertions\":[{\"Assert\":{\"Fn::Not\":[{\"Fn::Contains\":[[\"1\",\"2\",\"3\",\"4\",\"5\"],{\"Ref\":\"BootstrapVersion\"}]}]},\"AssertDescription\":\"CDK bootstrap stack version 6 required. Please run 'cdk bootstrap' with a recent version of the CDK CLI.\"}]}}}",
                            "timeout_in_minutes": "0"
                        },
                        "meta": {
                            "schema_version": 0
                        },
                        "tainted": false
                    },
                    "deposed": [],
                    "provider": "provider.aws"
                },
                "aws_cloudformation_stack.tfer--ecs-moodle-stack": {
                    "type": "aws_cloudformation_stack",
                    "depends_on": [],
                    "primary": {
                        "id": "arn:aws:cloudformation:us-east-1:760578178066:stack/ecs-moodle-stack/1a4a6230-2764-11ef-844b-0e51da8e5121",
                        "attributes": {
                            "capabilities.#": "3",
                            "capabilities.0": "CAPABILITY_AUTO_EXPAND",
                            "capabilities.1": "CAPABILITY_IAM",
                            "capabilities.2": "CAPABILITY_NAMED_IAM",
                            "disable_rollback": "false",
                            "iam_role_arn": "arn:aws:iam::760578178066:role/cdk-hnb659fds-cfn-exec-role-760578178066-us-east-1",
                            "id": "arn:aws:cloudformation:us-east-1:760578178066:stack/ecs-moodle-stack/1a4a6230-2764-11ef-844b-0e51da8e5121",
                            "name": "ecs-moodle-stack",
                            "outputs.%": "9",
                            "outputs.APPLICATIONLOADBALANCERDNSNAME": "moodle-ecs-alb-470398127.us-east-1.elb.amazonaws.com",
                            "outputs.CLOUDFRONTDNSNAME": "d2d2f4uu9iurih.cloudfront.net",
                            "outputs.ECSCLUSTERNAME": "moodle-ecs-cluster",
                            "outputs.ECSVPCID": "vpc-08859779ddbba6ede",
                            "outputs.MOODLECLOUDFRONTDISTID": "EDBP7IYT7GVVK",
                            "outputs.MOODLEPASSWORDSECRETARN": "arn:aws:secretsmanager:us-east-1:760578178066:secret:moodlepasswordsecret585482A-Tq2nCfOkm6Gw-cyRfec",
                            "outputs.MOODLEREDISPRIMARYENDPOINTADDRESSANDPORT": "ecm10h30gupkcnw7.0pix6n.ng.0001.use1.cache.amazonaws.com:6379",
                            "outputs.MOODLESERVICENAME": "ecs-moodle-stack-moodleserviceService319611B4-ZxjnONJLXqsg",
                            "outputs.MOODLEUSERNAME": "moodleadmin",
                            "parameters.%": "0",
                            "tags.%": "1",
                            "tags.use": "terraformer",
                            "tags_all.%": "1",
                            "tags_all.use": "terraformer",
                            "template_body": "{\"Conditions\":{\"CDKMetadataAvailable\":{\"Fn::Or\":[{\"Fn::Or\":[{\"Fn::Equals\":[{\"Ref\":\"AWS::Region\"},\"af-south-1\"]},{\"Fn::Equals\":[{\"Ref\":\"AWS::Region\"},\"ap-east-1\"]},{\"Fn::Equals\":[{\"Ref\":\"AWS::Region\"},\"ap-northeast-1\"]},{\"Fn::Equals\":[{\"Ref\":\"AWS::Region\"},\"ap-northeast-2\"]},{\"Fn::Equals\":[{\"Ref\":\"AWS::Region\"},\"ap-south-1\"]},{\"Fn::Equals\":[{\"Ref\":\"AWS::Region\"},\"ap-southeast-1\"]},{\"Fn::Equals\":[{\"Ref\":\"AWS::Region\"},\"ap-southeast-2\"]},{\"Fn::Equals\":[{\"Ref\":\"AWS::Region\"},\"ca-central-1\"]},{\"Fn::Equals\":[{\"Ref\":\"AWS::Region\"},\"cn-north-1\"]},{\"Fn::Equals\":[{\"Ref\":\"AWS::Region\"},\"cn-northwest-1\"]}]},{\"Fn::Or\":[{\"Fn::Equals\":[{\"Ref\":\"AWS::Region\"},\"eu-central-1\"]},{\"Fn::Equals\":[{\"Ref\":\"AWS::Region\"},\"eu-north-1\"]},{\"Fn::Equals\":[{\"Ref\":\"AWS::Region\"},\"eu-south-1\"]},{\"Fn::Equals\":[{\"Ref\":\"AWS::Region\"},\"eu-west-1\"]},{\"Fn::Equals\":[{\"Ref\":\"AWS::Region\"},\"eu-west-2\"]},{\"Fn::Equals\":[{\"Ref\":\"AWS::Region\"},\"eu-west-3\"]},{\"Fn::Equals\":[{\"Ref\":\"AWS::Region\"},\"me-south-1\"]},{\"Fn::Equals\":[{\"Ref\":\"AWS::Region\"},\"sa-east-1\"]},{\"Fn::Equals\":[{\"Ref\":\"AWS::Region\"},\"us-east-1\"]},{\"Fn::Equals\":[{\"Ref\":\"AWS::Region\"},\"us-east-2\"]}]},{\"Fn::Or\":[{\"Fn::Equals\":[{\"Ref\":\"AWS::Region\"},\"us-west-1\"]},{\"Fn::Equals\":[{\"Ref\":\"AWS::Region\"},\"us-west-2\"]}]}]}},\"Outputs\":{\"APPLICATIONLOADBALANCERDNSNAME\":{\"Value\":{\"Fn::GetAtt\":[\"moodlealbE438512E\",\"DNSName\"]}},\"CLOUDFRONTDNSNAME\":{\"Value\":{\"Fn::GetAtt\":[\"moodleecsdistF1BF09A9\",\"DomainName\"]}},\"ECSCLUSTERNAME\":{\"Value\":{\"Ref\":\"ecscluster7830E7B5\"}},\"ECSVPCID\":{\"Value\":{\"Ref\":\"moodlevpcBC9D4C73\"}},\"MOODLECLOUDFRONTDISTID\":{\"Value\":{\"Ref\":\"moodleecsdistF1BF09A9\"}},\"MOODLEPASSWORDSECRETARN\":{\"Value\":{\"Ref\":\"moodlepasswordsecret585482A0\"}},\"MOODLEREDISPRIMARYENDPOINTADDRESSANDPORT\":{\"Value\":{\"Fn::Join\":[\"\",[{\"Fn::GetAtt\":[\"moodleredis\",\"PrimaryEndPoint.Address\"]},\":\",{\"Fn::GetAtt\":[\"moodleredis\",\"PrimaryEndPoint.Port\"]}]]}},\"MOODLESERVICENAME\":{\"Value\":{\"Fn::GetAtt\":[\"moodleserviceService319611B4\",\"Name\"]}},\"MOODLEUSERNAME\":{\"Value\":\"moodleadmin\"}},\"Parameters\":{\"BootstrapVersion\":{\"Default\":\"/cdk-bootstrap/hnb659fds/version\",\"Description\":\"Version of the CDK Bootstrap resources in this environment, automatically retrieved from SSM Parameter Store. [cdk:skip]\",\"Type\":\"AWS::SSM::Parameter::Value\\u003cString\\u003e\"}},\"Resources\":{\"AWS679f53fac002430cb0da5b7982bd22872D164C4C\":{\"DependsOn\":[\"AWS679f53fac002430cb0da5b7982bd2287ServiceRoleC1EA0FF2\"],\"Metadata\":{\"aws:asset:is-bundled\":false,\"aws:asset:path\":\"asset.d62cd506a0f4ef6a29d7a97e2a02d80bc8248142ce428543cfbf0d84b3c116a2\",\"aws:asset:property\":\"Code\",\"aws:cdk:path\":\"ecs-moodle-stack/AWS679f53fac002430cb0da5b7982bd2287/Resource\"},\"Properties\":{\"Code\":{\"S3Bucket\":{\"Fn::Sub\":\"cdk-hnb659fds-assets-${AWS::AccountId}-${AWS::Region}\"},\"S3Key\":\"d62cd506a0f4ef6a29d7a97e2a02d80bc8248142ce428543cfbf0d84b3c116a2.zip\"},\"Handler\":\"index.handler\",\"Role\":{\"Fn::GetAtt\":[\"AWS679f53fac002430cb0da5b7982bd2287ServiceRoleC1EA0FF2\",\"Arn\"]},\"Runtime\":\"nodejs18.x\",\"Tags\":[{\"Key\":\"use\",\"Value\":\"terraformer\"}],\"Timeout\":120},\"Type\":\"AWS::Lambda::Function\"},\"AWS679f53fac002430cb0da5b7982bd2287ServiceRoleC1EA0FF2\":{\"Metadata\":{\"aws:cdk:path\":\"ecs-moodle-stack/AWS679f53fac002430cb0da5b7982bd2287/ServiceRole/Resource\"},\"Properties\":{\"AssumeRolePolicyDocument\":{\"Statement\":[{\"Action\":\"sts:AssumeRole\",\"Effect\":\"Allow\",\"Principal\":{\"Service\":\"lambda.amazonaws.com\"}}],\"Version\":\"2012-10-17\"},\"ManagedPolicyArns\":[{\"Fn::Join\":[\"\",[\"arn:\",{\"Ref\":\"AWS::Partition\"},\":iam::aws:policy/service-role/AWSLambdaBasicExecutionRole\"]]}],\"Tags\":[{\"Key\":\"use\",\"Value\":\"terraformer\"}]},\"Type\":\"AWS::IAM::Role\"},\"CDKMetadata\":{\"Condition\":\"CDKMetadataAvailable\",\"Metadata\":{\"aws:cdk:path\":\"ecs-moodle-stack/CDKMetadata/Default\"},\"Properties\":{\"Analytics\":\"v2:deflate64:H4sIAAAAAAAA/2VUTW/bMAz9LburWtcN2K75aIcC3RbEQa8FLTMeF0UyRCpBYPi/D7Ic22lPfHwiRYqP0IP+8V3ff4Iz35nqcGep1G0hYA4KzvzW8lfdLqM5oKjV3g0om423ZC4TPfjZWQJjp4z1sZIAZHW7SyZF96BTaB50+9qYRL1uVmoTS0umiKXLtSa09VFwB6XFiZ+4BbM3BELejcEJPD5vkvkN8hMEz3BRm0AnEJwufnaCweEYkDsZvIUImL9HdKKerD+/+DqdX2GfugeDr415dFXjyYkq0MRAcvkZfGz6Xt8Tr5vVGD3UmV/wPuXZ1QGZP/CPPd0pgqNutz4PpreTKBl1yvqadfvi67GJK04asG5XNrJgSCcf4QoaMCSXTfAnqjDMps3qCUINSQY+rHFPjq4ivGe8EyCHYcYNuQWGE5ks7AALAzYJmy5Z+eikU6Fi3a5BoATGZ8cCLgX2Qo7PWi/nxDW6QBOy2uvlmJnW44ROiliyCdSkjjrFfSgfwUGNQbd56ik7mx2EGmW2F2PAh5NMd4od63bnG+rXPIN50WGhZ03gnnX7RBaLCwse+5278X6lkeSCamEMMm+uuzNzO4UWWMiA+Yv5KbfT2mJjyfRCDssAzchAFM8GLLlat5Mefc101S2TzS6AOZCri5w3LeINMfZlPVQlWHCGXH160O1iKv/ioVr2Z3kXb/x5HLGgG2KueHaeGxufPHM7ZeFYVqDbglxtUbx7is7kzbyCNPoBd4q/vgEzCutFMvlr2wfvRLdrYglUxmvW3O86tUX2MRhUJrL441sYfNaLM696bgx57yahBtzXLQRqcv1X9CdKE3s9Vt5VlNt0vkL9jz+fHu71l2/6/tM/JroL0QkdUW+z/Q9e682s9AUAAA==\"},\"Type\":\"AWS::CDK::Metadata\"},\"cfwafwebaclarnssmparamreader5DB5C115\":{\"DeletionPolicy\":\"Delete\",\"DependsOn\":[\"cfwafwebaclarnssmparamreaderCustomResourcePolicy083D1F23\"],\"Metadata\":{\"aws:cdk:path\":\"ecs-moodle-stack/cf-waf-web-acl-arn-ssm-param-reader/Resource/Default\"},\"Properties\":{\"Create\":\"{\\\"service\\\":\\\"SSM\\\",\\\"action\\\":\\\"getParameter\\\",\\\"parameters\\\":{\\\"Name\\\":\\\"cf-waf-web-acl-arn\\\"},\\\"region\\\":\\\"us-east-1\\\",\\\"physicalResourceId\\\":{\\\"id\\\":\\\"1718049578256\\\"}}\",\"InstallLatestAwsSdk\":true,\"ServiceToken\":{\"Fn::GetAtt\":[\"AWS679f53fac002430cb0da5b7982bd22872D164C4C\",\"Arn\"]},\"Update\":\"{\\\"service\\\":\\\"SSM\\\",\\\"action\\\":\\\"getParameter\\\",\\\"parameters\\\":{\\\"Name\\\":\\\"cf-waf-web-acl-arn\\\"},\\\"region\\\":\\\"us-east-1\\\",\\\"physicalResourceId\\\":{\\\"id\\\":\\\"1718049578256\\\"}}\"},\"Type\":\"Custom::AWS\",\"UpdateReplacePolicy\":\"Delete\"},\"cfwafwebaclarnssmparamreaderCustomResourcePolicy083D1F23\":{\"Metadata\":{\"aws:cdk:path\":\"ecs-moodle-stack/cf-waf-web-acl-arn-ssm-param-reader/CustomResourcePolicy/Resource\"},\"Properties\":{\"PolicyDocument\":{\"Statement\":[{\"Action\":\"ssm:GetParameter\",\"Effect\":\"Allow\",\"Resource\":\"*\"}],\"Version\":\"2012-10-17\"},\"PolicyName\":\"cfwafwebaclarnssmparamreaderCustomResourcePolicy083D1F23\",\"Roles\":[{\"Ref\":\"AWS679f53fac002430cb0da5b7982bd2287ServiceRoleC1EA0FF2\"}]},\"Type\":\"AWS::IAM::Policy\"},\"cloudtrailbucket4E585F26\":{\"DeletionPolicy\":\"Retain\",\"Metadata\":{\"aws:cdk:path\":\"ecs-moodle-stack/cloudtrail-bucket/Resource\"},\"Properties\":{\"BucketEncryption\":{\"ServerSideEncryptionConfiguration\":[{\"ServerSideEncryptionByDefault\":{\"SSEAlgorithm\":\"AES256\"}}]},\"PublicAccessBlockConfiguration\":{\"BlockPublicAcls\":true,\"BlockPublicPolicy\":true,\"IgnorePublicAcls\":true,\"RestrictPublicBuckets\":true},\"Tags\":[{\"Key\":\"use\",\"Value\":\"terraformer\"}]},\"Type\":\"AWS::S3::Bucket\",\"UpdateReplacePolicy\":\"Retain\"},\"cloudtrailbucketPolicy484D0FE7\":{\"Metadata\":{\"aws:cdk:path\":\"ecs-moodle-stack/cloudtrail-bucket/Policy/Resource\"},\"Properties\":{\"Bucket\":{\"Ref\":\"cloudtrailbucket4E585F26\"},\"PolicyDocument\":{\"Statement\":[{\"Action\":\"s3:*\",\"Condition\":{\"Bool\":{\"aws:SecureTransport\":\"false\"}},\"Effect\":\"Deny\",\"Principal\":{\"AWS\":\"*\"},\"Resource\":[{\"Fn::GetAtt\":[\"cloudtrailbucket4E585F26\",\"Arn\"]},{\"Fn::Join\":[\"\",[{\"Fn::GetAtt\":[\"cloudtrailbucket4E585F26\",\"Arn\"]},\"/*\"]]}]},{\"Action\":\"s3:GetBucketAcl\",\"Effect\":\"Allow\",\"Principal\":{\"Service\":\"cloudtrail.amazonaws.com\"},\"Resource\":{\"Fn::GetAtt\":[\"cloudtrailbucket4E585F26\",\"Arn\"]}},{\"Action\":\"s3:PutObject\",\"Condition\":{\"StringEquals\":{\"s3:x-amz-acl\":\"bucket-owner-full-control\"}},\"Effect\":\"Allow\",\"Principal\":{\"Service\":\"cloudtrail.amazonaws.com\"},\"Resource\":{\"Fn::Join\":[\"\",[{\"Fn::GetAtt\":[\"cloudtrailbucket4E585F26\",\"Arn\"]},\"/AWSLogs/\",{\"Ref\":\"AWS::AccountId\"},\"/*\"]]}}],\"Version\":\"2012-10-17\"}},\"Type\":\"AWS::S3::BucketPolicy\"},\"cloudtrailtrail59842059\":{\"DependsOn\":[\"cloudtrailbucketPolicy484D0FE7\"],\"Metadata\":{\"aws:cdk:path\":\"ecs-moodle-stack/cloudtrail-trail/Resource\"},\"Properties\":{\"EnableLogFileValidation\":true,\"EventSelectors\":[],\"IncludeGlobalServiceEvents\":true,\"IsLogging\":true,\"IsMultiRegionTrail\":true,\"S3BucketName\":{\"Ref\":\"cloudtrailbucket4E585F26\"},\"Tags\":[{\"Key\":\"use\",\"Value\":\"terraformer\"}]},\"Type\":\"AWS::CloudTrail::Trail\"},\"ecscluster7830E7B5\":{\"Metadata\":{\"aws:cdk:path\":\"ecs-moodle-stack/ecs-cluster/Resource\"},\"Properties\":{\"ClusterName\":\"moodle-ecs-cluster\",\"ClusterSettings\":[{\"Name\":\"containerInsights\",\"Value\":\"enabled\"}],\"Tags\":[{\"Key\":\"use\",\"Value\":\"terraformer\"}]},\"Type\":\"AWS::ECS::Cluster\"},\"ecsclusterB48992C7\":{\"Metadata\":{\"aws:cdk:path\":\"ecs-moodle-stack/ecs-cluster/ecs-cluster\"},\"Properties\":{\"CapacityProviders\":[\"FARGATE\",\"FARGATE_SPOT\"],\"Cluster\":{\"Ref\":\"ecscluster7830E7B5\"},\"DefaultCapacityProviderStrategy\":[]},\"Type\":\"AWS::ECS::ClusterCapacityProviderAssociations\"},\"ecsmoodlestackmoodledbSecretDF9A532B38a0514b27838b1adcccf57602341508\":{\"DeletionPolicy\":\"Delete\",\"Metadata\":{\"aws:cdk:path\":\"ecs-moodle-stack/moodle-db/Secret/Resource\"},\"Properties\":{\"Description\":{\"Fn::Join\":[\"\",[\"Generated by the CDK for stack: \",{\"Ref\":\"AWS::StackName\"}]]},\"GenerateSecretString\":{\"ExcludeCharacters\":\"(\\\" %+~`#$\\u0026*()|[]{}:;\\u003c\\u003e?!'/^-,@_=\\\\\",\"GenerateStringKey\":\"password\",\"PasswordLength\":30,\"SecretStringTemplate\":\"{\\\"username\\\":\\\"dbadmin\\\"}\"},\"Tags\":[{\"Key\":\"use\",\"Value\":\"terraformer\"}]},\"Type\":\"AWS::SecretsManager::Secret\",\"UpdateReplacePolicy\":\"Delete\"},\"moodlealbE438512E\":{\"DependsOn\":[\"moodlevpcPublicSubnet1DefaultRoute19382C66\",\"moodlevpcPublicSubnet1RouteTableAssociation8A8F75AB\",\"moodlevpcPublicSubnet2DefaultRoute051774FE\",\"moodlevpcPublicSubnet2RouteTableAssociation85142B0A\"],\"Metadata\":{\"aws:cdk:path\":\"ecs-moodle-stack/moodle-alb/Resource\"},\"Properties\":{\"LoadBalancerAttributes\":[{\"Key\":\"deletion_protection.enabled\",\"Value\":\"false\"}],\"Name\":\"moodle-ecs-alb\",\"Scheme\":\"internet-facing\",\"SecurityGroups\":[{\"Fn::GetAtt\":[\"moodlealbSecurityGroup1390F35A\",\"GroupId\"]}],\"Subnets\":[{\"Ref\":\"moodlevpcPublicSubnet1SubnetCE2C1B1D\"},{\"Ref\":\"moodlevpcPublicSubnet2Subnet6F7768CB\"}],\"Tags\":[{\"Key\":\"use\",\"Value\":\"terraformer\"}],\"Type\":\"application\"},\"Type\":\"AWS::ElasticLoadBalancingV2::LoadBalancer\"},\"moodlealbSecurityGroup1390F35A\":{\"Metadata\":{\"aws:cdk:path\":\"ecs-moodle-stack/moodle-alb/SecurityGroup/Resource\"},\"Properties\":{\"GroupDescription\":\"Automatically created Security Group for ELB ecsmoodlestackmoodlealbD39E5E3A\",\"SecurityGroupIngress\":[{\"CidrIp\":\"0.0.0.0/0\",\"Description\":\"Allow from anyone on port 80\",\"FromPort\":80,\"IpProtocol\":\"tcp\",\"ToPort\":80},{\"CidrIp\":\"0.0.0.0/0\",\"Description\":\"Allow from anyone on port 443\",\"FromPort\":443,\"IpProtocol\":\"tcp\",\"ToPort\":443}],\"Tags\":[{\"Key\":\"use\",\"Value\":\"terraformer\"}],\"VpcId\":{\"Ref\":\"moodlevpcBC9D4C73\"}},\"Type\":\"AWS::EC2::SecurityGroup\"},\"moodlealbSecurityGrouptoecsmoodlestackmoodleserviceSecurityGroup0F4C52F680809FA1F0FC\":{\"Metadata\":{\"aws:cdk:path\":\"ecs-moodle-stack/moodle-alb/SecurityGroup/to ecsmoodlestackmoodleserviceSecurityGroup0F4C52F6:8080\"},\"Properties\":{\"Description\":\"Load balancer to target\",\"DestinationSecurityGroupId\":{\"Fn::GetAtt\":[\"moodleserviceSecurityGroup1CC37159\",\"GroupId\"]},\"FromPort\":8080,\"GroupId\":{\"Fn::GetAtt\":[\"moodlealbSecurityGroup1390F35A\",\"GroupId\"]},\"IpProtocol\":\"tcp\",\"ToPort\":8080},\"Type\":\"AWS::EC2::SecurityGroupEgress\"},\"moodlealbhttplistener0E76609D\":{\"Metadata\":{\"aws:cdk:path\":\"ecs-moodle-stack/moodle-alb/http-listener/Resource\"},\"Properties\":{\"DefaultActions\":[{\"RedirectConfig\":{\"Port\":\"443\",\"Protocol\":\"HTTPS\",\"StatusCode\":\"HTTP_301\"},\"Type\":\"redirect\"}],\"LoadBalancerArn\":{\"Ref\":\"moodlealbE438512E\"},\"Port\":80,\"Protocol\":\"HTTP\"},\"Type\":\"AWS::ElasticLoadBalancingV2::Listener\"},\"moodlealbhttpslistenerE4F4DA58\":{\"Metadata\":{\"aws:cdk:path\":\"ecs-moodle-stack/moodle-alb/https-listener/Resource\"},\"Properties\":{\"Certificates\":[{\"CertificateArn\":\"arn:aws:acm:us-east-1:760578178066:certificate/49abdf3a-c07a-47f7-9722-ce1d149b9f5c\"}],\"DefaultActions\":[{\"TargetGroupArn\":{\"Ref\":\"moodlealbhttpslistenermoodleservicetgGroup52DC4313\"},\"Type\":\"forward\"}],\"LoadBalancerArn\":{\"Ref\":\"moodlealbE438512E\"},\"Port\":443,\"Protocol\":\"HTTPS\"},\"Type\":\"AWS::ElasticLoadBalancingV2::Listener\"},\"moodlealbhttpslistenermoodleservicetgGroup52DC4313\":{\"Metadata\":{\"aws:cdk:path\":\"ecs-moodle-stack/moodle-alb/https-listener/moodle-service-tgGroup/Resource\"},\"Properties\":{\"HealthCheckTimeoutSeconds\":20,\"Port\":8080,\"Protocol\":\"HTTP\",\"Tags\":[{\"Key\":\"use\",\"Value\":\"terraformer\"}],\"TargetGroupAttributes\":[{\"Key\":\"stickiness.enabled\",\"Value\":\"false\"}],\"TargetType\":\"ip\",\"VpcId\":{\"Ref\":\"moodlevpcBC9D4C73\"}},\"Type\":\"AWS::ElasticLoadBalancingV2::TargetGroup\"},\"moodledbEAC964EB\":{\"DeletionPolicy\":\"Snapshot\",\"Metadata\":{\"aws:cdk:path\":\"ecs-moodle-stack/moodle-db/Resource\"},\"Properties\":{\"AllocatedStorage\":\"30\",\"AutoMinorVersionUpgrade\":true,\"BackupRetentionPeriod\":7,\"CopyTagsToSnapshot\":true,\"DBInstanceClass\":\"db.t3.micro\",\"DBName\":\"moodledb\",\"DBSubnetGroupName\":{\"Ref\":\"moodledbSubnetGroup5287029B\"},\"EnablePerformanceInsights\":false,\"Engine\":\"mysql\",\"EngineVersion\":\"8.0.32\",\"MasterUserPassword\":{\"Fn::Join\":[\"\",[\"{{resolve:secretsmanager:\",{\"Ref\":\"ecsmoodlestackmoodledbSecretDF9A532B38a0514b27838b1adcccf57602341508\"},\":SecretString:password::}}\"]]},\"MasterUsername\":\"dbadmin\",\"MaxAllocatedStorage\":300,\"MultiAZ\":true,\"PubliclyAccessible\":false,\"StorageEncrypted\":true,\"StorageType\":\"gp2\",\"Tags\":[{\"Key\":\"use\",\"Value\":\"terraformer\"}],\"VPCSecurityGroups\":[{\"Fn::GetAtt\":[\"moodledbSecurityGroup0DFA55B1\",\"GroupId\"]}]},\"Type\":\"AWS::RDS::DBInstance\",\"UpdateReplacePolicy\":\"Snapshot\"},\"moodledbSecretAttachmentF9314C55\":{\"Metadata\":{\"aws:cdk:path\":\"ecs-moodle-stack/moodle-db/Secret/Attachment/Resource\"},\"Properties\":{\"SecretId\":{\"Ref\":\"ecsmoodlestackmoodledbSecretDF9A532B38a0514b27838b1adcccf57602341508\"},\"TargetId\":{\"Ref\":\"moodledbEAC964EB\"},\"TargetType\":\"AWS::RDS::DBInstance\"},\"Type\":\"AWS::SecretsManager::SecretTargetAttachment\"},\"moodledbSecurityGroup0DFA55B1\":{\"Metadata\":{\"aws:cdk:path\":\"ecs-moodle-stack/moodle-db/SecurityGroup/Resource\"},\"Properties\":{\"GroupDescription\":\"Security group for moodle-db database\",\"SecurityGroupEgress\":[{\"CidrIp\":\"0.0.0.0/0\",\"Description\":\"Allow all outbound traffic by default\",\"IpProtocol\":\"-1\"}],\"Tags\":[{\"Key\":\"use\",\"Value\":\"terraformer\"}],\"VpcId\":{\"Ref\":\"moodlevpcBC9D4C73\"}},\"Type\":\"AWS::EC2::SecurityGroup\"},\"moodledbSecurityGroupfromecsmoodlestackmoodleserviceSecurityGroup0F4C52F6IndirectPort288C40CD\":{\"Metadata\":{\"aws:cdk:path\":\"ecs-moodle-stack/moodle-db/SecurityGroup/from ecsmoodlestackmoodleserviceSecurityGroup0F4C52F6:{IndirectPort}\"},\"Properties\":{\"Description\":\"From Moodle ECS Service\",\"FromPort\":{\"Fn::GetAtt\":[\"moodledbEAC964EB\",\"Endpoint.Port\"]},\"GroupId\":{\"Fn::GetAtt\":[\"moodledbSecurityGroup0DFA55B1\",\"GroupId\"]},\"IpProtocol\":\"tcp\",\"SourceSecurityGroupId\":{\"Fn::GetAtt\":[\"moodleserviceSecurityGroup1CC37159\",\"GroupId\"]},\"ToPort\":{\"Fn::GetAtt\":[\"moodledbEAC964EB\",\"Endpoint.Port\"]}},\"Type\":\"AWS::EC2::SecurityGroupIngress\"},\"moodledbSubnetGroup5287029B\":{\"Metadata\":{\"aws:cdk:path\":\"ecs-moodle-stack/moodle-db/SubnetGroup/Default\"},\"Properties\":{\"DBSubnetGroupDescription\":\"Subnet group for moodle-db database\",\"SubnetIds\":[{\"Ref\":\"moodlevpcPrivateSubnet1SubnetEF479E8E\"},{\"Ref\":\"moodlevpcPrivateSubnet2Subnet9E0A2679\"}],\"Tags\":[{\"Key\":\"use\",\"Value\":\"terraformer\"}]},\"Type\":\"AWS::RDS::DBSubnetGroup\"},\"moodleecsdistF1BF09A9\":{\"Metadata\":{\"aws:cdk:path\":\"ecs-moodle-stack/moodle-ecs-dist/Resource\"},\"Properties\":{\"DistributionConfig\":{\"Aliases\":[\"devmoodle.eclaritylearning.ca\"],\"DefaultCacheBehavior\":{\"AllowedMethods\":[\"GET\",\"HEAD\",\"OPTIONS\",\"PUT\",\"PATCH\",\"POST\",\"DELETE\"],\"CachePolicyId\":\"4135ea2d-6df8-44a3-9df3-4b5a84be39ad\",\"Compress\":true,\"OriginRequestPolicyId\":\"216adef6-5c7f-47e4-b989-5492eafa07d3\",\"TargetOriginId\":\"ecsmoodlestackmoodleecsdistOrigin1C2737DD0\",\"ViewerProtocolPolicy\":\"redirect-to-https\"},\"Enabled\":true,\"HttpVersion\":\"http2\",\"IPV6Enabled\":true,\"Origins\":[{\"CustomOriginConfig\":{\"OriginProtocolPolicy\":\"https-only\",\"OriginReadTimeout\":60,\"OriginSSLProtocols\":[\"TLSv1.2\"]},\"DomainName\":{\"Fn::GetAtt\":[\"moodlealbE438512E\",\"DNSName\"]},\"Id\":\"ecsmoodlestackmoodleecsdistOrigin1C2737DD0\"}],\"ViewerCertificate\":{\"AcmCertificateArn\":\"arn:aws:acm:us-east-1:760578178066:certificate/4391e9c3-57ba-4346-a433-936c5e2f5233\",\"MinimumProtocolVersion\":\"TLSv1.2_2021\",\"SslSupportMethod\":\"sni-only\"},\"WebACLId\":{\"Fn::GetAtt\":[\"cfwafwebaclarnssmparamreader5DB5C115\",\"Parameter.Value\"]}},\"Tags\":[{\"Key\":\"use\",\"Value\":\"terraformer\"}]},\"Type\":\"AWS::CloudFront::Distribution\"},\"moodleefs5D41A69F\":{\"DeletionPolicy\":\"Delete\",\"Metadata\":{\"aws:cdk:path\":\"ecs-moodle-stack/moodle-efs/Resource\"},\"Properties\":{\"BackupPolicy\":{\"Status\":\"ENABLED\"},\"Encrypted\":true,\"FileSystemTags\":[{\"Key\":\"Name\",\"Value\":\"ecs-moodle-stack/moodle-efs\"},{\"Key\":\"use\",\"Value\":\"terraformer\"}],\"LifecyclePolicies\":[{\"TransitionToIA\":\"AFTER_30_DAYS\"},{\"TransitionToPrimaryStorageClass\":\"AFTER_1_ACCESS\"}],\"PerformanceMode\":\"generalPurpose\",\"ThroughputMode\":\"elastic\"},\"Type\":\"AWS::EFS::FileSystem\",\"UpdateReplacePolicy\":\"Delete\"},\"moodleefsEfsMountTarget1357A6E82\":{\"Metadata\":{\"aws:cdk:path\":\"ecs-moodle-stack/moodle-efs/EfsMountTarget1\"},\"Properties\":{\"FileSystemId\":{\"Ref\":\"moodleefs5D41A69F\"},\"SecurityGroups\":[{\"Fn::GetAtt\":[\"moodleefsEfsSecurityGroup623A28C8\",\"GroupId\"]}],\"SubnetId\":{\"Ref\":\"moodlevpcPrivateSubnet1SubnetEF479E8E\"}},\"Type\":\"AWS::EFS::MountTarget\"},\"moodleefsEfsMountTarget27DA2EDDA\":{\"Metadata\":{\"aws:cdk:path\":\"ecs-moodle-stack/moodle-efs/EfsMountTarget2\"},\"Properties\":{\"FileSystemId\":{\"Ref\":\"moodleefs5D41A69F\"},\"SecurityGroups\":[{\"Fn::GetAtt\":[\"moodleefsEfsSecurityGroup623A28C8\",\"GroupId\"]}],\"SubnetId\":{\"Ref\":\"moodlevpcPrivateSubnet2Subnet9E0A2679\"}},\"Type\":\"AWS::EFS::MountTarget\"},\"moodleefsEfsSecurityGroup623A28C8\":{\"Metadata\":{\"aws:cdk:path\":\"ecs-moodle-stack/moodle-efs/EfsSecurityGroup/Resource\"},\"Properties\":{\"GroupDescription\":\"ecs-moodle-stack/moodle-efs/EfsSecurityGroup\",\"SecurityGroupEgress\":[{\"CidrIp\":\"0.0.0.0/0\",\"Description\":\"Allow all outbound traffic by default\",\"IpProtocol\":\"-1\"}],\"Tags\":[{\"Key\":\"Name\",\"Value\":\"ecs-moodle-stack/moodle-efs\"},{\"Key\":\"use\",\"Value\":\"terraformer\"}],\"VpcId\":{\"Ref\":\"moodlevpcBC9D4C73\"}},\"Type\":\"AWS::EC2::SecurityGroup\"},\"moodleefsEfsSecurityGroupfromecsmoodlestackmoodleserviceSecurityGroup0F4C52F620496D755305\":{\"Metadata\":{\"aws:cdk:path\":\"ecs-moodle-stack/moodle-efs/EfsSecurityGroup/from ecsmoodlestackmoodleserviceSecurityGroup0F4C52F6:2049\"},\"Properties\":{\"Description\":\"From Moodle ECS Service\",\"FromPort\":2049,\"GroupId\":{\"Fn::GetAtt\":[\"moodleefsEfsSecurityGroup623A28C8\",\"GroupId\"]},\"IpProtocol\":\"tcp\",\"SourceSecurityGroupId\":{\"Fn::GetAtt\":[\"moodleserviceSecurityGroup1CC37159\",\"GroupId\"]},\"ToPort\":2049},\"Type\":\"AWS::EC2::SecurityGroupIngress\"},\"moodleefsmoodleefsaccesspoint838A8304\":{\"Metadata\":{\"aws:cdk:path\":\"ecs-moodle-stack/moodle-efs/moodle-efs-access-point/Resource\"},\"Properties\":{\"AccessPointTags\":[{\"Key\":\"Name\",\"Value\":\"ecs-moodle-stack/moodle-efs/moodle-efs-access-point\"},{\"Key\":\"use\",\"Value\":\"terraformer\"}],\"FileSystemId\":{\"Ref\":\"moodleefs5D41A69F\"},\"RootDirectory\":{\"Path\":\"/\"}},\"Type\":\"AWS::EFS::AccessPoint\"},\"moodlepasswordsecret585482A0\":{\"DeletionPolicy\":\"Delete\",\"Metadata\":{\"aws:cdk:path\":\"ecs-moodle-stack/moodle-password-secret/Resource\"},\"Properties\":{\"GenerateSecretString\":{},\"Tags\":[{\"Key\":\"use\",\"Value\":\"terraformer\"}]},\"Type\":\"AWS::SecretsManager::Secret\",\"UpdateReplacePolicy\":\"Delete\"},\"moodleredis\":{\"DependsOn\":[\"redissubnetgroup\"],\"Metadata\":{\"aws:cdk:path\":\"ecs-moodle-stack/moodle-redis\"},\"Properties\":{\"AtRestEncryptionEnabled\":true,\"AutoMinorVersionUpgrade\":true,\"AutomaticFailoverEnabled\":true,\"CacheNodeType\":\"cache.t4g.micro\",\"CacheSubnetGroupName\":\"ecsmoodlestack-redis-subnet-group\",\"Engine\":\"redis\",\"MultiAZEnabled\":true,\"NumCacheClusters\":2,\"ReplicationGroupDescription\":\"Moodle Redis\",\"SecurityGroupIds\":[{\"Fn::GetAtt\":[\"moodleredissgEE874356\",\"GroupId\"]}],\"Tags\":[{\"Key\":\"use\",\"Value\":\"terraformer\"}]},\"Type\":\"AWS::ElastiCache::ReplicationGroup\"},\"moodleredissgEE874356\":{\"Metadata\":{\"aws:cdk:path\":\"ecs-moodle-stack/moodle-redis-sg/Resource\"},\"Properties\":{\"GroupDescription\":\"ecs-moodle-stack/moodle-redis-sg\",\"SecurityGroupEgress\":[{\"CidrIp\":\"0.0.0.0/0\",\"Description\":\"Allow all outbound traffic by default\",\"IpProtocol\":\"-1\"}],\"Tags\":[{\"Key\":\"use\",\"Value\":\"terraformer\"}],\"VpcId\":{\"Ref\":\"moodlevpcBC9D4C73\"}},\"Type\":\"AWS::EC2::SecurityGroup\"},\"moodleredissgfromecsmoodlestackmoodleserviceSecurityGroup0F4C52F663792A177E77\":{\"Metadata\":{\"aws:cdk:path\":\"ecs-moodle-stack/moodle-redis-sg/from ecsmoodlestackmoodleserviceSecurityGroup0F4C52F6:6379\"},\"Properties\":{\"Description\":\"From Moodle ECS Service\",\"FromPort\":6379,\"GroupId\":{\"Fn::GetAtt\":[\"moodleredissgEE874356\",\"GroupId\"]},\"IpProtocol\":\"tcp\",\"SourceSecurityGroupId\":{\"Fn::GetAtt\":[\"moodleserviceSecurityGroup1CC37159\",\"GroupId\"]},\"ToPort\":6379},\"Type\":\"AWS::EC2::SecurityGroupIngress\"},\"moodleserviceSecurityGroup1CC37159\":{\"DependsOn\":[\"moodletaskdefTaskRoleD0BAB4BB\"],\"Metadata\":{\"aws:cdk:path\":\"ecs-moodle-stack/moodle-service/SecurityGroup/Resource\"},\"Properties\":{\"GroupDescription\":\"ecs-moodle-stack/moodle-service/SecurityGroup\",\"SecurityGroupEgress\":[{\"CidrIp\":\"0.0.0.0/0\",\"Description\":\"Allow all outbound traffic by default\",\"IpProtocol\":\"-1\"}],\"Tags\":[{\"Key\":\"use\",\"Value\":\"terraformer\"}],\"VpcId\":{\"Ref\":\"moodlevpcBC9D4C73\"}},\"Type\":\"AWS::EC2::SecurityGroup\"},\"moodleserviceSecurityGroupfromecsmoodlestackmoodlealbSecurityGroupD1B054938080F4A4D01E\":{\"DependsOn\":[\"moodletaskdefTaskRoleD0BAB4BB\"],\"Metadata\":{\"aws:cdk:path\":\"ecs-moodle-stack/moodle-service/SecurityGroup/from ecsmoodlestackmoodlealbSecurityGroupD1B05493:8080\"},\"Properties\":{\"Description\":\"Load balancer to target\",\"FromPort\":8080,\"GroupId\":{\"Fn::GetAtt\":[\"moodleserviceSecurityGroup1CC37159\",\"GroupId\"]},\"IpProtocol\":\"tcp\",\"SourceSecurityGroupId\":{\"Fn::GetAtt\":[\"moodlealbSecurityGroup1390F35A\",\"GroupId\"]},\"ToPort\":8080},\"Type\":\"AWS::EC2::SecurityGroupIngress\"},\"moodleserviceService319611B4\":{\"DependsOn\":[\"moodlealbhttpslistenermoodleservicetgGroup52DC4313\",\"moodlealbhttpslistenerE4F4DA58\",\"moodletaskdefTaskRoleD0BAB4BB\"],\"Metadata\":{\"aws:cdk:path\":\"ecs-moodle-stack/moodle-service/Service\"},\"Properties\":{\"CapacityProviderStrategy\":[{\"CapacityProvider\":\"FARGATE_SPOT\",\"Weight\":3},{\"CapacityProvider\":\"FARGATE\",\"Weight\":1}],\"Cluster\":{\"Ref\":\"ecscluster7830E7B5\"},\"DeploymentConfiguration\":{\"Alarms\":{\"AlarmNames\":[],\"Enable\":false,\"Rollback\":false},\"DeploymentCircuitBreaker\":{\"Enable\":true,\"Rollback\":true},\"MaximumPercent\":200,\"MinimumHealthyPercent\":50},\"DeploymentController\":{\"Type\":\"ECS\"},\"DesiredCount\":1,\"EnableECSManagedTags\":true,\"HealthCheckGracePeriodSeconds\":1800,\"LoadBalancers\":[{\"ContainerName\":\"moodle\",\"ContainerPort\":8080,\"TargetGroupArn\":{\"Ref\":\"moodlealbhttpslistenermoodleservicetgGroup52DC4313\"}}],\"NetworkConfiguration\":{\"AwsvpcConfiguration\":{\"AssignPublicIp\":\"DISABLED\",\"SecurityGroups\":[{\"Fn::GetAtt\":[\"moodleserviceSecurityGroup1CC37159\",\"GroupId\"]}],\"Subnets\":[{\"Ref\":\"moodlevpcPrivateSubnet1SubnetEF479E8E\"},{\"Ref\":\"moodlevpcPrivateSubnet2Subnet9E0A2679\"}]}},\"Tags\":[{\"Key\":\"use\",\"Value\":\"terraformer\"}],\"TaskDefinition\":{\"Ref\":\"moodletaskdefCA53AB93\"}},\"Type\":\"AWS::ECS::Service\"},\"moodleserviceTaskCountTarget51B92049\":{\"DependsOn\":[\"moodletaskdefTaskRoleD0BAB4BB\"],\"Metadata\":{\"aws:cdk:path\":\"ecs-moodle-stack/moodle-service/TaskCount/Target/Resource\"},\"Properties\":{\"MaxCapacity\":10,\"MinCapacity\":1,\"ResourceId\":{\"Fn::Join\":[\"\",[\"service/\",{\"Ref\":\"ecscluster7830E7B5\"},\"/\",{\"Fn::GetAtt\":[\"moodleserviceService319611B4\",\"Name\"]}]]},\"RoleARN\":{\"Fn::Join\":[\"\",[\"arn:\",{\"Ref\":\"AWS::Partition\"},\":iam::\",{\"Ref\":\"AWS::AccountId\"},\":role/aws-service-role/ecs.application-autoscaling.amazonaws.com/AWSServiceRoleForApplicationAutoScaling_ECSService\"]]},\"ScalableDimension\":\"ecs:service:DesiredCount\",\"ServiceNamespace\":\"ecs\"},\"Type\":\"AWS::ApplicationAutoScaling::ScalableTarget\"},\"moodleserviceTaskCountTargetcpuscaling0E544F71\":{\"DependsOn\":[\"moodletaskdefTaskRoleD0BAB4BB\"],\"Metadata\":{\"aws:cdk:path\":\"ecs-moodle-stack/moodle-service/TaskCount/Target/cpu-scaling/Resource\"},\"Properties\":{\"PolicyName\":\"ecsmoodlestackmoodleserviceTaskCountTargetcpuscaling44B2A72D\",\"PolicyType\":\"TargetTrackingScaling\",\"ScalingTargetId\":{\"Ref\":\"moodleserviceTaskCountTarget51B92049\"},\"TargetTrackingScalingPolicyConfiguration\":{\"PredefinedMetricSpecification\":{\"PredefinedMetricType\":\"ECSServiceAverageCPUUtilization\"},\"TargetValue\":50}},\"Type\":\"AWS::ApplicationAutoScaling::ScalingPolicy\"},\"moodletaskdefCA53AB93\":{\"Metadata\":{\"aws:cdk:path\":\"ecs-moodle-stack/moodle-task-def/Resource\"},\"Properties\":{\"ContainerDefinitions\":[{\"Environment\":[{\"Name\":\"MOODLE_DATABASE_TYPE\",\"Value\":\"mysqli\"},{\"Name\":\"MOODLE_DATABASE_HOST\",\"Value\":{\"Fn::GetAtt\":[\"moodledbEAC964EB\",\"Endpoint.Address\"]}},{\"Name\":\"MOODLE_DATABASE_PORT_NUMBER\",\"Value\":{\"Fn::GetAtt\":[\"moodledbEAC964EB\",\"Endpoint.Port\"]}},{\"Name\":\"MOODLE_DATABASE_NAME\",\"Value\":\"moodledb\"},{\"Name\":\"MOODLE_DATABASE_USER\",\"Value\":\"dbadmin\"},{\"Name\":\"MOODLE_USERNAME\",\"Value\":\"moodleadmin\"},{\"Name\":\"MOODLE_EMAIL\",\"Value\":\"hello@example.com\"},{\"Name\":\"MOODLE_SITE_NAME\",\"Value\":\"Scalable Moodle on ECS Fargate\"},{\"Name\":\"MOODLE_SKIP_BOOTSTRAP\",\"Value\":\"no\"},{\"Name\":\"MOODLE_SKIP_INSTALL\",\"Value\":\"no\"},{\"Name\":\"BITNAMI_DEBUG\",\"Value\":\"true\"}],\"Essential\":true,\"Image\":\"760578178066.dkr.ecr.us-east-1.amazonaws.com/cdk-moodle-image:latest\",\"LogConfiguration\":{\"LogDriver\":\"awslogs\",\"Options\":{\"awslogs-group\":{\"Ref\":\"moodletaskdefmoodlecontainerLogGroup581119A2\"},\"awslogs-region\":{\"Ref\":\"AWS::Region\"},\"awslogs-stream-prefix\":\"ecs-moodle\"}},\"Memory\":4096,\"MountPoints\":[{\"ContainerPath\":\"/bitnami\",\"ReadOnly\":false,\"SourceVolume\":\"moodle\"}],\"Name\":\"moodle\",\"PortMappings\":[{\"ContainerPort\":8080,\"Protocol\":\"tcp\"}],\"Secrets\":[{\"Name\":\"MOODLE_DATABASE_PASSWORD\",\"ValueFrom\":{\"Fn::Join\":[\"\",[{\"Ref\":\"moodledbSecretAttachmentF9314C55\"},\":password::\"]]}},{\"Name\":\"MOODLE_PASSWORD\",\"ValueFrom\":{\"Ref\":\"moodlepasswordsecret585482A0\"}}],\"StopTimeout\":120}],\"Cpu\":\"2048\",\"ExecutionRoleArn\":{\"Fn::GetAtt\":[\"moodletaskdefExecutionRole4692C07D\",\"Arn\"]},\"Family\":\"ecsmoodlestackmoodletaskdef3B550A0F\",\"Memory\":\"4096\",\"NetworkMode\":\"awsvpc\",\"RequiresCompatibilities\":[\"FARGATE\"],\"Tags\":[{\"Key\":\"use\",\"Value\":\"terraformer\"}],\"TaskRoleArn\":{\"Fn::GetAtt\":[\"moodletaskdefTaskRoleD0BAB4BB\",\"Arn\"]},\"Volumes\":[{\"EFSVolumeConfiguration\":{\"AuthorizationConfig\":{\"AccessPointId\":{\"Ref\":\"moodleefsmoodleefsaccesspoint838A8304\"}},\"FilesystemId\":{\"Ref\":\"moodleefs5D41A69F\"},\"TransitEncryption\":\"ENABLED\"},\"Name\":\"moodle\"}]},\"Type\":\"AWS::ECS::TaskDefinition\"},\"moodletaskdefExecutionRole4692C07D\":{\"Metadata\":{\"aws:cdk:path\":\"ecs-moodle-stack/moodle-task-def/ExecutionRole/Resource\"},\"Properties\":{\"AssumeRolePolicyDocument\":{\"Statement\":[{\"Action\":\"sts:AssumeRole\",\"Effect\":\"Allow\",\"Principal\":{\"Service\":\"ecs-tasks.amazonaws.com\"}}],\"Version\":\"2012-10-17\"},\"Tags\":[{\"Key\":\"use\",\"Value\":\"terraformer\"}]},\"Type\":\"AWS::IAM::Role\"},\"moodletaskdefExecutionRoleDefaultPolicy6167E6A2\":{\"Metadata\":{\"aws:cdk:path\":\"ecs-moodle-stack/moodle-task-def/ExecutionRole/DefaultPolicy/Resource\"},\"Properties\":{\"PolicyDocument\":{\"Statement\":[{\"Action\":[\"ecr:GetAuthorizationToken\",\"ecr:BatchCheckLayerAvailability\",\"ecr:GetDownloadUrlForLayer\",\"ecr:BatchGetImage\",\"logs:CreateLogStream\",\"logs:PutLogEvents\"],\"Effect\":\"Allow\",\"Resource\":\"*\"},{\"Action\":[\"logs:CreateLogStream\",\"logs:PutLogEvents\"],\"Effect\":\"Allow\",\"Resource\":{\"Fn::GetAtt\":[\"moodletaskdefmoodlecontainerLogGroup581119A2\",\"Arn\"]}},{\"Action\":[\"secretsmanager:GetSecretValue\",\"secretsmanager:DescribeSecret\"],\"Effect\":\"Allow\",\"Resource\":{\"Ref\":\"moodledbSecretAttachmentF9314C55\"}},{\"Action\":[\"secretsmanager:GetSecretValue\",\"secretsmanager:DescribeSecret\"],\"Effect\":\"Allow\",\"Resource\":{\"Ref\":\"moodlepasswordsecret585482A0\"}}],\"Version\":\"2012-10-17\"},\"PolicyName\":\"moodletaskdefExecutionRoleDefaultPolicy6167E6A2\",\"Roles\":[{\"Ref\":\"moodletaskdefExecutionRole4692C07D\"}]},\"Type\":\"AWS::IAM::Policy\"},\"moodletaskdefTaskRoleD0BAB4BB\":{\"Metadata\":{\"aws:cdk:path\":\"ecs-moodle-stack/moodle-task-def/TaskRole/Resource\"},\"Properties\":{\"AssumeRolePolicyDocument\":{\"Statement\":[{\"Action\":\"sts:AssumeRole\",\"Effect\":\"Allow\",\"Principal\":{\"Service\":\"ecs-tasks.amazonaws.com\"}}],\"Version\":\"2012-10-17\"},\"Tags\":[{\"Key\":\"use\",\"Value\":\"terraformer\"}]},\"Type\":\"AWS::IAM::Role\"},\"moodletaskdefmoodlecontainerLogGroup581119A2\":{\"DeletionPolicy\":\"Retain\",\"Metadata\":{\"aws:cdk:path\":\"ecs-moodle-stack/moodle-task-def/moodle-container/LogGroup/Resource\"},\"Properties\":{\"Tags\":[{\"Key\":\"use\",\"Value\":\"terraformer\"}]},\"Type\":\"AWS::Logs::LogGroup\",\"UpdateReplacePolicy\":\"Retain\"},\"moodlevpcBC9D4C73\":{\"Metadata\":{\"aws:cdk:path\":\"ecs-moodle-stack/moodle-vpc/Resource\"},\"Properties\":{\"CidrBlock\":\"10.0.0.0/16\",\"EnableDnsHostnames\":true,\"EnableDnsSupport\":true,\"InstanceTenancy\":\"default\",\"Tags\":[{\"Key\":\"Name\",\"Value\":\"ecs-moodle-stack/moodle-vpc\"},{\"Key\":\"use\",\"Value\":\"terraformer\"}]},\"Type\":\"AWS::EC2::VPC\"},\"moodlevpcIGW63131C77\":{\"Metadata\":{\"aws:cdk:path\":\"ecs-moodle-stack/moodle-vpc/IGW\"},\"Properties\":{\"Tags\":[{\"Key\":\"Name\",\"Value\":\"ecs-moodle-stack/moodle-vpc\"},{\"Key\":\"use\",\"Value\":\"terraformer\"}]},\"Type\":\"AWS::EC2::InternetGateway\"},\"moodlevpcPrivateSubnet1DefaultRouteC10F66ED\":{\"Metadata\":{\"aws:cdk:path\":\"ecs-moodle-stack/moodle-vpc/PrivateSubnet1/DefaultRoute\"},\"Properties\":{\"DestinationCidrBlock\":\"0.0.0.0/0\",\"NatGatewayId\":{\"Ref\":\"moodlevpcPublicSubnet1NATGatewayFD3ECE69\"},\"RouteTableId\":{\"Ref\":\"moodlevpcPrivateSubnet1RouteTableE7BD8FD7\"}},\"Type\":\"AWS::EC2::Route\"},\"moodlevpcPrivateSubnet1RouteTableAssociationA7848358\":{\"Metadata\":{\"aws:cdk:path\":\"ecs-moodle-stack/moodle-vpc/PrivateSubnet1/RouteTableAssociation\"},\"Properties\":{\"RouteTableId\":{\"Ref\":\"moodlevpcPrivateSubnet1RouteTableE7BD8FD7\"},\"SubnetId\":{\"Ref\":\"moodlevpcPrivateSubnet1SubnetEF479E8E\"}},\"Type\":\"AWS::EC2::SubnetRouteTableAssociation\"},\"moodlevpcPrivateSubnet1RouteTableE7BD8FD7\":{\"Metadata\":{\"aws:cdk:path\":\"ecs-moodle-stack/moodle-vpc/PrivateSubnet1/RouteTable\"},\"Properties\":{\"Tags\":[{\"Key\":\"Name\",\"Value\":\"ecs-moodle-stack/moodle-vpc/PrivateSubnet1\"},{\"Key\":\"use\",\"Value\":\"terraformer\"}],\"VpcId\":{\"Ref\":\"moodlevpcBC9D4C73\"}},\"Type\":\"AWS::EC2::RouteTable\"},\"moodlevpcPrivateSubnet1SubnetEF479E8E\":{\"Metadata\":{\"aws:cdk:path\":\"ecs-moodle-stack/moodle-vpc/PrivateSubnet1/Subnet\"},\"Properties\":{\"AvailabilityZone\":{\"Fn::Select\":[0,{\"Fn::GetAZs\":\"\"}]},\"CidrBlock\":\"10.0.128.0/18\",\"MapPublicIpOnLaunch\":false,\"Tags\":[{\"Key\":\"aws-cdk:subnet-name\",\"Value\":\"Private\"},{\"Key\":\"aws-cdk:subnet-type\",\"Value\":\"Private\"},{\"Key\":\"Name\",\"Value\":\"ecs-moodle-stack/moodle-vpc/PrivateSubnet1\"},{\"Key\":\"use\",\"Value\":\"terraformer\"}],\"VpcId\":{\"Ref\":\"moodlevpcBC9D4C73\"}},\"Type\":\"AWS::EC2::Subnet\"},\"moodlevpcPrivateSubnet2DefaultRoute397D30FC\":{\"Metadata\":{\"aws:cdk:path\":\"ecs-moodle-stack/moodle-vpc/PrivateSubnet2/DefaultRoute\"},\"Properties\":{\"DestinationCidrBlock\":\"0.0.0.0/0\",\"NatGatewayId\":{\"Ref\":\"moodlevpcPublicSubnet2NATGateway9CA8DD59\"},\"RouteTableId\":{\"Ref\":\"moodlevpcPrivateSubnet2RouteTableE8F2B71E\"}},\"Type\":\"AWS::EC2::Route\"},\"moodlevpcPrivateSubnet2RouteTableAssociation0D77E104\":{\"Metadata\":{\"aws:cdk:path\":\"ecs-moodle-stack/moodle-vpc/PrivateSubnet2/RouteTableAssociation\"},\"Properties\":{\"RouteTableId\":{\"Ref\":\"moodlevpcPrivateSubnet2RouteTableE8F2B71E\"},\"SubnetId\":{\"Ref\":\"moodlevpcPrivateSubnet2Subnet9E0A2679\"}},\"Type\":\"AWS::EC2::SubnetRouteTableAssociation\"},\"moodlevpcPrivateSubnet2RouteTableE8F2B71E\":{\"Metadata\":{\"aws:cdk:path\":\"ecs-moodle-stack/moodle-vpc/PrivateSubnet2/RouteTable\"},\"Properties\":{\"Tags\":[{\"Key\":\"Name\",\"Value\":\"ecs-moodle-stack/moodle-vpc/PrivateSubnet2\"},{\"Key\":\"use\",\"Value\":\"terraformer\"}],\"VpcId\":{\"Ref\":\"moodlevpcBC9D4C73\"}},\"Type\":\"AWS::EC2::RouteTable\"},\"moodlevpcPrivateSubnet2Subnet9E0A2679\":{\"Metadata\":{\"aws:cdk:path\":\"ecs-moodle-stack/moodle-vpc/PrivateSubnet2/Subnet\"},\"Properties\":{\"AvailabilityZone\":{\"Fn::Select\":[1,{\"Fn::GetAZs\":\"\"}]},\"CidrBlock\":\"10.0.192.0/18\",\"MapPublicIpOnLaunch\":false,\"Tags\":[{\"Key\":\"aws-cdk:subnet-name\",\"Value\":\"Private\"},{\"Key\":\"aws-cdk:subnet-type\",\"Value\":\"Private\"},{\"Key\":\"Name\",\"Value\":\"ecs-moodle-stack/moodle-vpc/PrivateSubnet2\"},{\"Key\":\"use\",\"Value\":\"terraformer\"}],\"VpcId\":{\"Ref\":\"moodlevpcBC9D4C73\"}},\"Type\":\"AWS::EC2::Subnet\"},\"moodlevpcPublicSubnet1DefaultRoute19382C66\":{\"DependsOn\":[\"moodlevpcVPCGW70A0E41B\"],\"Metadata\":{\"aws:cdk:path\":\"ecs-moodle-stack/moodle-vpc/PublicSubnet1/DefaultRoute\"},\"Properties\":{\"DestinationCidrBlock\":\"0.0.0.0/0\",\"GatewayId\":{\"Ref\":\"moodlevpcIGW63131C77\"},\"RouteTableId\":{\"Ref\":\"moodlevpcPublicSubnet1RouteTableC5B1D43E\"}},\"Type\":\"AWS::EC2::Route\"},\"moodlevpcPublicSubnet1EIP526D377A\":{\"Metadata\":{\"aws:cdk:path\":\"ecs-moodle-stack/moodle-vpc/PublicSubnet1/EIP\"},\"Properties\":{\"Domain\":\"vpc\",\"Tags\":[{\"Key\":\"Name\",\"Value\":\"ecs-moodle-stack/moodle-vpc/PublicSubnet1\"},{\"Key\":\"use\",\"Value\":\"terraformer\"}]},\"Type\":\"AWS::EC2::EIP\"},\"moodlevpcPublicSubnet1NATGatewayFD3ECE69\":{\"DependsOn\":[\"moodlevpcPublicSubnet1DefaultRoute19382C66\",\"moodlevpcPublicSubnet1RouteTableAssociation8A8F75AB\"],\"Metadata\":{\"aws:cdk:path\":\"ecs-moodle-stack/moodle-vpc/PublicSubnet1/NATGateway\"},\"Properties\":{\"AllocationId\":{\"Fn::GetAtt\":[\"moodlevpcPublicSubnet1EIP526D377A\",\"AllocationId\"]},\"SubnetId\":{\"Ref\":\"moodlevpcPublicSubnet1SubnetCE2C1B1D\"},\"Tags\":[{\"Key\":\"Name\",\"Value\":\"ecs-moodle-stack/moodle-vpc/PublicSubnet1\"},{\"Key\":\"use\",\"Value\":\"terraformer\"}]},\"Type\":\"AWS::EC2::NatGateway\"},\"moodlevpcPublicSubnet1RouteTableAssociation8A8F75AB\":{\"Metadata\":{\"aws:cdk:path\":\"ecs-moodle-stack/moodle-vpc/PublicSubnet1/RouteTableAssociation\"},\"Properties\":{\"RouteTableId\":{\"Ref\":\"moodlevpcPublicSubnet1RouteTableC5B1D43E\"},\"SubnetId\":{\"Ref\":\"moodlevpcPublicSubnet1SubnetCE2C1B1D\"}},\"Type\":\"AWS::EC2::SubnetRouteTableAssociation\"},\"moodlevpcPublicSubnet1RouteTableC5B1D43E\":{\"Metadata\":{\"aws:cdk:path\":\"ecs-moodle-stack/moodle-vpc/PublicSubnet1/RouteTable\"},\"Properties\":{\"Tags\":[{\"Key\":\"Name\",\"Value\":\"ecs-moodle-stack/moodle-vpc/PublicSubnet1\"},{\"Key\":\"use\",\"Value\":\"terraformer\"}],\"VpcId\":{\"Ref\":\"moodlevpcBC9D4C73\"}},\"Type\":\"AWS::EC2::RouteTable\"},\"moodlevpcPublicSubnet1SubnetCE2C1B1D\":{\"Metadata\":{\"aws:cdk:path\":\"ecs-moodle-stack/moodle-vpc/PublicSubnet1/Subnet\"},\"Properties\":{\"AvailabilityZone\":{\"Fn::Select\":[0,{\"Fn::GetAZs\":\"\"}]},\"CidrBlock\":\"10.0.0.0/18\",\"MapPublicIpOnLaunch\":true,\"Tags\":[{\"Key\":\"aws-cdk:subnet-name\",\"Value\":\"Public\"},{\"Key\":\"aws-cdk:subnet-type\",\"Value\":\"Public\"},{\"Key\":\"Name\",\"Value\":\"ecs-moodle-stack/moodle-vpc/PublicSubnet1\"},{\"Key\":\"use\",\"Value\":\"terraformer\"}],\"VpcId\":{\"Ref\":\"moodlevpcBC9D4C73\"}},\"Type\":\"AWS::EC2::Subnet\"},\"moodlevpcPublicSubnet2DefaultRoute051774FE\":{\"DependsOn\":[\"moodlevpcVPCGW70A0E41B\"],\"Metadata\":{\"aws:cdk:path\":\"ecs-moodle-stack/moodle-vpc/PublicSubnet2/DefaultRoute\"},\"Properties\":{\"DestinationCidrBlock\":\"0.0.0.0/0\",\"GatewayId\":{\"Ref\":\"moodlevpcIGW63131C77\"},\"RouteTableId\":{\"Ref\":\"moodlevpcPublicSubnet2RouteTable522FAD12\"}},\"Type\":\"AWS::EC2::Route\"},\"moodlevpcPublicSubnet2EIPAC5EC96A\":{\"Metadata\":{\"aws:cdk:path\":\"ecs-moodle-stack/moodle-vpc/PublicSubnet2/EIP\"},\"Properties\":{\"Domain\":\"vpc\",\"Tags\":[{\"Key\":\"Name\",\"Value\":\"ecs-moodle-stack/moodle-vpc/PublicSubnet2\"},{\"Key\":\"use\",\"Value\":\"terraformer\"}]},\"Type\":\"AWS::EC2::EIP\"},\"moodlevpcPublicSubnet2NATGateway9CA8DD59\":{\"DependsOn\":[\"moodlevpcPublicSubnet2DefaultRoute051774FE\",\"moodlevpcPublicSubnet2RouteTableAssociation85142B0A\"],\"Metadata\":{\"aws:cdk:path\":\"ecs-moodle-stack/moodle-vpc/PublicSubnet2/NATGateway\"},\"Properties\":{\"AllocationId\":{\"Fn::GetAtt\":[\"moodlevpcPublicSubnet2EIPAC5EC96A\",\"AllocationId\"]},\"SubnetId\":{\"Ref\":\"moodlevpcPublicSubnet2Subnet6F7768CB\"},\"Tags\":[{\"Key\":\"Name\",\"Value\":\"ecs-moodle-stack/moodle-vpc/PublicSubnet2\"},{\"Key\":\"use\",\"Value\":\"terraformer\"}]},\"Type\":\"AWS::EC2::NatGateway\"},\"moodlevpcPublicSubnet2RouteTable522FAD12\":{\"Metadata\":{\"aws:cdk:path\":\"ecs-moodle-stack/moodle-vpc/PublicSubnet2/RouteTable\"},\"Properties\":{\"Tags\":[{\"Key\":\"Name\",\"Value\":\"ecs-moodle-stack/moodle-vpc/PublicSubnet2\"},{\"Key\":\"use\",\"Value\":\"terraformer\"}],\"VpcId\":{\"Ref\":\"moodlevpcBC9D4C73\"}},\"Type\":\"AWS::EC2::RouteTable\"},\"moodlevpcPublicSubnet2RouteTableAssociation85142B0A\":{\"Metadata\":{\"aws:cdk:path\":\"ecs-moodle-stack/moodle-vpc/PublicSubnet2/RouteTableAssociation\"},\"Properties\":{\"RouteTableId\":{\"Ref\":\"moodlevpcPublicSubnet2RouteTable522FAD12\"},\"SubnetId\":{\"Ref\":\"moodlevpcPublicSubnet2Subnet6F7768CB\"}},\"Type\":\"AWS::EC2::SubnetRouteTableAssociation\"},\"moodlevpcPublicSubnet2Subnet6F7768CB\":{\"Metadata\":{\"aws:cdk:path\":\"ecs-moodle-stack/moodle-vpc/PublicSubnet2/Subnet\"},\"Properties\":{\"AvailabilityZone\":{\"Fn::Select\":[1,{\"Fn::GetAZs\":\"\"}]},\"CidrBlock\":\"10.0.64.0/18\",\"MapPublicIpOnLaunch\":true,\"Tags\":[{\"Key\":\"aws-cdk:subnet-name\",\"Value\":\"Public\"},{\"Key\":\"aws-cdk:subnet-type\",\"Value\":\"Public\"},{\"Key\":\"Name\",\"Value\":\"ecs-moodle-stack/moodle-vpc/PublicSubnet2\"},{\"Key\":\"use\",\"Value\":\"terraformer\"}],\"VpcId\":{\"Ref\":\"moodlevpcBC9D4C73\"}},\"Type\":\"AWS::EC2::Subnet\"},\"moodlevpcVPCGW70A0E41B\":{\"Metadata\":{\"aws:cdk:path\":\"ecs-moodle-stack/moodle-vpc/VPCGW\"},\"Properties\":{\"InternetGatewayId\":{\"Ref\":\"moodlevpcIGW63131C77\"},\"VpcId\":{\"Ref\":\"moodlevpcBC9D4C73\"}},\"Type\":\"AWS::EC2::VPCGatewayAttachment\"},\"moodlevpcecrvpcendpoint6B3F6EEB\":{\"Metadata\":{\"aws:cdk:path\":\"ecs-moodle-stack/moodle-vpc/ecr-vpc-endpoint/Resource\"},\"Properties\":{\"PrivateDnsEnabled\":true,\"SecurityGroupIds\":[{\"Fn::GetAtt\":[\"moodlevpcecrvpcendpointSecurityGroup70984AF4\",\"GroupId\"]}],\"ServiceName\":{\"Fn::Join\":[\"\",[\"com.amazonaws.\",{\"Ref\":\"AWS::Region\"},\".ecr.api\"]]},\"SubnetIds\":[{\"Ref\":\"moodlevpcPrivateSubnet1SubnetEF479E8E\"},{\"Ref\":\"moodlevpcPrivateSubnet2Subnet9E0A2679\"}],\"VpcEndpointType\":\"Interface\",\"VpcId\":{\"Ref\":\"moodlevpcBC9D4C73\"}},\"Type\":\"AWS::EC2::VPCEndpoint\"},\"moodlevpcecrvpcendpointSecurityGroup70984AF4\":{\"Metadata\":{\"aws:cdk:path\":\"ecs-moodle-stack/moodle-vpc/ecr-vpc-endpoint/SecurityGroup/Resource\"},\"Properties\":{\"GroupDescription\":\"ecs-moodle-stack/moodle-vpc/ecr-vpc-endpoint/SecurityGroup\",\"SecurityGroupEgress\":[{\"CidrIp\":\"0.0.0.0/0\",\"Description\":\"Allow all outbound traffic by default\",\"IpProtocol\":\"-1\"}],\"SecurityGroupIngress\":[{\"CidrIp\":{\"Fn::GetAtt\":[\"moodlevpcBC9D4C73\",\"CidrBlock\"]},\"Description\":{\"Fn::Join\":[\"\",[\"from \",{\"Fn::GetAtt\":[\"moodlevpcBC9D4C73\",\"CidrBlock\"]},\":443\"]]},\"FromPort\":443,\"IpProtocol\":\"tcp\",\"ToPort\":443}],\"Tags\":[{\"Key\":\"Name\",\"Value\":\"ecs-moodle-stack/moodle-vpc\"},{\"Key\":\"use\",\"Value\":\"terraformer\"}],\"VpcId\":{\"Ref\":\"moodlevpcBC9D4C73\"}},\"Type\":\"AWS::EC2::SecurityGroup\"},\"moodlevpcflowlogtocloudwatchFlowLogCF7FFF52\":{\"Metadata\":{\"aws:cdk:path\":\"ecs-moodle-stack/moodle-vpc/flowlog-to-cloudwatch/FlowLog\"},\"Properties\":{\"DeliverLogsPermissionArn\":{\"Fn::GetAtt\":[\"moodlevpcflowlogtocloudwatchIAMRole9F81A053\",\"Arn\"]},\"LogDestinationType\":\"cloud-watch-logs\",\"LogGroupName\":{\"Ref\":\"moodlevpcflowlogtocloudwatchLogGroup436624C1\"},\"ResourceId\":{\"Ref\":\"moodlevpcBC9D4C73\"},\"ResourceType\":\"VPC\",\"Tags\":[{\"Key\":\"Name\",\"Value\":\"ecs-moodle-stack/moodle-vpc\"},{\"Key\":\"use\",\"Value\":\"terraformer\"}],\"TrafficType\":\"ALL\"},\"Type\":\"AWS::EC2::FlowLog\"},\"moodlevpcflowlogtocloudwatchIAMRole9F81A053\":{\"Metadata\":{\"aws:cdk:path\":\"ecs-moodle-stack/moodle-vpc/flowlog-to-cloudwatch/IAMRole/Resource\"},\"Properties\":{\"AssumeRolePolicyDocument\":{\"Statement\":[{\"Action\":\"sts:AssumeRole\",\"Effect\":\"Allow\",\"Principal\":{\"Service\":\"vpc-flow-logs.amazonaws.com\"}}],\"Version\":\"2012-10-17\"},\"Tags\":[{\"Key\":\"Name\",\"Value\":\"ecs-moodle-stack/moodle-vpc\"},{\"Key\":\"use\",\"Value\":\"terraformer\"}]},\"Type\":\"AWS::IAM::Role\"},\"moodlevpcflowlogtocloudwatchIAMRoleDefaultPolicy8B9F4BE3\":{\"Metadata\":{\"aws:cdk:path\":\"ecs-moodle-stack/moodle-vpc/flowlog-to-cloudwatch/IAMRole/DefaultPolicy/Resource\"},\"Properties\":{\"PolicyDocument\":{\"Statement\":[{\"Action\":[\"logs:CreateLogStream\",\"logs:PutLogEvents\",\"logs:DescribeLogStreams\"],\"Effect\":\"Allow\",\"Resource\":{\"Fn::GetAtt\":[\"moodlevpcflowlogtocloudwatchLogGroup436624C1\",\"Arn\"]}},{\"Action\":\"iam:PassRole\",\"Effect\":\"Allow\",\"Resource\":{\"Fn::GetAtt\":[\"moodlevpcflowlogtocloudwatchIAMRole9F81A053\",\"Arn\"]}}],\"Version\":\"2012-10-17\"},\"PolicyName\":\"moodlevpcflowlogtocloudwatchIAMRoleDefaultPolicy8B9F4BE3\",\"Roles\":[{\"Ref\":\"moodlevpcflowlogtocloudwatchIAMRole9F81A053\"}]},\"Type\":\"AWS::IAM::Policy\"},\"moodlevpcflowlogtocloudwatchLogGroup436624C1\":{\"DeletionPolicy\":\"Retain\",\"Metadata\":{\"aws:cdk:path\":\"ecs-moodle-stack/moodle-vpc/flowlog-to-cloudwatch/LogGroup/Resource\"},\"Properties\":{\"RetentionInDays\":731,\"Tags\":[{\"Key\":\"Name\",\"Value\":\"ecs-moodle-stack/moodle-vpc\"},{\"Key\":\"use\",\"Value\":\"terraformer\"}]},\"Type\":\"AWS::Logs::LogGroup\",\"UpdateReplacePolicy\":\"Retain\"},\"moodlevpcs3vpcendpointC32B0DBA\":{\"Metadata\":{\"aws:cdk:path\":\"ecs-moodle-stack/moodle-vpc/s3-vpc-endpoint/Resource\"},\"Properties\":{\"RouteTableIds\":[{\"Ref\":\"moodlevpcPrivateSubnet1RouteTableE7BD8FD7\"},{\"Ref\":\"moodlevpcPrivateSubnet2RouteTableE8F2B71E\"},{\"Ref\":\"moodlevpcPublicSubnet1RouteTableC5B1D43E\"},{\"Ref\":\"moodlevpcPublicSubnet2RouteTable522FAD12\"}],\"ServiceName\":{\"Fn::Join\":[\"\",[\"com.amazonaws.\",{\"Ref\":\"AWS::Region\"},\".s3\"]]},\"VpcEndpointType\":\"Gateway\",\"VpcId\":{\"Ref\":\"moodlevpcBC9D4C73\"}},\"Type\":\"AWS::EC2::VPCEndpoint\"},\"rdseventsubscription\":{\"Metadata\":{\"aws:cdk:path\":\"ecs-moodle-stack/rds-event-subscription\"},\"Properties\":{\"Enabled\":true,\"EventCategories\":[\"availability\",\"configuration change\",\"failure\",\"maintenance\",\"low storage\"],\"SnsTopicArn\":{\"Ref\":\"rdseventsubscriptiontopicFF8A7653\"},\"SourceType\":\"db-instance\",\"Tags\":[{\"Key\":\"use\",\"Value\":\"terraformer\"}]},\"Type\":\"AWS::RDS::EventSubscription\"},\"rdseventsubscriptiontopicFF8A7653\":{\"Metadata\":{\"aws:cdk:path\":\"ecs-moodle-stack/rds-event-subscription-topic/Resource\"},\"Properties\":{\"Tags\":[{\"Key\":\"use\",\"Value\":\"terraformer\"}]},\"Type\":\"AWS::SNS::Topic\"},\"rdseventsubscriptiontopicuserexamplecomCF3BE667\":{\"Metadata\":{\"aws:cdk:path\":\"ecs-moodle-stack/rds-event-subscription-topic/user@example.com/Resource\"},\"Properties\":{\"Endpoint\":\"user@example.com\",\"Protocol\":\"email\",\"TopicArn\":{\"Ref\":\"rdseventsubscriptiontopicFF8A7653\"}},\"Type\":\"AWS::SNS::Subscription\"},\"redissubnetgroup\":{\"Metadata\":{\"aws:cdk:path\":\"ecs-moodle-stack/redis-subnet-group\"},\"Properties\":{\"CacheSubnetGroupName\":\"ecsmoodlestack-redis-subnet-group\",\"Description\":\"Moodle Redis Subnet Group\",\"SubnetIds\":[{\"Ref\":\"moodlevpcPrivateSubnet1SubnetEF479E8E\"},{\"Ref\":\"moodlevpcPrivateSubnet2Subnet9E0A2679\"}],\"Tags\":[{\"Key\":\"use\",\"Value\":\"terraformer\"}]},\"Type\":\"AWS::ElastiCache::SubnetGroup\"}},\"Rules\":{\"CheckBootstrapVersion\":{\"Assertions\":[{\"Assert\":{\"Fn::Not\":[{\"Fn::Contains\":[[\"1\",\"2\",\"3\",\"4\",\"5\"],{\"Ref\":\"BootstrapVersion\"}]}]},\"AssertDescription\":\"CDK bootstrap stack version 6 required. Please run 'cdk bootstrap' with a recent version of the CDK CLI.\"}]}}}",
                            "timeout_in_minutes": "0"
                        },
                        "meta": {
                            "schema_version": 0
                        },
                        "tainted": false
                    },
                    "deposed": [],
                    "provider": "provider.aws"
                },
                "aws_cloudfront_distribution.tfer--EDBP7IYT7GVVK": {
                    "type": "aws_cloudfront_distribution",
                    "depends_on": [],
                    "primary": {
                        "id": "EDBP7IYT7GVVK",
                        "attributes": {
                            "aliases.#": "1",
                            "aliases.0": "devmoodle.eclaritylearning.ca",
                            "arn": "arn:aws:cloudfront::760578178066:distribution/EDBP7IYT7GVVK",
                            "caller_reference": "2274d162-daf1-4144-bf6e-1741b5700215",
                            "continuous_deployment_policy_id": "",
                            "custom_error_response.#": "0",
                            "default_cache_behavior.#": "1",
                            "default_cache_behavior.0.allowed_methods.#": "7",
                            "default_cache_behavior.0.allowed_methods.0": "DELETE",
                            "default_cache_behavior.0.allowed_methods.1": "GET",
                            "default_cache_behavior.0.allowed_methods.2": "HEAD",
                            "default_cache_behavior.0.allowed_methods.3": "OPTIONS",
                            "default_cache_behavior.0.allowed_methods.4": "PATCH",
                            "default_cache_behavior.0.allowed_methods.5": "POST",
                            "default_cache_behavior.0.allowed_methods.6": "PUT",
                            "default_cache_behavior.0.cache_policy_id": "4135ea2d-6df8-44a3-9df3-4b5a84be39ad",
                            "default_cache_behavior.0.cached_methods.#": "2",
                            "default_cache_behavior.0.cached_methods.0": "GET",
                            "default_cache_behavior.0.cached_methods.1": "HEAD",
                            "default_cache_behavior.0.compress": "true",
                            "default_cache_behavior.0.default_ttl": "0",
                            "default_cache_behavior.0.field_level_encryption_id": "",
                            "default_cache_behavior.0.forwarded_values.#": "0",
                            "default_cache_behavior.0.function_association.#": "0",
                            "default_cache_behavior.0.lambda_function_association.#": "0",
                            "default_cache_behavior.0.max_ttl": "0",
                            "default_cache_behavior.0.min_ttl": "0",
                            "default_cache_behavior.0.origin_request_policy_id": "216adef6-5c7f-47e4-b989-5492eafa07d3",
                            "default_cache_behavior.0.realtime_log_config_arn": "",
                            "default_cache_behavior.0.response_headers_policy_id": "",
                            "default_cache_behavior.0.smooth_streaming": "false",
                            "default_cache_behavior.0.target_origin_id": "ecsmoodlestackmoodleecsdistOrigin1C2737DD0",
                            "default_cache_behavior.0.trusted_key_groups.#": "0",
                            "default_cache_behavior.0.trusted_signers.#": "0",
                            "default_cache_behavior.0.viewer_protocol_policy": "redirect-to-https",
                            "default_root_object": "",
                            "domain_name": "d2d2f4uu9iurih.cloudfront.net",
                            "enabled": "true",
                            "etag": "E2S3NQK117B7JA",
                            "hosted_zone_id": "Z2FDTNDATAQYW2",
                            "http_version": "http2",
                            "id": "EDBP7IYT7GVVK",
                            "in_progress_validation_batches": "0",
                            "is_ipv6_enabled": "true",
                            "last_modified_time": "2024-06-10 20:05:54.424 +0000 UTC",
                            "logging_config.#": "0",
                            "ordered_cache_behavior.#": "0",
                            "origin.#": "1",
                            "origin.0.connection_attempts": "3",
                            "origin.0.connection_timeout": "10",
                            "origin.0.custom_header.#": "0",
                            "origin.0.custom_origin_config.#": "1",
                            "origin.0.custom_origin_config.0.http_port": "80",
                            "origin.0.custom_origin_config.0.https_port": "443",
                            "origin.0.custom_origin_config.0.origin_keepalive_timeout": "5",
                            "origin.0.custom_origin_config.0.origin_protocol_policy": "https-only",
                            "origin.0.custom_origin_config.0.origin_read_timeout": "60",
                            "origin.0.custom_origin_config.0.origin_ssl_protocols.#": "1",
                            "origin.0.custom_origin_config.0.origin_ssl_protocols.0": "TLSv1.2",
                            "origin.0.domain_name": "moodle-ecs-alb-470398127.us-east-1.elb.amazonaws.com",
                            "origin.0.origin_access_control_id": "",
                            "origin.0.origin_id": "ecsmoodlestackmoodleecsdistOrigin1C2737DD0",
                            "origin.0.origin_path": "",
                            "origin.0.origin_shield.#": "0",
                            "origin.0.s3_origin_config.#": "0",
                            "price_class": "PriceClass_All",
                            "restrictions.#": "1",
                            "restrictions.0.geo_restriction.#": "1",
                            "restrictions.0.geo_restriction.0.locations.#": "0",
                            "restrictions.0.geo_restriction.0.restriction_type": "none",
                            "retain_on_delete": "false",
                            "staging": "false",
                            "status": "Deployed",
                            "tags.%": "1",
                            "tags.use": "terraformer",
                            "tags_all.%": "1",
                            "tags_all.use": "terraformer",
                            "trusted_key_groups.#": "1",
                            "trusted_key_groups.0.enabled": "false",
                            "trusted_key_groups.0.items.#": "0",
                            "trusted_signers.#": "1",
                            "trusted_signers.0.enabled": "false",
                            "trusted_signers.0.items.#": "0",
                            "viewer_certificate.#": "1",
                            "viewer_certificate.0.acm_certificate_arn": "arn:aws:acm:us-east-1:760578178066:certificate/4391e9c3-57ba-4346-a433-936c5e2f5233",
                            "viewer_certificate.0.cloudfront_default_certificate": "false",
                            "viewer_certificate.0.iam_certificate_id": "",
                            "viewer_certificate.0.minimum_protocol_version": "TLSv1.2_2021",
                            "viewer_certificate.0.ssl_support_method": "sni-only",
                            "web_acl_id": "arn:aws:wafv2:us-east-1:760578178066:global/webacl/moodle-cf-waf-acl/5a106c62-3523-46db-b023-626652a2626f"
                        },
                        "meta": {
                            "schema_version": 1
                        },
                        "tainted": false
                    },
                    "deposed": [],
                    "provider": "provider.aws"
                },
                "aws_cloudtrail.tfer--ecs-moodle-stack-cloudtrailtrail59842059-PZHGpGlSBXeb": {
                    "type": "aws_cloudtrail",
                    "depends_on": [],
                    "primary": {
                        "id": "ecs-moodle-stack-cloudtrailtrail59842059-PZHGpGlSBXeb",
                        "attributes": {
                            "arn": "arn:aws:cloudtrail:us-east-1:760578178066:trail/ecs-moodle-stack-cloudtrailtrail59842059-PZHGpGlSBXeb",
                            "cloud_watch_logs_group_arn": "",
                            "cloud_watch_logs_role_arn": "",
                            "enable_log_file_validation": "true",
                            "enable_logging": "true",
                            "home_region": "us-east-1",
                            "id": "ecs-moodle-stack-cloudtrailtrail59842059-PZHGpGlSBXeb",
                            "include_global_service_events": "true",
                            "is_multi_region_trail": "true",
                            "is_organization_trail": "false",
                            "kms_key_id": "",
                            "name": "ecs-moodle-stack-cloudtrailtrail59842059-PZHGpGlSBXeb",
                            "s3_bucket_name": "ecs-moodle-stack-cloudtrailbucket4e585f26-iubxb1iofhxm",
                            "s3_key_prefix": "",
                            "sns_topic_name": "",
                            "tags.%": "1",
                            "tags.use": "terraformer",
                            "tags_all.%": "1",
                            "tags_all.use": "terraformer"
                        },
                        "meta": {
                            "schema_version": 1
                        },
                        "tainted": false
                    },
                    "deposed": [],
                    "provider": "provider.aws"
                },
                "aws_cloudwatch_log_group.tfer--ecs-moodle-stack-moodletaskdefmoodlecontainerLogGroup581119A2-AjGIYbRD5Boa": {
                    "type": "aws_cloudwatch_log_group",
                    "depends_on": [],
                    "primary": {
                        "id": "ecs-moodle-stack-moodletaskdefmoodlecontainerLogGroup581119A2-AjGIYbRD5Boa",
                        "attributes": {
                            "arn": "arn:aws:logs:us-east-1:760578178066:log-group:ecs-moodle-stack-moodletaskdefmoodlecontainerLogGroup581119A2-AjGIYbRD5Boa",
                            "id": "ecs-moodle-stack-moodletaskdefmoodlecontainerLogGroup581119A2-AjGIYbRD5Boa",
                            "kms_key_id": "",
                            "log_group_class": "STANDARD",
                            "name": "ecs-moodle-stack-moodletaskdefmoodlecontainerLogGroup581119A2-AjGIYbRD5Boa",
                            "name_prefix": "",
                            "retention_in_days": "0",
                            "skip_destroy": "false",
                            "tags.%": "1",
                            "tags.use": "terraformer",
                            "tags_all.%": "1",
                            "tags_all.use": "terraformer"
                        },
                        "meta": {
                            "schema_version": 0
                        },
                        "tainted": false
                    },
                    "deposed": [],
                    "provider": "provider.aws"
                },
                "aws_cloudwatch_log_group.tfer--ecs-moodle-stack-moodletaskdefmoodlecontainerLogGroup581119A2-DbIG8yPWBL3N": {
                    "type": "aws_cloudwatch_log_group",
                    "depends_on": [],
                    "primary": {
                        "id": "ecs-moodle-stack-moodletaskdefmoodlecontainerLogGroup581119A2-DbIG8yPWBL3N",
                        "attributes": {
                            "arn": "arn:aws:logs:us-east-1:760578178066:log-group:ecs-moodle-stack-moodletaskdefmoodlecontainerLogGroup581119A2-DbIG8yPWBL3N",
                            "id": "ecs-moodle-stack-moodletaskdefmoodlecontainerLogGroup581119A2-DbIG8yPWBL3N",
                            "kms_key_id": "",
                            "log_group_class": "STANDARD",
                            "name": "ecs-moodle-stack-moodletaskdefmoodlecontainerLogGroup581119A2-DbIG8yPWBL3N",
                            "name_prefix": "",
                            "retention_in_days": "0",
                            "skip_destroy": "false",
                            "tags.%": "1",
                            "tags.use": "terraformer",
                            "tags_all.%": "1",
                            "tags_all.use": "terraformer"
                        },
                        "meta": {
                            "schema_version": 0
                        },
                        "tainted": false
                    },
                    "deposed": [],
                    "provider": "provider.aws"
                },
                "aws_cloudwatch_log_group.tfer--ecs-moodle-stack-moodletaskdefmoodlecontainerLogGroup581119A2-F2fe9WAlQmzF": {
                    "type": "aws_cloudwatch_log_group",
                    "depends_on": [],
                    "primary": {
                        "id": "ecs-moodle-stack-moodletaskdefmoodlecontainerLogGroup581119A2-F2fe9WAlQmzF",
                        "attributes": {
                            "arn": "arn:aws:logs:us-east-1:760578178066:log-group:ecs-moodle-stack-moodletaskdefmoodlecontainerLogGroup581119A2-F2fe9WAlQmzF",
                            "id": "ecs-moodle-stack-moodletaskdefmoodlecontainerLogGroup581119A2-F2fe9WAlQmzF",
                            "kms_key_id": "",
                            "log_group_class": "STANDARD",
                            "name": "ecs-moodle-stack-moodletaskdefmoodlecontainerLogGroup581119A2-F2fe9WAlQmzF",
                            "name_prefix": "",
                            "retention_in_days": "0",
                            "skip_destroy": "false",
                            "tags.%": "1",
                            "tags.use": "terraformer",
                            "tags_all.%": "1",
                            "tags_all.use": "terraformer"
                        },
                        "meta": {
                            "schema_version": 0
                        },
                        "tainted": false
                    },
                    "deposed": [],
                    "provider": "provider.aws"
                },
                "aws_cloudwatch_log_group.tfer--ecs-moodle-stack-moodletaskdefmoodlecontainerLogGroup581119A2-M2qRp30LLToj": {
                    "type": "aws_cloudwatch_log_group",
                    "depends_on": [],
                    "primary": {
                        "id": "ecs-moodle-stack-moodletaskdefmoodlecontainerLogGroup581119A2-M2qRp30LLToj",
                        "attributes": {
                            "arn": "arn:aws:logs:us-east-1:760578178066:log-group:ecs-moodle-stack-moodletaskdefmoodlecontainerLogGroup581119A2-M2qRp30LLToj",
                            "id": "ecs-moodle-stack-moodletaskdefmoodlecontainerLogGroup581119A2-M2qRp30LLToj",
                            "kms_key_id": "",
                            "log_group_class": "STANDARD",
                            "name": "ecs-moodle-stack-moodletaskdefmoodlecontainerLogGroup581119A2-M2qRp30LLToj",
                            "name_prefix": "",
                            "retention_in_days": "0",
                            "skip_destroy": "false",
                            "tags.%": "1",
                            "tags.use": "terraformer",
                            "tags_all.%": "1",
                            "tags_all.use": "terraformer"
                        },
                        "meta": {
                            "schema_version": 0
                        },
                        "tainted": false
                    },
                    "deposed": [],
                    "provider": "provider.aws"
                },
                "aws_cloudwatch_log_group.tfer--ecs-moodle-stack-moodletaskdefmoodlecontainerLogGroup581119A2-No516Li8loDM": {
                    "type": "aws_cloudwatch_log_group",
                    "depends_on": [],
                    "primary": {
                        "id": "ecs-moodle-stack-moodletaskdefmoodlecontainerLogGroup581119A2-No516Li8loDM",
                        "attributes": {
                            "arn": "arn:aws:logs:us-east-1:760578178066:log-group:ecs-moodle-stack-moodletaskdefmoodlecontainerLogGroup581119A2-No516Li8loDM",
                            "id": "ecs-moodle-stack-moodletaskdefmoodlecontainerLogGroup581119A2-No516Li8loDM",
                            "kms_key_id": "",
                            "log_group_class": "STANDARD",
                            "name": "ecs-moodle-stack-moodletaskdefmoodlecontainerLogGroup581119A2-No516Li8loDM",
                            "name_prefix": "",
                            "retention_in_days": "0",
                            "skip_destroy": "false",
                            "tags.%": "1",
                            "tags.use": "terraformer",
                            "tags_all.%": "1",
                            "tags_all.use": "terraformer"
                        },
                        "meta": {
                            "schema_version": 0
                        },
                        "tainted": false
                    },
                    "deposed": [],
                    "provider": "provider.aws"
                },
                "aws_cloudwatch_log_group.tfer--ecs-moodle-stack-moodletaskdefmoodlecontainerLogGroup581119A2-Q5cXjEUeDwVp": {
                    "type": "aws_cloudwatch_log_group",
                    "depends_on": [],
                    "primary": {
                        "id": "ecs-moodle-stack-moodletaskdefmoodlecontainerLogGroup581119A2-Q5cXjEUeDwVp",
                        "attributes": {
                            "arn": "arn:aws:logs:us-east-1:760578178066:log-group:ecs-moodle-stack-moodletaskdefmoodlecontainerLogGroup581119A2-Q5cXjEUeDwVp",
                            "id": "ecs-moodle-stack-moodletaskdefmoodlecontainerLogGroup581119A2-Q5cXjEUeDwVp",
                            "kms_key_id": "",
                            "log_group_class": "STANDARD",
                            "name": "ecs-moodle-stack-moodletaskdefmoodlecontainerLogGroup581119A2-Q5cXjEUeDwVp",
                            "name_prefix": "",
                            "retention_in_days": "0",
                            "skip_destroy": "false",
                            "tags.%": "1",
                            "tags.use": "terraformer",
                            "tags_all.%": "1",
                            "tags_all.use": "terraformer"
                        },
                        "meta": {
                            "schema_version": 0
                        },
                        "tainted": false
                    },
                    "deposed": [],
                    "provider": "provider.aws"
                },
                "aws_cloudwatch_log_group.tfer--ecs-moodle-stack-moodletaskdefmoodlecontainerLogGroup581119A2-SobFeQ17HplA": {
                    "type": "aws_cloudwatch_log_group",
                    "depends_on": [],
                    "primary": {
                        "id": "ecs-moodle-stack-moodletaskdefmoodlecontainerLogGroup581119A2-SobFeQ17HplA",
                        "attributes": {
                            "arn": "arn:aws:logs:us-east-1:760578178066:log-group:ecs-moodle-stack-moodletaskdefmoodlecontainerLogGroup581119A2-SobFeQ17HplA",
                            "id": "ecs-moodle-stack-moodletaskdefmoodlecontainerLogGroup581119A2-SobFeQ17HplA",
                            "kms_key_id": "",
                            "log_group_class": "STANDARD",
                            "name": "ecs-moodle-stack-moodletaskdefmoodlecontainerLogGroup581119A2-SobFeQ17HplA",
                            "name_prefix": "",
                            "retention_in_days": "0",
                            "skip_destroy": "false",
                            "tags.%": "1",
                            "tags.use": "terraformer",
                            "tags_all.%": "1",
                            "tags_all.use": "terraformer"
                        },
                        "meta": {
                            "schema_version": 0
                        },
                        "tainted": false
                    },
                    "deposed": [],
                    "provider": "provider.aws"
                },
                "aws_cloudwatch_log_group.tfer--ecs-moodle-stack-moodletaskdefmoodlecontainerLogGroup581119A2-UGupWbld7RJF": {
                    "type": "aws_cloudwatch_log_group",
                    "depends_on": [],
                    "primary": {
                        "id": "ecs-moodle-stack-moodletaskdefmoodlecontainerLogGroup581119A2-UGupWbld7RJF",
                        "attributes": {
                            "arn": "arn:aws:logs:us-east-1:760578178066:log-group:ecs-moodle-stack-moodletaskdefmoodlecontainerLogGroup581119A2-UGupWbld7RJF",
                            "id": "ecs-moodle-stack-moodletaskdefmoodlecontainerLogGroup581119A2-UGupWbld7RJF",
                            "kms_key_id": "",
                            "log_group_class": "STANDARD",
                            "name": "ecs-moodle-stack-moodletaskdefmoodlecontainerLogGroup581119A2-UGupWbld7RJF",
                            "name_prefix": "",
                            "retention_in_days": "0",
                            "skip_destroy": "false",
                            "tags.%": "1",
                            "tags.use": "terraformer",
                            "tags_all.%": "1",
                            "tags_all.use": "terraformer"
                        },
                        "meta": {
                            "schema_version": 0
                        },
                        "tainted": false
                    },
                    "deposed": [],
                    "provider": "provider.aws"
                },
                "aws_cloudwatch_log_group.tfer--ecs-moodle-stack-moodletaskdefmoodlecontainerLogGroup581119A2-WusNA4DGNSnN": {
                    "type": "aws_cloudwatch_log_group",
                    "depends_on": [],
                    "primary": {
                        "id": "ecs-moodle-stack-moodletaskdefmoodlecontainerLogGroup581119A2-WusNA4DGNSnN",
                        "attributes": {
                            "arn": "arn:aws:logs:us-east-1:760578178066:log-group:ecs-moodle-stack-moodletaskdefmoodlecontainerLogGroup581119A2-WusNA4DGNSnN",
                            "id": "ecs-moodle-stack-moodletaskdefmoodlecontainerLogGroup581119A2-WusNA4DGNSnN",
                            "kms_key_id": "",
                            "log_group_class": "STANDARD",
                            "name": "ecs-moodle-stack-moodletaskdefmoodlecontainerLogGroup581119A2-WusNA4DGNSnN",
                            "name_prefix": "",
                            "retention_in_days": "0",
                            "skip_destroy": "false",
                            "tags.%": "1",
                            "tags.use": "terraformer",
                            "tags_all.%": "1",
                            "tags_all.use": "terraformer"
                        },
                        "meta": {
                            "schema_version": 0
                        },
                        "tainted": false
                    },
                    "deposed": [],
                    "provider": "provider.aws"
                },
                "aws_cloudwatch_log_group.tfer--ecs-moodle-stack-moodletaskdefmoodlecontainerLogGroup581119A2-groZxct6X1zl": {
                    "type": "aws_cloudwatch_log_group",
                    "depends_on": [],
                    "primary": {
                        "id": "ecs-moodle-stack-moodletaskdefmoodlecontainerLogGroup581119A2-groZxct6X1zl",
                        "attributes": {
                            "arn": "arn:aws:logs:us-east-1:760578178066:log-group:ecs-moodle-stack-moodletaskdefmoodlecontainerLogGroup581119A2-groZxct6X1zl",
                            "id": "ecs-moodle-stack-moodletaskdefmoodlecontainerLogGroup581119A2-groZxct6X1zl",
                            "kms_key_id": "",
                            "log_group_class": "STANDARD",
                            "name": "ecs-moodle-stack-moodletaskdefmoodlecontainerLogGroup581119A2-groZxct6X1zl",
                            "name_prefix": "",
                            "retention_in_days": "0",
                            "skip_destroy": "false",
                            "tags.%": "1",
                            "tags.use": "terraformer",
                            "tags_all.%": "1",
                            "tags_all.use": "terraformer"
                        },
                        "meta": {
                            "schema_version": 0
                        },
                        "tainted": false
                    },
                    "deposed": [],
                    "provider": "provider.aws"
                },
                "aws_cloudwatch_log_group.tfer--ecs-moodle-stack-moodletaskdefmoodlecontainerLogGroup581119A2-hnkbEhgje06X": {
                    "type": "aws_cloudwatch_log_group",
                    "depends_on": [],
                    "primary": {
                        "id": "ecs-moodle-stack-moodletaskdefmoodlecontainerLogGroup581119A2-hnkbEhgje06X",
                        "attributes": {
                            "arn": "arn:aws:logs:us-east-1:760578178066:log-group:ecs-moodle-stack-moodletaskdefmoodlecontainerLogGroup581119A2-hnkbEhgje06X",
                            "id": "ecs-moodle-stack-moodletaskdefmoodlecontainerLogGroup581119A2-hnkbEhgje06X",
                            "kms_key_id": "",
                            "log_group_class": "STANDARD",
                            "name": "ecs-moodle-stack-moodletaskdefmoodlecontainerLogGroup581119A2-hnkbEhgje06X",
                            "name_prefix": "",
                            "retention_in_days": "0",
                            "skip_destroy": "false",
                            "tags.%": "1",
                            "tags.use": "terraformer",
                            "tags_all.%": "1",
                            "tags_all.use": "terraformer"
                        },
                        "meta": {
                            "schema_version": 0
                        },
                        "tainted": false
                    },
                    "deposed": [],
                    "provider": "provider.aws"
                },
                "aws_cloudwatch_log_group.tfer--ecs-moodle-stack-moodletaskdefmoodlecontainerLogGroup581119A2-rHub36zaMJN8": {
                    "type": "aws_cloudwatch_log_group",
                    "depends_on": [],
                    "primary": {
                        "id": "ecs-moodle-stack-moodletaskdefmoodlecontainerLogGroup581119A2-rHub36zaMJN8",
                        "attributes": {
                            "arn": "arn:aws:logs:us-east-1:760578178066:log-group:ecs-moodle-stack-moodletaskdefmoodlecontainerLogGroup581119A2-rHub36zaMJN8",
                            "id": "ecs-moodle-stack-moodletaskdefmoodlecontainerLogGroup581119A2-rHub36zaMJN8",
                            "kms_key_id": "",
                            "log_group_class": "STANDARD",
                            "name": "ecs-moodle-stack-moodletaskdefmoodlecontainerLogGroup581119A2-rHub36zaMJN8",
                            "name_prefix": "",
                            "retention_in_days": "0",
                            "skip_destroy": "false",
                            "tags.%": "1",
                            "tags.use": "terraformer",
                            "tags_all.%": "1",
                            "tags_all.use": "terraformer"
                        },
                        "meta": {
                            "schema_version": 0
                        },
                        "tainted": false
                    },
                    "deposed": [],
                    "provider": "provider.aws"
                },
                "aws_cloudwatch_log_group.tfer--ecs-moodle-stack-moodletaskdefmoodlecontainerLogGroup581119A2-tx6qIP53UZN7": {
                    "type": "aws_cloudwatch_log_group",
                    "depends_on": [],
                    "primary": {
                        "id": "ecs-moodle-stack-moodletaskdefmoodlecontainerLogGroup581119A2-tx6qIP53UZN7",
                        "attributes": {
                            "arn": "arn:aws:logs:us-east-1:760578178066:log-group:ecs-moodle-stack-moodletaskdefmoodlecontainerLogGroup581119A2-tx6qIP53UZN7",
                            "id": "ecs-moodle-stack-moodletaskdefmoodlecontainerLogGroup581119A2-tx6qIP53UZN7",
                            "kms_key_id": "",
                            "log_group_class": "STANDARD",
                            "name": "ecs-moodle-stack-moodletaskdefmoodlecontainerLogGroup581119A2-tx6qIP53UZN7",
                            "name_prefix": "",
                            "retention_in_days": "0",
                            "skip_destroy": "false",
                            "tags.%": "1",
                            "tags.use": "terraformer",
                            "tags_all.%": "1",
                            "tags_all.use": "terraformer"
                        },
                        "meta": {
                            "schema_version": 0
                        },
                        "tainted": false
                    },
                    "deposed": [],
                    "provider": "provider.aws"
                },
                "aws_cloudwatch_log_group.tfer--ecs-moodle-stack-moodletaskdefmoodlecontainerLogGroup581119A2-xkkH6yNlz7DN": {
                    "type": "aws_cloudwatch_log_group",
                    "depends_on": [],
                    "primary": {
                        "id": "ecs-moodle-stack-moodletaskdefmoodlecontainerLogGroup581119A2-xkkH6yNlz7DN",
                        "attributes": {
                            "arn": "arn:aws:logs:us-east-1:760578178066:log-group:ecs-moodle-stack-moodletaskdefmoodlecontainerLogGroup581119A2-xkkH6yNlz7DN",
                            "id": "ecs-moodle-stack-moodletaskdefmoodlecontainerLogGroup581119A2-xkkH6yNlz7DN",
                            "kms_key_id": "",
                            "log_group_class": "STANDARD",
                            "name": "ecs-moodle-stack-moodletaskdefmoodlecontainerLogGroup581119A2-xkkH6yNlz7DN",
                            "name_prefix": "",
                            "retention_in_days": "0",
                            "skip_destroy": "false",
                            "tags.%": "1",
                            "tags.use": "terraformer",
                            "tags_all.%": "1",
                            "tags_all.use": "terraformer"
                        },
                        "meta": {
                            "schema_version": 0
                        },
                        "tainted": false
                    },
                    "deposed": [],
                    "provider": "provider.aws"
                },
                "aws_cloudwatch_log_group.tfer--ecs-moodle-stack-moodlevpcflowlogtocloudwatchLogGroup436624C1-6RfNJNJ3woJz": {
                    "type": "aws_cloudwatch_log_group",
                    "depends_on": [],
                    "primary": {
                        "id": "ecs-moodle-stack-moodlevpcflowlogtocloudwatchLogGroup436624C1-6RfNJNJ3woJz",
                        "attributes": {
                            "arn": "arn:aws:logs:us-east-1:760578178066:log-group:ecs-moodle-stack-moodlevpcflowlogtocloudwatchLogGroup436624C1-6RfNJNJ3woJz",
                            "id": "ecs-moodle-stack-moodlevpcflowlogtocloudwatchLogGroup436624C1-6RfNJNJ3woJz",
                            "kms_key_id": "",
                            "log_group_class": "STANDARD",
                            "name": "ecs-moodle-stack-moodlevpcflowlogtocloudwatchLogGroup436624C1-6RfNJNJ3woJz",
                            "name_prefix": "",
                            "retention_in_days": "731",
                            "skip_destroy": "false",
                            "tags.%": "2",
                            "tags.Name": "ecs-moodle-stack/moodle-vpc",
                            "tags.use": "terraformer",
                            "tags_all.%": "2",
                            "tags_all.Name": "ecs-moodle-stack/moodle-vpc",
                            "tags_all.use": "terraformer"
                        },
                        "meta": {
                            "schema_version": 0
                        },
                        "tainted": false
                    },
                    "deposed": [],
                    "provider": "provider.aws"
                },
                "aws_cloudwatch_log_group.tfer--ecs-moodle-stack-moodlevpcflowlogtocloudwatchLogGroup436624C1-LlFKLghvjBlc": {
                    "type": "aws_cloudwatch_log_group",
                    "depends_on": [],
                    "primary": {
                        "id": "ecs-moodle-stack-moodlevpcflowlogtocloudwatchLogGroup436624C1-LlFKLghvjBlc",
                        "attributes": {
                            "arn": "arn:aws:logs:us-east-1:760578178066:log-group:ecs-moodle-stack-moodlevpcflowlogtocloudwatchLogGroup436624C1-LlFKLghvjBlc",
                            "id": "ecs-moodle-stack-moodlevpcflowlogtocloudwatchLogGroup436624C1-LlFKLghvjBlc",
                            "kms_key_id": "",
                            "log_group_class": "STANDARD",
                            "name": "ecs-moodle-stack-moodlevpcflowlogtocloudwatchLogGroup436624C1-LlFKLghvjBlc",
                            "name_prefix": "",
                            "retention_in_days": "731",
                            "skip_destroy": "false",
                            "tags.%": "2",
                            "tags.Name": "ecs-moodle-stack/moodle-vpc",
                            "tags.use": "terraformer",
                            "tags_all.%": "2",
                            "tags_all.Name": "ecs-moodle-stack/moodle-vpc",
                            "tags_all.use": "terraformer"
                        },
                        "meta": {
                            "schema_version": 0
                        },
                        "tainted": false
                    },
                    "deposed": [],
                    "provider": "provider.aws"
                },
                "aws_cloudwatch_log_group.tfer--ecs-moodle-stack-moodlevpcflowlogtocloudwatchLogGroup436624C1-M29o0UpVQcup": {
                    "type": "aws_cloudwatch_log_group",
                    "depends_on": [],
                    "primary": {
                        "id": "ecs-moodle-stack-moodlevpcflowlogtocloudwatchLogGroup436624C1-M29o0UpVQcup",
                        "attributes": {
                            "arn": "arn:aws:logs:us-east-1:760578178066:log-group:ecs-moodle-stack-moodlevpcflowlogtocloudwatchLogGroup436624C1-M29o0UpVQcup",
                            "id": "ecs-moodle-stack-moodlevpcflowlogtocloudwatchLogGroup436624C1-M29o0UpVQcup",
                            "kms_key_id": "",
                            "log_group_class": "STANDARD",
                            "name": "ecs-moodle-stack-moodlevpcflowlogtocloudwatchLogGroup436624C1-M29o0UpVQcup",
                            "name_prefix": "",
                            "retention_in_days": "731",
                            "skip_destroy": "false",
                            "tags.%": "2",
                            "tags.Name": "ecs-moodle-stack/moodle-vpc",
                            "tags.use": "terraformer",
                            "tags_all.%": "2",
                            "tags_all.Name": "ecs-moodle-stack/moodle-vpc",
                            "tags_all.use": "terraformer"
                        },
                        "meta": {
                            "schema_version": 0
                        },
                        "tainted": false
                    },
                    "deposed": [],
                    "provider": "provider.aws"
                },
                "aws_cloudwatch_log_group.tfer--ecs-moodle-stack-moodlevpcflowlogtocloudwatchLogGroup436624C1-Mc3g0fLmyT8k": {
                    "type": "aws_cloudwatch_log_group",
                    "depends_on": [],
                    "primary": {
                        "id": "ecs-moodle-stack-moodlevpcflowlogtocloudwatchLogGroup436624C1-Mc3g0fLmyT8k",
                        "attributes": {
                            "arn": "arn:aws:logs:us-east-1:760578178066:log-group:ecs-moodle-stack-moodlevpcflowlogtocloudwatchLogGroup436624C1-Mc3g0fLmyT8k",
                            "id": "ecs-moodle-stack-moodlevpcflowlogtocloudwatchLogGroup436624C1-Mc3g0fLmyT8k",
                            "kms_key_id": "",
                            "log_group_class": "STANDARD",
                            "name": "ecs-moodle-stack-moodlevpcflowlogtocloudwatchLogGroup436624C1-Mc3g0fLmyT8k",
                            "name_prefix": "",
                            "retention_in_days": "731",
                            "skip_destroy": "false",
                            "tags.%": "2",
                            "tags.Name": "ecs-moodle-stack/moodle-vpc",
                            "tags.use": "terraformer",
                            "tags_all.%": "2",
                            "tags_all.Name": "ecs-moodle-stack/moodle-vpc",
                            "tags_all.use": "terraformer"
                        },
                        "meta": {
                            "schema_version": 0
                        },
                        "tainted": false
                    },
                    "deposed": [],
                    "provider": "provider.aws"
                },
                "aws_cloudwatch_log_group.tfer--ecs-moodle-stack-moodlevpcflowlogtocloudwatchLogGroup436624C1-P3CdjNPv4FRD": {
                    "type": "aws_cloudwatch_log_group",
                    "depends_on": [],
                    "primary": {
                        "id": "ecs-moodle-stack-moodlevpcflowlogtocloudwatchLogGroup436624C1-P3CdjNPv4FRD",
                        "attributes": {
                            "arn": "arn:aws:logs:us-east-1:760578178066:log-group:ecs-moodle-stack-moodlevpcflowlogtocloudwatchLogGroup436624C1-P3CdjNPv4FRD",
                            "id": "ecs-moodle-stack-moodlevpcflowlogtocloudwatchLogGroup436624C1-P3CdjNPv4FRD",
                            "kms_key_id": "",
                            "log_group_class": "STANDARD",
                            "name": "ecs-moodle-stack-moodlevpcflowlogtocloudwatchLogGroup436624C1-P3CdjNPv4FRD",
                            "name_prefix": "",
                            "retention_in_days": "731",
                            "skip_destroy": "false",
                            "tags.%": "2",
                            "tags.Name": "ecs-moodle-stack/moodle-vpc",
                            "tags.use": "terraformer",
                            "tags_all.%": "2",
                            "tags_all.Name": "ecs-moodle-stack/moodle-vpc",
                            "tags_all.use": "terraformer"
                        },
                        "meta": {
                            "schema_version": 0
                        },
                        "tainted": false
                    },
                    "deposed": [],
                    "provider": "provider.aws"
                },
                "aws_cloudwatch_log_group.tfer--ecs-moodle-stack-moodlevpcflowlogtocloudwatchLogGroup436624C1-UF9QCFxUHymW": {
                    "type": "aws_cloudwatch_log_group",
                    "depends_on": [],
                    "primary": {
                        "id": "ecs-moodle-stack-moodlevpcflowlogtocloudwatchLogGroup436624C1-UF9QCFxUHymW",
                        "attributes": {
                            "arn": "arn:aws:logs:us-east-1:760578178066:log-group:ecs-moodle-stack-moodlevpcflowlogtocloudwatchLogGroup436624C1-UF9QCFxUHymW",
                            "id": "ecs-moodle-stack-moodlevpcflowlogtocloudwatchLogGroup436624C1-UF9QCFxUHymW",
                            "kms_key_id": "",
                            "log_group_class": "STANDARD",
                            "name": "ecs-moodle-stack-moodlevpcflowlogtocloudwatchLogGroup436624C1-UF9QCFxUHymW",
                            "name_prefix": "",
                            "retention_in_days": "731",
                            "skip_destroy": "false",
                            "tags.%": "2",
                            "tags.Name": "ecs-moodle-stack/moodle-vpc",
                            "tags.use": "terraformer",
                            "tags_all.%": "2",
                            "tags_all.Name": "ecs-moodle-stack/moodle-vpc",
                            "tags_all.use": "terraformer"
                        },
                        "meta": {
                            "schema_version": 0
                        },
                        "tainted": false
                    },
                    "deposed": [],
                    "provider": "provider.aws"
                },
                "aws_cloudwatch_log_group.tfer--ecs-moodle-stack-moodlevpcflowlogtocloudwatchLogGroup436624C1-Xb0orcBt1m66": {
                    "type": "aws_cloudwatch_log_group",
                    "depends_on": [],
                    "primary": {
                        "id": "ecs-moodle-stack-moodlevpcflowlogtocloudwatchLogGroup436624C1-Xb0orcBt1m66",
                        "attributes": {
                            "arn": "arn:aws:logs:us-east-1:760578178066:log-group:ecs-moodle-stack-moodlevpcflowlogtocloudwatchLogGroup436624C1-Xb0orcBt1m66",
                            "id": "ecs-moodle-stack-moodlevpcflowlogtocloudwatchLogGroup436624C1-Xb0orcBt1m66",
                            "kms_key_id": "",
                            "log_group_class": "STANDARD",
                            "name": "ecs-moodle-stack-moodlevpcflowlogtocloudwatchLogGroup436624C1-Xb0orcBt1m66",
                            "name_prefix": "",
                            "retention_in_days": "731",
                            "skip_destroy": "false",
                            "tags.%": "2",
                            "tags.Name": "ecs-moodle-stack/moodle-vpc",
                            "tags.use": "terraformer",
                            "tags_all.%": "2",
                            "tags_all.Name": "ecs-moodle-stack/moodle-vpc",
                            "tags_all.use": "terraformer"
                        },
                        "meta": {
                            "schema_version": 0
                        },
                        "tainted": false
                    },
                    "deposed": [],
                    "provider": "provider.aws"
                },
                "aws_cloudwatch_log_group.tfer--ecs-moodle-stack-moodlevpcflowlogtocloudwatchLogGroup436624C1-haBoC30WLOR7": {
                    "type": "aws_cloudwatch_log_group",
                    "depends_on": [],
                    "primary": {
                        "id": "ecs-moodle-stack-moodlevpcflowlogtocloudwatchLogGroup436624C1-haBoC30WLOR7",
                        "attributes": {
                            "arn": "arn:aws:logs:us-east-1:760578178066:log-group:ecs-moodle-stack-moodlevpcflowlogtocloudwatchLogGroup436624C1-haBoC30WLOR7",
                            "id": "ecs-moodle-stack-moodlevpcflowlogtocloudwatchLogGroup436624C1-haBoC30WLOR7",
                            "kms_key_id": "",
                            "log_group_class": "STANDARD",
                            "name": "ecs-moodle-stack-moodlevpcflowlogtocloudwatchLogGroup436624C1-haBoC30WLOR7",
                            "name_prefix": "",
                            "retention_in_days": "731",
                            "skip_destroy": "false",
                            "tags.%": "2",
                            "tags.Name": "ecs-moodle-stack/moodle-vpc",
                            "tags.use": "terraformer",
                            "tags_all.%": "2",
                            "tags_all.Name": "ecs-moodle-stack/moodle-vpc",
                            "tags_all.use": "terraformer"
                        },
                        "meta": {
                            "schema_version": 0
                        },
                        "tainted": false
                    },
                    "deposed": [],
                    "provider": "provider.aws"
                },
                "aws_cloudwatch_log_group.tfer--ecs-moodle-stack-moodlevpcflowlogtocloudwatchLogGroup436624C1-iQ4NwpBHe8E0": {
                    "type": "aws_cloudwatch_log_group",
                    "depends_on": [],
                    "primary": {
                        "id": "ecs-moodle-stack-moodlevpcflowlogtocloudwatchLogGroup436624C1-iQ4NwpBHe8E0",
                        "attributes": {
                            "arn": "arn:aws:logs:us-east-1:760578178066:log-group:ecs-moodle-stack-moodlevpcflowlogtocloudwatchLogGroup436624C1-iQ4NwpBHe8E0",
                            "id": "ecs-moodle-stack-moodlevpcflowlogtocloudwatchLogGroup436624C1-iQ4NwpBHe8E0",
                            "kms_key_id": "",
                            "log_group_class": "STANDARD",
                            "name": "ecs-moodle-stack-moodlevpcflowlogtocloudwatchLogGroup436624C1-iQ4NwpBHe8E0",
                            "name_prefix": "",
                            "retention_in_days": "731",
                            "skip_destroy": "false",
                            "tags.%": "2",
                            "tags.Name": "ecs-moodle-stack/moodle-vpc",
                            "tags.use": "terraformer",
                            "tags_all.%": "2",
                            "tags_all.Name": "ecs-moodle-stack/moodle-vpc",
                            "tags_all.use": "terraformer"
                        },
                        "meta": {
                            "schema_version": 0
                        },
                        "tainted": false
                    },
                    "deposed": [],
                    "provider": "provider.aws"
                },
                "aws_cloudwatch_log_group.tfer--ecs-moodle-stack-moodlevpcflowlogtocloudwatchLogGroup436624C1-izUMFr1lDDMy": {
                    "type": "aws_cloudwatch_log_group",
                    "depends_on": [],
                    "primary": {
                        "id": "ecs-moodle-stack-moodlevpcflowlogtocloudwatchLogGroup436624C1-izUMFr1lDDMy",
                        "attributes": {
                            "arn": "arn:aws:logs:us-east-1:760578178066:log-group:ecs-moodle-stack-moodlevpcflowlogtocloudwatchLogGroup436624C1-izUMFr1lDDMy",
                            "id": "ecs-moodle-stack-moodlevpcflowlogtocloudwatchLogGroup436624C1-izUMFr1lDDMy",
                            "kms_key_id": "",
                            "log_group_class": "STANDARD",
                            "name": "ecs-moodle-stack-moodlevpcflowlogtocloudwatchLogGroup436624C1-izUMFr1lDDMy",
                            "name_prefix": "",
                            "retention_in_days": "731",
                            "skip_destroy": "false",
                            "tags.%": "2",
                            "tags.Name": "ecs-moodle-stack/moodle-vpc",
                            "tags.use": "terraformer",
                            "tags_all.%": "2",
                            "tags_all.Name": "ecs-moodle-stack/moodle-vpc",
                            "tags_all.use": "terraformer"
                        },
                        "meta": {
                            "schema_version": 0
                        },
                        "tainted": false
                    },
                    "deposed": [],
                    "provider": "provider.aws"
                },
                "aws_cloudwatch_log_group.tfer--ecs-moodle-stack-moodlevpcflowlogtocloudwatchLogGroup436624C1-ljKtOFer7mhX": {
                    "type": "aws_cloudwatch_log_group",
                    "depends_on": [],
                    "primary": {
                        "id": "ecs-moodle-stack-moodlevpcflowlogtocloudwatchLogGroup436624C1-ljKtOFer7mhX",
                        "attributes": {
                            "arn": "arn:aws:logs:us-east-1:760578178066:log-group:ecs-moodle-stack-moodlevpcflowlogtocloudwatchLogGroup436624C1-ljKtOFer7mhX",
                            "id": "ecs-moodle-stack-moodlevpcflowlogtocloudwatchLogGroup436624C1-ljKtOFer7mhX",
                            "kms_key_id": "",
                            "log_group_class": "STANDARD",
                            "name": "ecs-moodle-stack-moodlevpcflowlogtocloudwatchLogGroup436624C1-ljKtOFer7mhX",
                            "name_prefix": "",
                            "retention_in_days": "731",
                            "skip_destroy": "false",
                            "tags.%": "2",
                            "tags.Name": "ecs-moodle-stack/moodle-vpc",
                            "tags.use": "terraformer",
                            "tags_all.%": "2",
                            "tags_all.Name": "ecs-moodle-stack/moodle-vpc",
                            "tags_all.use": "terraformer"
                        },
                        "meta": {
                            "schema_version": 0
                        },
                        "tainted": false
                    },
                    "deposed": [],
                    "provider": "provider.aws"
                },
                "aws_cloudwatch_log_group.tfer--ecs-moodle-stack-moodlevpcflowlogtocloudwatchLogGroup436624C1-qgyop7MLTlS9": {
                    "type": "aws_cloudwatch_log_group",
                    "depends_on": [],
                    "primary": {
                        "id": "ecs-moodle-stack-moodlevpcflowlogtocloudwatchLogGroup436624C1-qgyop7MLTlS9",
                        "attributes": {
                            "arn": "arn:aws:logs:us-east-1:760578178066:log-group:ecs-moodle-stack-moodlevpcflowlogtocloudwatchLogGroup436624C1-qgyop7MLTlS9",
                            "id": "ecs-moodle-stack-moodlevpcflowlogtocloudwatchLogGroup436624C1-qgyop7MLTlS9",
                            "kms_key_id": "",
                            "log_group_class": "STANDARD",
                            "name": "ecs-moodle-stack-moodlevpcflowlogtocloudwatchLogGroup436624C1-qgyop7MLTlS9",
                            "name_prefix": "",
                            "retention_in_days": "731",
                            "skip_destroy": "false",
                            "tags.%": "2",
                            "tags.Name": "ecs-moodle-stack/moodle-vpc",
                            "tags.use": "terraformer",
                            "tags_all.%": "2",
                            "tags_all.Name": "ecs-moodle-stack/moodle-vpc",
                            "tags_all.use": "terraformer"
                        },
                        "meta": {
                            "schema_version": 0
                        },
                        "tainted": false
                    },
                    "deposed": [],
                    "provider": "provider.aws"
                },
                "aws_cloudwatch_log_group.tfer--ecs-moodle-stack-moodlevpcflowlogtocloudwatchLogGroup436624C1-vG3wGoqpazxT": {
                    "type": "aws_cloudwatch_log_group",
                    "depends_on": [],
                    "primary": {
                        "id": "ecs-moodle-stack-moodlevpcflowlogtocloudwatchLogGroup436624C1-vG3wGoqpazxT",
                        "attributes": {
                            "arn": "arn:aws:logs:us-east-1:760578178066:log-group:ecs-moodle-stack-moodlevpcflowlogtocloudwatchLogGroup436624C1-vG3wGoqpazxT",
                            "id": "ecs-moodle-stack-moodlevpcflowlogtocloudwatchLogGroup436624C1-vG3wGoqpazxT",
                            "kms_key_id": "",
                            "log_group_class": "STANDARD",
                            "name": "ecs-moodle-stack-moodlevpcflowlogtocloudwatchLogGroup436624C1-vG3wGoqpazxT",
                            "name_prefix": "",
                            "retention_in_days": "731",
                            "skip_destroy": "false",
                            "tags.%": "2",
                            "tags.Name": "ecs-moodle-stack/moodle-vpc",
                            "tags.use": "terraformer",
                            "tags_all.%": "2",
                            "tags_all.Name": "ecs-moodle-stack/moodle-vpc",
                            "tags_all.use": "terraformer"
                        },
                        "meta": {
                            "schema_version": 0
                        },
                        "tainted": false
                    },
                    "deposed": [],
                    "provider": "provider.aws"
                },
                "aws_cloudwatch_log_group.tfer--ecs-moodle-stack-moodlevpcflowlogtocloudwatchLogGroup436624C1-w8Pn1mIYrJrP": {
                    "type": "aws_cloudwatch_log_group",
                    "depends_on": [],
                    "primary": {
                        "id": "ecs-moodle-stack-moodlevpcflowlogtocloudwatchLogGroup436624C1-w8Pn1mIYrJrP",
                        "attributes": {
                            "arn": "arn:aws:logs:us-east-1:760578178066:log-group:ecs-moodle-stack-moodlevpcflowlogtocloudwatchLogGroup436624C1-w8Pn1mIYrJrP",
                            "id": "ecs-moodle-stack-moodlevpcflowlogtocloudwatchLogGroup436624C1-w8Pn1mIYrJrP",
                            "kms_key_id": "",
                            "log_group_class": "STANDARD",
                            "name": "ecs-moodle-stack-moodlevpcflowlogtocloudwatchLogGroup436624C1-w8Pn1mIYrJrP",
                            "name_prefix": "",
                            "retention_in_days": "731",
                            "skip_destroy": "false",
                            "tags.%": "2",
                            "tags.Name": "ecs-moodle-stack/moodle-vpc",
                            "tags.use": "terraformer",
                            "tags_all.%": "2",
                            "tags_all.Name": "ecs-moodle-stack/moodle-vpc",
                            "tags_all.use": "terraformer"
                        },
                        "meta": {
                            "schema_version": 0
                        },
                        "tainted": false
                    },
                    "deposed": [],
                    "provider": "provider.aws"
                },
                "aws_db_instance.tfer--ecs-moodle-stack-moodledbeac964eb-dieyltplqxbv": {
                    "type": "aws_db_instance",
                    "depends_on": [],
                    "primary": {
                        "id": "db-W7OILNWE4ADZ2KW7EZ2L5ZI3B4",
                        "attributes": {
                            "address": "ecs-moodle-stack-moodledbeac964eb-dieyltplqxbv.ciarzds0lhj2.us-east-1.rds.amazonaws.com",
                            "allocated_storage": "30",
                            "arn": "arn:aws:rds:us-east-1:760578178066:db:ecs-moodle-stack-moodledbeac964eb-dieyltplqxbv",
                            "auto_minor_version_upgrade": "true",
                            "availability_zone": "us-east-1a",
                            "backup_retention_period": "7",
                            "backup_target": "region",
                            "backup_window": "05:40-06:10",
                            "ca_cert_identifier": "rds-ca-rsa2048-g1",
                            "character_set_name": "",
                            "copy_tags_to_snapshot": "true",
                            "custom_iam_instance_profile": "",
                            "customer_owned_ip_enabled": "false",
                            "db_name": "moodledb",
                            "db_subnet_group_name": "ecs-moodle-stack-moodledbsubnetgroup5287029b-nnueh8csibrs",
                            "deletion_protection": "false",
                            "domain": "",
                            "domain_iam_role_name": "",
                            "enabled_cloudwatch_logs_exports.#": "0",
                            "endpoint": "ecs-moodle-stack-moodledbeac964eb-dieyltplqxbv.ciarzds0lhj2.us-east-1.rds.amazonaws.com:3306",
                            "engine": "mysql",
                            "engine_version": "8.0.32",
                            "engine_version_actual": "8.0.32",
                            "hosted_zone_id": "Z2R2ITUGPM61AM",
                            "iam_database_authentication_enabled": "false",
                            "id": "db-W7OILNWE4ADZ2KW7EZ2L5ZI3B4",
                            "identifier": "ecs-moodle-stack-moodledbeac964eb-dieyltplqxbv",
                            "identifier_prefix": "",
                            "instance_class": "db.t3.micro",
                            "iops": "0",
                            "kms_key_id": "arn:aws:kms:us-east-1:760578178066:key/1fac12a1-0a62-4aa8-93e5-d30658ea69fc",
                            "latest_restorable_time": "2024-06-10T21:10:00Z",
                            "license_model": "general-public-license",
                            "listener_endpoint.#": "0",
                            "maintenance_window": "wed:03:01-wed:03:31",
                            "master_user_secret.#": "0",
                            "max_allocated_storage": "300",
                            "monitoring_interval": "0",
                            "monitoring_role_arn": "",
                            "multi_az": "true",
                            "nchar_character_set_name": "",
                            "network_type": "IPV4",
                            "option_group_name": "default:mysql-8-0",
                            "parameter_group_name": "default.mysql8.0",
                            "performance_insights_enabled": "false",
                            "performance_insights_kms_key_id": "",
                            "performance_insights_retention_period": "0",
                            "port": "3306",
                            "publicly_accessible": "false",
                            "replica_mode": "",
                            "replicas.#": "0",
                            "replicate_source_db": "",
                            "resource_id": "db-W7OILNWE4ADZ2KW7EZ2L5ZI3B4",
                            "status": "available",
                            "storage_encrypted": "true",
                            "storage_throughput": "0",
                            "storage_type": "gp2",
                            "tags.%": "1",
                            "tags.use": "terraformer",
                            "tags_all.%": "1",
                            "tags_all.use": "terraformer",
                            "timezone": "",
                            "username": "dbadmin",
                            "vpc_security_group_ids.#": "1",
                            "vpc_security_group_ids.0": "sg-04e6aeb8ab918f9ee"
                        },
                        "meta": {
                            "schema_version": 2
                        },
                        "tainted": false
                    },
                    "deposed": [],
                    "provider": "provider.aws"
                },
                "aws_db_snapshot.tfer--ecs-moodle-stack-snapshot-moodledbeac964eb-gcbcuulhym2w": {
                    "type": "aws_db_snapshot",
                    "depends_on": [],
                    "primary": {
                        "id": "ecs-moodle-stack-snapshot-moodledbeac964eb-gcbcuulhym2w",
                        "attributes": {
                            "allocated_storage": "30",
                            "availability_zone": "us-east-1b",
                            "db_instance_identifier": "ecs-moodle-stack-moodledbeac964eb-chdyljsw1mur",
                            "db_snapshot_arn": "arn:aws:rds:us-east-1:760578178066:snapshot:ecs-moodle-stack-snapshot-moodledbeac964eb-gcbcuulhym2w",
                            "db_snapshot_identifier": "ecs-moodle-stack-snapshot-moodledbeac964eb-gcbcuulhym2w",
                            "encrypted": "true",
                            "engine": "mysql",
                            "engine_version": "8.0.32",
                            "id": "ecs-moodle-stack-snapshot-moodledbeac964eb-gcbcuulhym2w",
                            "iops": "0",
                            "kms_key_id": "arn:aws:kms:us-east-1:760578178066:key/1fac12a1-0a62-4aa8-93e5-d30658ea69fc",
                            "license_model": "general-public-license",
                            "option_group_name": "default:mysql-8-0",
                            "port": "3306",
                            "shared_accounts.#": "0",
                            "snapshot_type": "manual",
                            "source_db_snapshot_identifier": "",
                            "source_region": "",
                            "status": "available",
                            "tags.%": "1",
                            "tags.use": "terraformer",
                            "tags_all.%": "1",
                            "tags_all.use": "terraformer",
                            "vpc_id": "vpc-0b3deace2bb4eaaaa"
                        },
                        "meta": {
                            "schema_version": 0
                        },
                        "tainted": false
                    },
                    "deposed": [],
                    "provider": "provider.aws"
                },
                "aws_db_snapshot.tfer--ecs-moodle-stack-snapshot-moodledbeac964eb-kjaf5wtcd9tg": {
                    "type": "aws_db_snapshot",
                    "depends_on": [],
                    "primary": {
                        "id": "ecs-moodle-stack-snapshot-moodledbeac964eb-kjaf5wtcd9tg",
                        "attributes": {
                            "allocated_storage": "30",
                            "availability_zone": "us-east-1b",
                            "db_instance_identifier": "ecs-moodle-stack-moodledbeac964eb-fhl4xqf8uo2m",
                            "db_snapshot_arn": "arn:aws:rds:us-east-1:760578178066:snapshot:ecs-moodle-stack-snapshot-moodledbeac964eb-kjaf5wtcd9tg",
                            "db_snapshot_identifier": "ecs-moodle-stack-snapshot-moodledbeac964eb-kjaf5wtcd9tg",
                            "encrypted": "true",
                            "engine": "mysql",
                            "engine_version": "8.0.32",
                            "id": "ecs-moodle-stack-snapshot-moodledbeac964eb-kjaf5wtcd9tg",
                            "iops": "0",
                            "kms_key_id": "arn:aws:kms:us-east-1:760578178066:key/1fac12a1-0a62-4aa8-93e5-d30658ea69fc",
                            "license_model": "general-public-license",
                            "option_group_name": "default:mysql-8-0",
                            "port": "3306",
                            "shared_accounts.#": "0",
                            "snapshot_type": "manual",
                            "source_db_snapshot_identifier": "",
                            "source_region": "",
                            "status": "available",
                            "tags.%": "1",
                            "tags.use": "terraformer",
                            "tags_all.%": "1",
                            "tags_all.use": "terraformer",
                            "vpc_id": "vpc-02fb1c8104beddcfb"
                        },
                        "meta": {
                            "schema_version": 0
                        },
                        "tainted": false
                    },
                    "deposed": [],
                    "provider": "provider.aws"
                },
                "aws_db_snapshot.tfer--ecs-moodle-stack-snapshot-moodledbeac964eb-lyiijacal7iu": {
                    "type": "aws_db_snapshot",
                    "depends_on": [],
                    "primary": {
                        "id": "ecs-moodle-stack-snapshot-moodledbeac964eb-lyiijacal7iu",
                        "attributes": {
                            "allocated_storage": "30",
                            "availability_zone": "us-east-1b",
                            "db_instance_identifier": "ecs-moodle-stack-moodledbeac964eb-duczmjrwfjgm",
                            "db_snapshot_arn": "arn:aws:rds:us-east-1:760578178066:snapshot:ecs-moodle-stack-snapshot-moodledbeac964eb-lyiijacal7iu",
                            "db_snapshot_identifier": "ecs-moodle-stack-snapshot-moodledbeac964eb-lyiijacal7iu",
                            "encrypted": "true",
                            "engine": "mysql",
                            "engine_version": "8.0.32",
                            "id": "ecs-moodle-stack-snapshot-moodledbeac964eb-lyiijacal7iu",
                            "iops": "0",
                            "kms_key_id": "arn:aws:kms:us-east-1:760578178066:key/1fac12a1-0a62-4aa8-93e5-d30658ea69fc",
                            "license_model": "general-public-license",
                            "option_group_name": "default:mysql-8-0",
                            "port": "3306",
                            "shared_accounts.#": "0",
                            "snapshot_type": "manual",
                            "source_db_snapshot_identifier": "",
                            "source_region": "",
                            "status": "available",
                            "tags.%": "1",
                            "tags.use": "terraformer",
                            "tags_all.%": "1",
                            "tags_all.use": "terraformer",
                            "vpc_id": "vpc-0223adf628e23f740"
                        },
                        "meta": {
                            "schema_version": 0
                        },
                        "tainted": false
                    },
                    "deposed": [],
                    "provider": "provider.aws"
                },
                "aws_db_snapshot.tfer--ecs-moodle-stack-snapshot-moodledbeac964eb-v11ppsumnwd5": {
                    "type": "aws_db_snapshot",
                    "depends_on": [],
                    "primary": {
                        "id": "ecs-moodle-stack-snapshot-moodledbeac964eb-v11ppsumnwd5",
                        "attributes": {
                            "allocated_storage": "30",
                            "availability_zone": "us-east-1b",
                            "db_instance_identifier": "ecs-moodle-stack-moodledbeac964eb-ddpqgaalszhq",
                            "db_snapshot_arn": "arn:aws:rds:us-east-1:760578178066:snapshot:ecs-moodle-stack-snapshot-moodledbeac964eb-v11ppsumnwd5",
                            "db_snapshot_identifier": "ecs-moodle-stack-snapshot-moodledbeac964eb-v11ppsumnwd5",
                            "encrypted": "true",
                            "engine": "mysql",
                            "engine_version": "8.0.32",
                            "id": "ecs-moodle-stack-snapshot-moodledbeac964eb-v11ppsumnwd5",
                            "iops": "0",
                            "kms_key_id": "arn:aws:kms:us-east-1:760578178066:key/1fac12a1-0a62-4aa8-93e5-d30658ea69fc",
                            "license_model": "general-public-license",
                            "option_group_name": "default:mysql-8-0",
                            "port": "3306",
                            "shared_accounts.#": "0",
                            "snapshot_type": "manual",
                            "source_db_snapshot_identifier": "",
                            "source_region": "",
                            "status": "available",
                            "tags.%": "1",
                            "tags.use": "terraformer",
                            "tags_all.%": "1",
                            "tags_all.use": "terraformer",
                            "vpc_id": "vpc-04022e0e7355e5136"
                        },
                        "meta": {
                            "schema_version": 0
                        },
                        "tainted": false
                    },
                    "deposed": [],
                    "provider": "provider.aws"
                },
                "aws_db_snapshot.tfer--ecs-moodle-stack-snapshot-moodledbeac964eb-wevtqiacbuqa": {
                    "type": "aws_db_snapshot",
                    "depends_on": [],
                    "primary": {
                        "id": "ecs-moodle-stack-snapshot-moodledbeac964eb-wevtqiacbuqa",
                        "attributes": {
                            "allocated_storage": "30",
                            "availability_zone": "us-east-1b",
                            "db_instance_identifier": "ecs-moodle-stack-moodledbeac964eb-tofnssiuggzd",
                            "db_snapshot_arn": "arn:aws:rds:us-east-1:760578178066:snapshot:ecs-moodle-stack-snapshot-moodledbeac964eb-wevtqiacbuqa",
                            "db_snapshot_identifier": "ecs-moodle-stack-snapshot-moodledbeac964eb-wevtqiacbuqa",
                            "encrypted": "true",
                            "engine": "mysql",
                            "engine_version": "8.0.32",
                            "id": "ecs-moodle-stack-snapshot-moodledbeac964eb-wevtqiacbuqa",
                            "iops": "0",
                            "kms_key_id": "arn:aws:kms:us-east-1:760578178066:key/1fac12a1-0a62-4aa8-93e5-d30658ea69fc",
                            "license_model": "general-public-license",
                            "option_group_name": "default:mysql-8-0",
                            "port": "3306",
                            "shared_accounts.#": "0",
                            "snapshot_type": "manual",
                            "source_db_snapshot_identifier": "",
                            "source_region": "",
                            "status": "available",
                            "tags.%": "1",
                            "tags.use": "terraformer",
                            "tags_all.%": "1",
                            "tags_all.use": "terraformer",
                            "vpc_id": "vpc-033eec46f441b487a"
                        },
                        "meta": {
                            "schema_version": 0
                        },
                        "tainted": false
                    },
                    "deposed": [],
                    "provider": "provider.aws"
                },
                "aws_db_snapshot.tfer--rds-003A-ecs-moodle-stack-moodledbeac964eb-dieyltplqxbv-2024-06-10-20-14": {
                    "type": "aws_db_snapshot",
                    "depends_on": [],
                    "primary": {
                        "id": "rds:ecs-moodle-stack-moodledbeac964eb-dieyltplqxbv-2024-06-10-20-14",
                        "attributes": {
                            "allocated_storage": "30",
                            "availability_zone": "us-east-1a",
                            "db_instance_identifier": "ecs-moodle-stack-moodledbeac964eb-dieyltplqxbv",
                            "db_snapshot_arn": "arn:aws:rds:us-east-1:760578178066:snapshot:rds:ecs-moodle-stack-moodledbeac964eb-dieyltplqxbv-2024-06-10-20-14",
                            "db_snapshot_identifier": "rds:ecs-moodle-stack-moodledbeac964eb-dieyltplqxbv-2024-06-10-20-14",
                            "encrypted": "true",
                            "engine": "mysql",
                            "engine_version": "8.0.32",
                            "id": "rds:ecs-moodle-stack-moodledbeac964eb-dieyltplqxbv-2024-06-10-20-14",
                            "iops": "0",
                            "kms_key_id": "arn:aws:kms:us-east-1:760578178066:key/1fac12a1-0a62-4aa8-93e5-d30658ea69fc",
                            "license_model": "general-public-license",
                            "option_group_name": "default:mysql-8-0",
                            "port": "3306",
                            "shared_accounts.#": "0",
                            "snapshot_type": "automated",
                            "source_db_snapshot_identifier": "",
                            "source_region": "",
                            "status": "available",
                            "tags.%": "1",
                            "tags.use": "terraformer",
                            "tags_all.%": "1",
                            "tags_all.use": "terraformer",
                            "vpc_id": "vpc-08859779ddbba6ede"
                        },
                        "meta": {
                            "schema_version": 0
                        },
                        "tainted": false
                    },
                    "deposed": [],
                    "provider": "provider.aws"
                },
                "aws_db_subnet_group.tfer--ecs-moodle-stack-moodledbsubnetgroup5287029b-nnueh8csibrs": {
                    "type": "aws_db_subnet_group",
                    "depends_on": [],
                    "primary": {
                        "id": "ecs-moodle-stack-moodledbsubnetgroup5287029b-nnueh8csibrs",
                        "attributes": {
                            "arn": "arn:aws:rds:us-east-1:760578178066:subgrp:ecs-moodle-stack-moodledbsubnetgroup5287029b-nnueh8csibrs",
                            "description": "Subnet group for moodle-db database",
                            "id": "ecs-moodle-stack-moodledbsubnetgroup5287029b-nnueh8csibrs",
                            "name": "ecs-moodle-stack-moodledbsubnetgroup5287029b-nnueh8csibrs",
                            "name_prefix": "",
                            "subnet_ids.#": "2",
                            "subnet_ids.0": "subnet-01ac82a06964d45ab",
                            "subnet_ids.1": "subnet-0ddf805179c90a1fc",
                            "supported_network_types.#": "1",
                            "supported_network_types.0": "IPV4",
                            "tags.%": "1",
                            "tags.use": "terraformer",
                            "tags_all.%": "1",
                            "tags_all.use": "terraformer",
                            "vpc_id": "vpc-08859779ddbba6ede"
                        },
                        "meta": {
                            "schema_version": 0
                        },
                        "tainted": false
                    },
                    "deposed": [],
                    "provider": "provider.aws"
                },
                "aws_docdb_subnet_group.tfer--ecs-moodle-stack-moodledbsubnetgroup5287029b-nnueh8csibrs": {
                    "type": "aws_docdb_subnet_group",
                    "depends_on": [],
                    "primary": {
                        "id": "ecs-moodle-stack-moodledbsubnetgroup5287029b-nnueh8csibrs",
                        "attributes": {
                            "arn": "arn:aws:rds:us-east-1:760578178066:subgrp:ecs-moodle-stack-moodledbsubnetgroup5287029b-nnueh8csibrs",
                            "description": "Subnet group for moodle-db database",
                            "id": "ecs-moodle-stack-moodledbsubnetgroup5287029b-nnueh8csibrs",
                            "name": "ecs-moodle-stack-moodledbsubnetgroup5287029b-nnueh8csibrs",
                            "name_prefix": "",
                            "subnet_ids.#": "2",
                            "subnet_ids.0": "subnet-01ac82a06964d45ab",
                            "subnet_ids.1": "subnet-0ddf805179c90a1fc",
                            "tags.%": "1",
                            "tags.use": "terraformer",
                            "tags_all.%": "1",
                            "tags_all.use": "terraformer"
                        },
                        "meta": {
                            "schema_version": 0
                        },
                        "tainted": false
                    },
                    "deposed": [],
                    "provider": "provider.aws"
                },
                "aws_ecs_cluster.tfer--moodle-ecs-cluster": {
                    "type": "aws_ecs_cluster",
                    "depends_on": [],
                    "primary": {
                        "id": "arn:aws:ecs:us-east-1:760578178066:cluster/moodle-ecs-cluster",
                        "attributes": {
                            "arn": "arn:aws:ecs:us-east-1:760578178066:cluster/moodle-ecs-cluster",
                            "id": "arn:aws:ecs:us-east-1:760578178066:cluster/moodle-ecs-cluster",
                            "name": "moodle-ecs-cluster",
                            "service_connect_defaults.#": "0",
                            "setting.#": "1",
                            "setting.0.name": "containerInsights",
                            "setting.0.value": "enabled",
                            "tags.%": "1",
                            "tags.use": "terraformer",
                            "tags_all.%": "1",
                            "tags_all.use": "terraformer"
                        },
                        "meta": {
                            "schema_version": 0
                        },
                        "tainted": false
                    },
                    "deposed": [],
                    "provider": "provider.aws"
                },
                "aws_ecs_service.tfer--moodle-ecs-cluster_ecs-moodle-stack-moodleserviceService319611B4-ZxjnONJLXqsg": {
                    "type": "aws_ecs_service",
                    "depends_on": [],
                    "primary": {
                        "id": "arn:aws:ecs:us-east-1:760578178066:service/moodle-ecs-cluster/ecs-moodle-stack-moodleserviceService319611B4-ZxjnONJLXqsg",
                        "attributes": {
                            "alarms.#": "1",
                            "alarms.0.alarm_names.#": "0",
                            "alarms.0.enable": "false",
                            "alarms.0.rollback": "false",
                            "capacity_provider_strategy.#": "2",
                            "capacity_provider_strategy.0.base": "0",
                            "capacity_provider_strategy.0.capacity_provider": "FARGATE",
                            "capacity_provider_strategy.0.weight": "1",
                            "capacity_provider_strategy.1.base": "0",
                            "capacity_provider_strategy.1.capacity_provider": "FARGATE_SPOT",
                            "capacity_provider_strategy.1.weight": "3",
                            "cluster": "moodle-ecs-cluster",
                            "deployment_circuit_breaker.#": "1",
                            "deployment_circuit_breaker.0.enable": "true",
                            "deployment_circuit_breaker.0.rollback": "true",
                            "deployment_controller.#": "1",
                            "deployment_controller.0.type": "ECS",
                            "deployment_maximum_percent": "200",
                            "deployment_minimum_healthy_percent": "50",
                            "desired_count": "1",
                            "enable_ecs_managed_tags": "true",
                            "enable_execute_command": "false",
                            "health_check_grace_period_seconds": "1800",
                            "iam_role": "/aws-service-role/ecs.amazonaws.com/AWSServiceRoleForECS",
                            "id": "arn:aws:ecs:us-east-1:760578178066:service/moodle-ecs-cluster/ecs-moodle-stack-moodleserviceService319611B4-ZxjnONJLXqsg",
                            "launch_type": "",
                            "load_balancer.#": "1",
                            "load_balancer.0.container_name": "moodle",
                            "load_balancer.0.container_port": "8080",
                            "load_balancer.0.elb_name": "",
                            "load_balancer.0.target_group_arn": "arn:aws:elasticloadbalancing:us-east-1:760578178066:targetgroup/ecs-mo-moodl-RV7MRCBPBAZ6/153cfb21d83092b7",
                            "name": "ecs-moodle-stack-moodleserviceService319611B4-ZxjnONJLXqsg",
                            "network_configuration.#": "1",
                            "network_configuration.0.assign_public_ip": "false",
                            "network_configuration.0.security_groups.#": "1",
                            "network_configuration.0.security_groups.0": "sg-0c4224117102bdc83",
                            "network_configuration.0.subnets.#": "2",
                            "network_configuration.0.subnets.0": "subnet-01ac82a06964d45ab",
                            "network_configuration.0.subnets.1": "subnet-0ddf805179c90a1fc",
                            "ordered_placement_strategy.#": "0",
                            "placement_constraints.#": "0",
                            "platform_version": "LATEST",
                            "propagate_tags": "NONE",
                            "scheduling_strategy": "REPLICA",
                            "service_registries.#": "0",
                            "tags.%": "1",
                            "tags.use": "terraformer",
                            "tags_all.%": "1",
                            "tags_all.use": "terraformer",
                            "task_definition": "arn:aws:ecs:us-east-1:760578178066:task-definition/ecsmoodlestackmoodletaskdef3B550A0F:3",
                            "triggers.%": "0"
                        },
                        "meta": {
                            "schema_version": 0
                        },
                        "tainted": false
                    },
                    "deposed": [],
                    "provider": "provider.aws"
                },
                "aws_ecs_task_definition.tfer--task-definition-002F-ecsmoodlestackmoodletaskdef3B550A0F": {
                    "type": "aws_ecs_task_definition",
                    "depends_on": [],
                    "primary": {
                        "id": "ecsmoodlestackmoodletaskdef3B550A0F",
                        "attributes": {
                            "arn": "arn:aws:ecs:us-east-1:760578178066:task-definition/ecsmoodlestackmoodletaskdef3B550A0F:3",
                            "arn_without_revision": "arn:aws:ecs:us-east-1:760578178066:task-definition/ecsmoodlestackmoodletaskdef3B550A0F",
                            "container_definitions": "[{\"command\":[],\"cpu\":0,\"credentialSpecs\":[],\"dnsSearchDomains\":[],\"dnsServers\":[],\"dockerLabels\":{},\"dockerSecurityOptions\":[],\"entryPoint\":[],\"environment\":[{\"name\":\"BITNAMI_DEBUG\",\"value\":\"true\"},{\"name\":\"MOODLE_DATABASE_HOST\",\"value\":\"ecs-moodle-stack-moodledbeac964eb-dieyltplqxbv.ciarzds0lhj2.us-east-1.rds.amazonaws.com\"},{\"name\":\"MOODLE_DATABASE_NAME\",\"value\":\"moodledb\"},{\"name\":\"MOODLE_DATABASE_PORT_NUMBER\",\"value\":\"3306\"},{\"name\":\"MOODLE_DATABASE_TYPE\",\"value\":\"mysqli\"},{\"name\":\"MOODLE_DATABASE_USER\",\"value\":\"dbadmin\"},{\"name\":\"MOODLE_EMAIL\",\"value\":\"hello@example.com\"},{\"name\":\"MOODLE_SITE_NAME\",\"value\":\"Scalable Moodle on ECS Fargate\"},{\"name\":\"MOODLE_SKIP_BOOTSTRAP\",\"value\":\"no\"},{\"name\":\"MOODLE_SKIP_INSTALL\",\"value\":\"no\"},{\"name\":\"MOODLE_USERNAME\",\"value\":\"moodleadmin\"}],\"environmentFiles\":[],\"essential\":true,\"extraHosts\":[],\"image\":\"760578178066.dkr.ecr.us-east-1.amazonaws.com/cdk-moodle-image:latest\",\"links\":[],\"logConfiguration\":{\"logDriver\":\"awslogs\",\"options\":{\"awslogs-group\":\"ecs-moodle-stack-moodletaskdefmoodlecontainerLogGroup581119A2-SobFeQ17HplA\",\"awslogs-region\":\"us-east-1\",\"awslogs-stream-prefix\":\"ecs-moodle\"},\"secretOptions\":[]},\"memory\":4096,\"mountPoints\":[{\"containerPath\":\"/bitnami\",\"readOnly\":false,\"sourceVolume\":\"moodle\"}],\"name\":\"moodle\",\"portMappings\":[{\"containerPort\":8080,\"hostPort\":8080,\"protocol\":\"tcp\"}],\"secrets\":[{\"name\":\"MOODLE_DATABASE_PASSWORD\",\"valueFrom\":\"arn:aws:secretsmanager:us-east-1:760578178066:secret:ecsmoodlestackmoodledbSecre-s0pgWDdMMv8G-gXKeUq:password::\"},{\"name\":\"MOODLE_PASSWORD\",\"valueFrom\":\"arn:aws:secretsmanager:us-east-1:760578178066:secret:moodlepasswordsecret585482A-Tq2nCfOkm6Gw-cyRfec\"}],\"stopTimeout\":120,\"systemControls\":[],\"ulimits\":[],\"volumesFrom\":[]}]",
                            "cpu": "2048",
                            "ephemeral_storage.#": "0",
                            "execution_role_arn": "arn:aws:iam::760578178066:role/ecs-moodle-stack-moodletaskdefExecutionRole4692C07D-4SIBCTeYO9Zh",
                            "family": "ecsmoodlestackmoodletaskdef3B550A0F",
                            "id": "ecsmoodlestackmoodletaskdef3B550A0F",
                            "inference_accelerator.#": "0",
                            "ipc_mode": "",
                            "memory": "4096",
                            "network_mode": "awsvpc",
                            "pid_mode": "",
                            "placement_constraints.#": "0",
                            "proxy_configuration.#": "0",
                            "requires_compatibilities.#": "1",
                            "requires_compatibilities.0": "FARGATE",
                            "revision": "3",
                            "runtime_platform.#": "0",
                            "tags.%": "1",
                            "tags.use": "terraformer",
                            "tags_all.%": "1",
                            "tags_all.use": "terraformer",
                            "task_role_arn": "arn:aws:iam::760578178066:role/ecs-moodle-stack-moodletaskdefTaskRoleD0BAB4BB-IuDhbMkbmPWT",
                            "volume.#": "1",
                            "volume.0.docker_volume_configuration.#": "0",
                            "volume.0.efs_volume_configuration.#": "1",
                            "volume.0.efs_volume_configuration.0.authorization_config.#": "1",
                            "volume.0.efs_volume_configuration.0.authorization_config.0.access_point_id": "fsap-005f62f923330b87b",
                            "volume.0.efs_volume_configuration.0.authorization_config.0.iam": "",
                            "volume.0.efs_volume_configuration.0.file_system_id": "fs-08bfdfe128a3535c7",
                            "volume.0.efs_volume_configuration.0.root_directory": "/",
                            "volume.0.efs_volume_configuration.0.transit_encryption": "ENABLED",
                            "volume.0.efs_volume_configuration.0.transit_encryption_port": "0",
                            "volume.0.fsx_windows_file_server_volume_configuration.#": "0",
                            "volume.0.host_path": "",
                            "volume.0.name": "moodle"
                        },
                        "meta": {
                            "schema_version": 1
                        },
                        "tainted": false
                    },
                    "deposed": [],
                    "provider": "provider.aws"
                },
                "aws_efs_access_point.tfer--fsap-005f62f923330b87b": {
                    "type": "aws_efs_access_point",
                    "depends_on": [],
                    "primary": {
                        "id": "fsap-005f62f923330b87b",
                        "attributes": {
                            "arn": "arn:aws:elasticfilesystem:us-east-1:760578178066:access-point/fsap-005f62f923330b87b",
                            "file_system_arn": "arn:aws:elasticfilesystem:us-east-1:760578178066:file-system/fs-08bfdfe128a3535c7",
                            "file_system_id": "fs-08bfdfe128a3535c7",
                            "id": "fsap-005f62f923330b87b",
                            "owner_id": "760578178066",
                            "posix_user.#": "0",
                            "root_directory.#": "1",
                            "root_directory.0.creation_info.#": "0",
                            "root_directory.0.path": "/",
                            "tags.%": "2",
                            "tags.Name": "ecs-moodle-stack/moodle-efs/moodle-efs-access-point",
                            "tags.use": "terraformer",
                            "tags_all.%": "2",
                            "tags_all.Name": "ecs-moodle-stack/moodle-efs/moodle-efs-access-point",
                            "tags_all.use": "terraformer"
                        },
                        "meta": {
                            "schema_version": 0
                        },
                        "tainted": false
                    },
                    "deposed": [],
                    "provider": "provider.aws"
                },
                "aws_efs_file_system.tfer--fs-08bfdfe128a3535c7": {
                    "type": "aws_efs_file_system",
                    "depends_on": [],
                    "primary": {
                        "id": "fs-08bfdfe128a3535c7",
                        "attributes": {
                            "arn": "arn:aws:elasticfilesystem:us-east-1:760578178066:file-system/fs-08bfdfe128a3535c7",
                            "availability_zone_id": "",
                            "availability_zone_name": "",
                            "creation_token": "moodleefs5D41A69F-TmtOltAU9qzK",
                            "dns_name": "fs-08bfdfe128a3535c7.efs.us-east-1.amazonaws.com",
                            "encrypted": "true",
                            "id": "fs-08bfdfe128a3535c7",
                            "kms_key_id": "arn:aws:kms:us-east-1:760578178066:key/583e534f-6dd5-407a-9c69-d46dcfbd21f7",
                            "lifecycle_policy.#": "2",
                            "lifecycle_policy.0.transition_to_archive": "",
                            "lifecycle_policy.0.transition_to_ia": "AFTER_30_DAYS",
                            "lifecycle_policy.0.transition_to_primary_storage_class": "",
                            "lifecycle_policy.1.transition_to_archive": "",
                            "lifecycle_policy.1.transition_to_ia": "",
                            "lifecycle_policy.1.transition_to_primary_storage_class": "AFTER_1_ACCESS",
                            "name": "ecs-moodle-stack/moodle-efs",
                            "number_of_mount_targets": "2",
                            "owner_id": "760578178066",
                            "performance_mode": "generalPurpose",
                            "protection.#": "1",
                            "protection.0.replication_overwrite": "ENABLED",
                            "provisioned_throughput_in_mibps": "0",
                            "size_in_bytes.#": "1",
                            "size_in_bytes.0.value": "6144",
                            "size_in_bytes.0.value_in_ia": "0",
                            "size_in_bytes.0.value_in_standard": "6144",
                            "tags.%": "2",
                            "tags.Name": "ecs-moodle-stack/moodle-efs",
                            "tags.use": "terraformer",
                            "tags_all.%": "2",
                            "tags_all.Name": "ecs-moodle-stack/moodle-efs",
                            "tags_all.use": "terraformer",
                            "throughput_mode": "elastic"
                        },
                        "meta": {
                            "schema_version": 0
                        },
                        "tainted": false
                    },
                    "deposed": [],
                    "provider": "provider.aws"
                },
                "aws_eip.tfer--eipalloc-0853ab4cdfb9a6470": {
                    "type": "aws_eip",
                    "depends_on": [],
                    "primary": {
                        "id": "eipalloc-0853ab4cdfb9a6470",
                        "attributes": {
                            "allocation_id": "eipalloc-0853ab4cdfb9a6470",
                            "association_id": "eipassoc-0c4acad687dd7df89",
                            "carrier_ip": "",
                            "customer_owned_ip": "",
                            "customer_owned_ipv4_pool": "",
                            "domain": "vpc",
                            "id": "eipalloc-0853ab4cdfb9a6470",
                            "instance": "",
                            "network_border_group": "us-east-1",
                            "network_interface": "eni-024aa15c574d24abe",
                            "private_dns": "ip-10-0-72-45.ec2.internal",
                            "private_ip": "10.0.72.45",
                            "public_dns": "ec2-100-27-156-14.compute-1.amazonaws.com",
                            "public_ip": "100.27.156.14",
                            "public_ipv4_pool": "amazon",
                            "tags.%": "2",
                            "tags.Name": "ecs-moodle-stack/moodle-vpc/PublicSubnet2",
                            "tags.use": "terraformer",
                            "tags_all.%": "2",
                            "tags_all.Name": "ecs-moodle-stack/moodle-vpc/PublicSubnet2",
                            "tags_all.use": "terraformer",
                            "vpc": "true"
                        },
                        "meta": {
                            "schema_version": 0
                        },
                        "tainted": false
                    },
                    "deposed": [],
                    "provider": "provider.aws"
                },
                "aws_eip.tfer--eipalloc-08ae0a66a7da8945c": {
                    "type": "aws_eip",
                    "depends_on": [],
                    "primary": {
                        "id": "eipalloc-08ae0a66a7da8945c",
                        "attributes": {
                            "allocation_id": "eipalloc-08ae0a66a7da8945c",
                            "association_id": "eipassoc-003506aaf10bb2739",
                            "carrier_ip": "",
                            "customer_owned_ip": "",
                            "customer_owned_ipv4_pool": "",
                            "domain": "vpc",
                            "id": "eipalloc-08ae0a66a7da8945c",
                            "instance": "",
                            "network_border_group": "us-east-1",
                            "network_interface": "eni-0f8c3188a0b61dda3",
                            "private_dns": "ip-10-0-15-211.ec2.internal",
                            "private_ip": "10.0.15.211",
                            "public_dns": "ec2-34-192-61-120.compute-1.amazonaws.com",
                            "public_ip": "34.192.61.120",
                            "public_ipv4_pool": "amazon",
                            "tags.%": "2",
                            "tags.Name": "ecs-moodle-stack/moodle-vpc/PublicSubnet1",
                            "tags.use": "terraformer",
                            "tags_all.%": "2",
                            "tags_all.Name": "ecs-moodle-stack/moodle-vpc/PublicSubnet1",
                            "tags_all.use": "terraformer",
                            "vpc": "true"
                        },
                        "meta": {
                            "schema_version": 0
                        },
                        "tainted": false
                    },
                    "deposed": [],
                    "provider": "provider.aws"
                },
                "aws_elasticache_cluster.tfer--ecm10h30gupkcnw7-001": {
                    "type": "aws_elasticache_cluster",
                    "depends_on": [],
                    "primary": {
                        "id": "ecm10h30gupkcnw7-001",
                        "attributes": {
                            "arn": "arn:aws:elasticache:us-east-1:760578178066:cluster:ecm10h30gupkcnw7-001",
                            "auto_minor_version_upgrade": "true",
                            "availability_zone": "us-east-1a",
                            "az_mode": "single-az",
                            "cache_nodes.#": "1",
                            "cache_nodes.0.address": "ecm10h30gupkcnw7-001.0pix6n.0001.use1.cache.amazonaws.com",
                            "cache_nodes.0.availability_zone": "us-east-1a",
                            "cache_nodes.0.id": "0001",
                            "cache_nodes.0.outpost_arn": "",
                            "cache_nodes.0.port": "6379",
                            "cluster_id": "ecm10h30gupkcnw7-001",
                            "engine": "redis",
                            "engine_version": "7.1",
                            "engine_version_actual": "7.1.0",
                            "id": "ecm10h30gupkcnw7-001",
                            "ip_discovery": "ipv4",
                            "log_delivery_configuration.#": "0",
                            "maintenance_window": "wed:06:30-wed:07:30",
                            "network_type": "ipv4",
                            "node_type": "cache.t4g.micro",
                            "num_cache_nodes": "1",
                            "parameter_group_name": "default.redis7",
                            "port": "6379",
                            "preferred_outpost_arn": "",
                            "replication_group_id": "ecm10h30gupkcnw7",
                            "security_group_ids.#": "1",
                            "security_group_ids.0": "sg-04b9ee4e4f6d5e764",
                            "snapshot_retention_limit": "0",
                            "snapshot_window": "05:30-06:30",
                            "subnet_group_name": "ecsmoodlestack-redis-subnet-group",
                            "tags.%": "1",
                            "tags.use": "terraformer",
                            "tags_all.%": "1",
                            "tags_all.use": "terraformer",
                            "transit_encryption_enabled": "false"
                        },
                        "meta": {
                            "schema_version": 0
                        },
                        "tainted": false
                    },
                    "deposed": [],
                    "provider": "provider.aws"
                },
                "aws_elasticache_cluster.tfer--ecm10h30gupkcnw7-002": {
                    "type": "aws_elasticache_cluster",
                    "depends_on": [],
                    "primary": {
                        "id": "ecm10h30gupkcnw7-002",
                        "attributes": {
                            "arn": "arn:aws:elasticache:us-east-1:760578178066:cluster:ecm10h30gupkcnw7-002",
                            "auto_minor_version_upgrade": "true",
                            "availability_zone": "us-east-1b",
                            "az_mode": "single-az",
                            "cache_nodes.#": "1",
                            "cache_nodes.0.address": "ecm10h30gupkcnw7-002.0pix6n.0001.use1.cache.amazonaws.com",
                            "cache_nodes.0.availability_zone": "us-east-1b",
                            "cache_nodes.0.id": "0001",
                            "cache_nodes.0.outpost_arn": "",
                            "cache_nodes.0.port": "6379",
                            "cluster_id": "ecm10h30gupkcnw7-002",
                            "engine": "redis",
                            "engine_version": "7.1",
                            "engine_version_actual": "7.1.0",
                            "id": "ecm10h30gupkcnw7-002",
                            "ip_discovery": "ipv4",
                            "log_delivery_configuration.#": "0",
                            "maintenance_window": "wed:06:30-wed:07:30",
                            "network_type": "ipv4",
                            "node_type": "cache.t4g.micro",
                            "num_cache_nodes": "1",
                            "parameter_group_name": "default.redis7",
                            "port": "6379",
                            "preferred_outpost_arn": "",
                            "replication_group_id": "ecm10h30gupkcnw7",
                            "security_group_ids.#": "1",
                            "security_group_ids.0": "sg-04b9ee4e4f6d5e764",
                            "snapshot_retention_limit": "0",
                            "snapshot_window": "05:30-06:30",
                            "subnet_group_name": "ecsmoodlestack-redis-subnet-group",
                            "tags.%": "1",
                            "tags.use": "terraformer",
                            "tags_all.%": "1",
                            "tags_all.use": "terraformer",
                            "transit_encryption_enabled": "false"
                        },
                        "meta": {
                            "schema_version": 0
                        },
                        "tainted": false
                    },
                    "deposed": [],
                    "provider": "provider.aws"
                },
                "aws_elasticache_replication_group.tfer--ecm10h30gupkcnw7": {
                    "type": "aws_elasticache_replication_group",
                    "depends_on": [],
                    "primary": {
                        "id": "ecm10h30gupkcnw7",
                        "attributes": {
                            "arn": "arn:aws:elasticache:us-east-1:760578178066:replicationgroup:ecm10h30gupkcnw7",
                            "at_rest_encryption_enabled": "true",
                            "auth_token": "",
                            "auto_minor_version_upgrade": "true",
                            "automatic_failover_enabled": "true",
                            "cluster_enabled": "false",
                            "data_tiering_enabled": "false",
                            "description": "Moodle Redis",
                            "engine": "redis",
                            "engine_version": "7.1",
                            "engine_version_actual": "7.1.0",
                            "id": "ecm10h30gupkcnw7",
                            "ip_discovery": "ipv4",
                            "kms_key_id": "",
                            "log_delivery_configuration.#": "0",
                            "maintenance_window": "wed:06:30-wed:07:30",
                            "member_clusters.#": "2",
                            "member_clusters.0": "ecm10h30gupkcnw7-001",
                            "member_clusters.1": "ecm10h30gupkcnw7-002",
                            "multi_az_enabled": "true",
                            "network_type": "ipv4",
                            "node_type": "cache.t4g.micro",
                            "num_cache_clusters": "2",
                            "num_node_groups": "1",
                            "parameter_group_name": "default.redis7",
                            "port": "6379",
                            "primary_endpoint_address": "ecm10h30gupkcnw7.0pix6n.ng.0001.use1.cache.amazonaws.com",
                            "reader_endpoint_address": "ecm10h30gupkcnw7-ro.0pix6n.ng.0001.use1.cache.amazonaws.com",
                            "replicas_per_node_group": "1",
                            "replication_group_id": "ecm10h30gupkcnw7",
                            "security_group_ids.#": "1",
                            "security_group_ids.0": "sg-04b9ee4e4f6d5e764",
                            "snapshot_retention_limit": "0",
                            "snapshot_window": "05:30-06:30",
                            "subnet_group_name": "ecsmoodlestack-redis-subnet-group",
                            "tags.%": "1",
                            "tags.use": "terraformer",
                            "tags_all.%": "1",
                            "tags_all.use": "terraformer",
                            "transit_encryption_enabled": "false",
                            "user_group_ids.#": "0"
                        },
                        "meta": {
                            "schema_version": 2
                        },
                        "tainted": false
                    },
                    "deposed": [],
                    "provider": "provider.aws"
                },
                "aws_elasticache_subnet_group.tfer--ecsmoodlestack-redis-subnet-group": {
                    "type": "aws_elasticache_subnet_group",
                    "depends_on": [],
                    "primary": {
                        "id": "ecsmoodlestack-redis-subnet-group",
                        "attributes": {
                            "arn": "arn:aws:elasticache:us-east-1:760578178066:subnetgroup:ecsmoodlestack-redis-subnet-group",
                            "description": "Moodle Redis Subnet Group",
                            "id": "ecsmoodlestack-redis-subnet-group",
                            "name": "ecsmoodlestack-redis-subnet-group",
                            "subnet_ids.#": "2",
                            "subnet_ids.0": "subnet-01ac82a06964d45ab",
                            "subnet_ids.1": "subnet-0ddf805179c90a1fc",
                            "tags.%": "1",
                            "tags.use": "terraformer",
                            "tags_all.%": "1",
                            "tags_all.use": "terraformer"
                        },
                        "meta": {
                            "schema_version": 0
                        },
                        "tainted": false
                    },
                    "deposed": [],
                    "provider": "provider.aws"
                },
                "aws_iam_role.tfer--ecs-moodle-stack-AWS679f53fac002430cb0da5b7982bd228-iKIg5ZEIN22C": {
                    "type": "aws_iam_role",
                    "depends_on": [],
                    "primary": {
                        "id": "ecs-moodle-stack-AWS679f53fac002430cb0da5b7982bd228-iKIg5ZEIN22C",
                        "attributes": {
                            "arn": "arn:aws:iam::760578178066:role/ecs-moodle-stack-AWS679f53fac002430cb0da5b7982bd228-iKIg5ZEIN22C",
                            "assume_role_policy": "{\"Statement\":[{\"Action\":\"sts:AssumeRole\",\"Effect\":\"Allow\",\"Principal\":{\"Service\":\"lambda.amazonaws.com\"}}],\"Version\":\"2012-10-17\"}",
                            "create_date": "2024-06-10T20:00:54Z",
                            "description": "",
                            "id": "ecs-moodle-stack-AWS679f53fac002430cb0da5b7982bd228-iKIg5ZEIN22C",
                            "inline_policy.#": "1",
                            "inline_policy.0.name": "cfwafwebaclarnssmparamreaderCustomResourcePolicy083D1F23",
                            "inline_policy.0.policy": "{\"Version\":\"2012-10-17\",\"Statement\":[{\"Action\":\"ssm:GetParameter\",\"Effect\":\"Allow\",\"Resource\":\"*\"}]}",
                            "managed_policy_arns.#": "1",
                            "managed_policy_arns.0": "arn:aws:iam::aws:policy/service-role/AWSLambdaBasicExecutionRole",
                            "max_session_duration": "3600",
                            "name": "ecs-moodle-stack-AWS679f53fac002430cb0da5b7982bd228-iKIg5ZEIN22C",
                            "name_prefix": "",
                            "path": "/",
                            "permissions_boundary": "",
                            "tags.%": "1",
                            "tags.use": "terraformer",
                            "tags_all.%": "1",
                            "tags_all.use": "terraformer",
                            "unique_id": "AROA3CFP57QJAJHKDLUUR"
                        },
                        "meta": {
                            "schema_version": 0
                        },
                        "tainted": false
                    },
                    "deposed": [],
                    "provider": "provider.aws"
                },
                "aws_iam_role.tfer--ecs-moodle-stack-moodletaskdefExecutionRole4692C07D-4SIBCTeYO9Zh": {
                    "type": "aws_iam_role",
                    "depends_on": [],
                    "primary": {
                        "id": "ecs-moodle-stack-moodletaskdefExecutionRole4692C07D-4SIBCTeYO9Zh",
                        "attributes": {
                            "arn": "arn:aws:iam::760578178066:role/ecs-moodle-stack-moodletaskdefExecutionRole4692C07D-4SIBCTeYO9Zh",
                            "assume_role_policy": "{\"Statement\":[{\"Action\":\"sts:AssumeRole\",\"Effect\":\"Allow\",\"Principal\":{\"Service\":\"ecs-tasks.amazonaws.com\"}}],\"Version\":\"2012-10-17\"}",
                            "create_date": "2024-06-10T20:00:54Z",
                            "description": "",
                            "id": "ecs-moodle-stack-moodletaskdefExecutionRole4692C07D-4SIBCTeYO9Zh",
                            "inline_policy.#": "1",
                            "inline_policy.0.name": "moodletaskdefExecutionRoleDefaultPolicy6167E6A2",
                            "inline_policy.0.policy": "{\"Version\":\"2012-10-17\",\"Statement\":[{\"Action\":[\"ecr:GetAuthorizationToken\",\"ecr:BatchCheckLayerAvailability\",\"ecr:GetDownloadUrlForLayer\",\"ecr:BatchGetImage\",\"logs:CreateLogStream\",\"logs:PutLogEvents\"],\"Effect\":\"Allow\",\"Resource\":\"*\"},{\"Action\":[\"logs:CreateLogStream\",\"logs:PutLogEvents\"],\"Effect\":\"Allow\",\"Resource\":\"arn:aws:logs:us-east-1:760578178066:log-group:ecs-moodle-stack-moodletaskdefmoodlecontainerLogGroup581119A2-SobFeQ17HplA:*\"},{\"Action\":[\"secretsmanager:GetSecretValue\",\"secretsmanager:DescribeSecret\"],\"Effect\":\"Allow\",\"Resource\":\"arn:aws:secretsmanager:us-east-1:760578178066:secret:ecsmoodlestackmoodledbSecre-s0pgWDdMMv8G-gXKeUq\"},{\"Action\":[\"secretsmanager:GetSecretValue\",\"secretsmanager:DescribeSecret\"],\"Effect\":\"Allow\",\"Resource\":\"arn:aws:secretsmanager:us-east-1:760578178066:secret:moodlepasswordsecret585482A-Tq2nCfOkm6Gw-cyRfec\"}]}",
                            "managed_policy_arns.#": "0",
                            "max_session_duration": "3600",
                            "name": "ecs-moodle-stack-moodletaskdefExecutionRole4692C07D-4SIBCTeYO9Zh",
                            "name_prefix": "",
                            "path": "/",
                            "permissions_boundary": "",
                            "tags.%": "1",
                            "tags.use": "terraformer",
                            "tags_all.%": "1",
                            "tags_all.use": "terraformer",
                            "unique_id": "AROA3CFP57QJMECCTVD6O"
                        },
                        "meta": {
                            "schema_version": 0
                        },
                        "tainted": false
                    },
                    "deposed": [],
                    "provider": "provider.aws"
                },
                "aws_iam_role.tfer--ecs-moodle-stack-moodletaskdefTaskRoleD0BAB4BB-IuDhbMkbmPWT": {
                    "type": "aws_iam_role",
                    "depends_on": [],
                    "primary": {
                        "id": "ecs-moodle-stack-moodletaskdefTaskRoleD0BAB4BB-IuDhbMkbmPWT",
                        "attributes": {
                            "arn": "arn:aws:iam::760578178066:role/ecs-moodle-stack-moodletaskdefTaskRoleD0BAB4BB-IuDhbMkbmPWT",
                            "assume_role_policy": "{\"Statement\":[{\"Action\":\"sts:AssumeRole\",\"Effect\":\"Allow\",\"Principal\":{\"Service\":\"ecs-tasks.amazonaws.com\"}}],\"Version\":\"2012-10-17\"}",
                            "create_date": "2024-06-10T20:00:54Z",
                            "description": "",
                            "id": "ecs-moodle-stack-moodletaskdefTaskRoleD0BAB4BB-IuDhbMkbmPWT",
                            "managed_policy_arns.#": "0",
                            "max_session_duration": "3600",
                            "name": "ecs-moodle-stack-moodletaskdefTaskRoleD0BAB4BB-IuDhbMkbmPWT",
                            "name_prefix": "",
                            "path": "/",
                            "permissions_boundary": "",
                            "tags.%": "1",
                            "tags.use": "terraformer",
                            "tags_all.%": "1",
                            "tags_all.use": "terraformer",
                            "unique_id": "AROA3CFP57QJOERLD3WZM"
                        },
                        "meta": {
                            "schema_version": 0
                        },
                        "tainted": false
                    },
                    "deposed": [],
                    "provider": "provider.aws"
                },
                "aws_iam_role.tfer--ecs-moodle-stack-moodlevpcflowlogtocloudwatchIAMRol-AX4VEbyeS0x1": {
                    "type": "aws_iam_role",
                    "depends_on": [],
                    "primary": {
                        "id": "ecs-moodle-stack-moodlevpcflowlogtocloudwatchIAMRol-AX4VEbyeS0x1",
                        "attributes": {
                            "arn": "arn:aws:iam::760578178066:role/ecs-moodle-stack-moodlevpcflowlogtocloudwatchIAMRol-AX4VEbyeS0x1",
                            "assume_role_policy": "{\"Statement\":[{\"Action\":\"sts:AssumeRole\",\"Effect\":\"Allow\",\"Principal\":{\"Service\":\"vpc-flow-logs.amazonaws.com\"}}],\"Version\":\"2012-10-17\"}",
                            "create_date": "2024-06-10T20:00:54Z",
                            "description": "",
                            "id": "ecs-moodle-stack-moodlevpcflowlogtocloudwatchIAMRol-AX4VEbyeS0x1",
                            "inline_policy.#": "1",
                            "inline_policy.0.name": "moodlevpcflowlogtocloudwatchIAMRoleDefaultPolicy8B9F4BE3",
                            "inline_policy.0.policy": "{\"Version\":\"2012-10-17\",\"Statement\":[{\"Action\":[\"logs:CreateLogStream\",\"logs:PutLogEvents\",\"logs:DescribeLogStreams\"],\"Effect\":\"Allow\",\"Resource\":\"arn:aws:logs:us-east-1:760578178066:log-group:ecs-moodle-stack-moodlevpcflowlogtocloudwatchLogGroup436624C1-izUMFr1lDDMy:*\"},{\"Action\":\"iam:PassRole\",\"Effect\":\"Allow\",\"Resource\":\"arn:aws:iam::760578178066:role/ecs-moodle-stack-moodlevpcflowlogtocloudwatchIAMRol-AX4VEbyeS0x1\"}]}",
                            "managed_policy_arns.#": "0",
                            "max_session_duration": "3600",
                            "name": "ecs-moodle-stack-moodlevpcflowlogtocloudwatchIAMRol-AX4VEbyeS0x1",
                            "name_prefix": "",
                            "path": "/",
                            "permissions_boundary": "",
                            "tags.%": "2",
                            "tags.Name": "ecs-moodle-stack/moodle-vpc",
                            "tags.use": "terraformer",
                            "tags_all.%": "2",
                            "tags_all.Name": "ecs-moodle-stack/moodle-vpc",
                            "tags_all.use": "terraformer",
                            "unique_id": "AROA3CFP57QJA2JXOCCUO"
                        },
                        "meta": {
                            "schema_version": 0
                        },
                        "tainted": false
                    },
                    "deposed": [],
                    "provider": "provider.aws"
                },
                "aws_internet_gateway.tfer--igw-0513db42f3c5554eb": {
                    "type": "aws_internet_gateway",
                    "depends_on": [],
                    "primary": {
                        "id": "igw-0513db42f3c5554eb",
                        "attributes": {
                            "arn": "arn:aws:ec2:us-east-1:760578178066:internet-gateway/igw-0513db42f3c5554eb",
                            "id": "igw-0513db42f3c5554eb",
                            "owner_id": "760578178066",
                            "tags.%": "2",
                            "tags.Name": "ecs-moodle-stack/moodle-vpc",
                            "tags.use": "terraformer",
                            "tags_all.%": "2",
                            "tags_all.Name": "ecs-moodle-stack/moodle-vpc",
                            "tags_all.use": "terraformer",
                            "vpc_id": "vpc-08859779ddbba6ede"
                        },
                        "meta": {
                            "schema_version": 0
                        },
                        "tainted": false
                    },
                    "deposed": [],
                    "provider": "provider.aws"
                },
                "aws_lb.tfer--moodle-ecs-alb": {
                    "type": "aws_lb",
                    "depends_on": [],
                    "primary": {
                        "id": "arn:aws:elasticloadbalancing:us-east-1:760578178066:loadbalancer/app/moodle-ecs-alb/cd6f0420c6e1347f",
                        "attributes": {
                            "access_logs.#": "1",
                            "access_logs.0.bucket": "",
                            "access_logs.0.enabled": "false",
                            "access_logs.0.prefix": "",
                            "arn": "arn:aws:elasticloadbalancing:us-east-1:760578178066:loadbalancer/app/moodle-ecs-alb/cd6f0420c6e1347f",
                            "arn_suffix": "app/moodle-ecs-alb/cd6f0420c6e1347f",
                            "connection_logs.#": "1",
                            "connection_logs.0.bucket": "",
                            "connection_logs.0.enabled": "false",
                            "connection_logs.0.prefix": "",
                            "customer_owned_ipv4_pool": "",
                            "desync_mitigation_mode": "defensive",
                            "dns_name": "moodle-ecs-alb-470398127.us-east-1.elb.amazonaws.com",
                            "drop_invalid_header_fields": "false",
                            "enable_cross_zone_load_balancing": "true",
                            "enable_deletion_protection": "false",
                            "enable_http2": "true",
                            "enable_tls_version_and_cipher_suite_headers": "false",
                            "enable_waf_fail_open": "false",
                            "enable_xff_client_port": "false",
                            "enforce_security_group_inbound_rules_on_private_link_traffic": "",
                            "id": "arn:aws:elasticloadbalancing:us-east-1:760578178066:loadbalancer/app/moodle-ecs-alb/cd6f0420c6e1347f",
                            "idle_timeout": "60",
                            "internal": "false",
                            "ip_address_type": "ipv4",
                            "load_balancer_type": "application",
                            "name": "moodle-ecs-alb",
                            "name_prefix": "",
                            "preserve_host_header": "false",
                            "security_groups.#": "1",
                            "security_groups.0": "sg-06972abbf704b850c",
                            "subnet_mapping.#": "2",
                            "subnet_mapping.0.allocation_id": "",
                            "subnet_mapping.0.ipv6_address": "",
                            "subnet_mapping.0.outpost_id": "",
                            "subnet_mapping.0.private_ipv4_address": "",
                            "subnet_mapping.0.subnet_id": "subnet-042ba429fbd7e8a0c",
                            "subnet_mapping.1.allocation_id": "",
                            "subnet_mapping.1.ipv6_address": "",
                            "subnet_mapping.1.outpost_id": "",
                            "subnet_mapping.1.private_ipv4_address": "",
                            "subnet_mapping.1.subnet_id": "subnet-0d48a875c919a750b",
                            "subnets.#": "2",
                            "subnets.0": "subnet-042ba429fbd7e8a0c",
                            "subnets.1": "subnet-0d48a875c919a750b",
                            "tags.%": "1",
                            "tags.use": "terraformer",
                            "tags_all.%": "1",
                            "tags_all.use": "terraformer",
                            "vpc_id": "vpc-08859779ddbba6ede",
                            "xff_header_processing_mode": "append",
                            "zone_id": "Z35SXDOTRQ7X7K"
                        },
                        "meta": {
                            "schema_version": 0
                        },
                        "tainted": false
                    },
                    "deposed": [],
                    "provider": "provider.aws"
                },
                "aws_lb_target_group.tfer--ecs-mo-moodl-RV7MRCBPBAZ6": {
                    "type": "aws_lb_target_group",
                    "depends_on": [],
                    "primary": {
                        "id": "arn:aws:elasticloadbalancing:us-east-1:760578178066:targetgroup/ecs-mo-moodl-RV7MRCBPBAZ6/153cfb21d83092b7",
                        "attributes": {
                            "arn": "arn:aws:elasticloadbalancing:us-east-1:760578178066:targetgroup/ecs-mo-moodl-RV7MRCBPBAZ6/153cfb21d83092b7",
                            "arn_suffix": "targetgroup/ecs-mo-moodl-RV7MRCBPBAZ6/153cfb21d83092b7",
                            "deregistration_delay": "300",
                            "health_check.#": "1",
                            "health_check.0.enabled": "true",
                            "health_check.0.healthy_threshold": "5",
                            "health_check.0.interval": "30",
                            "health_check.0.matcher": "200",
                            "health_check.0.path": "/",
                            "health_check.0.port": "traffic-port",
                            "health_check.0.protocol": "HTTP",
                            "health_check.0.timeout": "20",
                            "health_check.0.unhealthy_threshold": "2",
                            "id": "arn:aws:elasticloadbalancing:us-east-1:760578178066:targetgroup/ecs-mo-moodl-RV7MRCBPBAZ6/153cfb21d83092b7",
                            "ip_address_type": "ipv4",
                            "load_balancing_algorithm_type": "round_robin",
                            "load_balancing_anomaly_mitigation": "off",
                            "load_balancing_cross_zone_enabled": "use_load_balancer_configuration",
                            "name": "ecs-mo-moodl-RV7MRCBPBAZ6",
                            "name_prefix": "",
                            "port": "8080",
                            "protocol": "HTTP",
                            "protocol_version": "HTTP1",
                            "slow_start": "0",
                            "stickiness.#": "1",
                            "stickiness.0.cookie_duration": "86400",
                            "stickiness.0.cookie_name": "",
                            "stickiness.0.enabled": "false",
                            "stickiness.0.type": "lb_cookie",
                            "tags.%": "1",
                            "tags.use": "terraformer",
                            "tags_all.%": "1",
                            "tags_all.use": "terraformer",
                            "target_failover.#": "1",
                            "target_health_state.#": "1",
                            "target_type": "ip",
                            "vpc_id": "vpc-08859779ddbba6ede"
                        },
                        "meta": {
                            "schema_version": 0
                        },
                        "tainted": false
                    },
                    "deposed": [],
                    "provider": "provider.aws"
                },
                "aws_nat_gateway.tfer--nat-02ede3d54be695fe8": {
                    "type": "aws_nat_gateway",
                    "depends_on": [],
                    "primary": {
                        "id": "nat-02ede3d54be695fe8",
                        "attributes": {
                            "allocation_id": "eipalloc-08ae0a66a7da8945c",
                            "association_id": "eipassoc-003506aaf10bb2739",
                            "connectivity_type": "public",
                            "id": "nat-02ede3d54be695fe8",
                            "network_interface_id": "eni-0f8c3188a0b61dda3",
                            "private_ip": "10.0.15.211",
                            "public_ip": "34.192.61.120",
                            "secondary_allocation_ids.#": "0",
                            "secondary_private_ip_address_count": "0",
                            "secondary_private_ip_addresses.#": "0",
                            "subnet_id": "subnet-0d48a875c919a750b",
                            "tags.%": "2",
                            "tags.Name": "ecs-moodle-stack/moodle-vpc/PublicSubnet1",
                            "tags.use": "terraformer",
                            "tags_all.%": "2",
                            "tags_all.Name": "ecs-moodle-stack/moodle-vpc/PublicSubnet1",
                            "tags_all.use": "terraformer"
                        },
                        "meta": {
                            "schema_version": 0
                        },
                        "tainted": false
                    },
                    "deposed": [],
                    "provider": "provider.aws"
                },
                "aws_nat_gateway.tfer--nat-06af11a6afb6cf6c3": {
                    "type": "aws_nat_gateway",
                    "depends_on": [],
                    "primary": {
                        "id": "nat-06af11a6afb6cf6c3",
                        "attributes": {
                            "allocation_id": "eipalloc-0853ab4cdfb9a6470",
                            "association_id": "eipassoc-0c4acad687dd7df89",
                            "connectivity_type": "public",
                            "id": "nat-06af11a6afb6cf6c3",
                            "network_interface_id": "eni-024aa15c574d24abe",
                            "private_ip": "10.0.72.45",
                            "public_ip": "100.27.156.14",
                            "secondary_allocation_ids.#": "0",
                            "secondary_private_ip_address_count": "0",
                            "secondary_private_ip_addresses.#": "0",
                            "subnet_id": "subnet-042ba429fbd7e8a0c",
                            "tags.%": "2",
                            "tags.Name": "ecs-moodle-stack/moodle-vpc/PublicSubnet2",
                            "tags.use": "terraformer",
                            "tags_all.%": "2",
                            "tags_all.Name": "ecs-moodle-stack/moodle-vpc/PublicSubnet2",
                            "tags_all.use": "terraformer"
                        },
                        "meta": {
                            "schema_version": 0
                        },
                        "tainted": false
                    },
                    "deposed": [],
                    "provider": "provider.aws"
                },
                "aws_route_table.tfer--rtb-05b6bf2f20daa5372": {
                    "type": "aws_route_table",
                    "depends_on": [],
                    "primary": {
                        "id": "rtb-05b6bf2f20daa5372",
                        "attributes": {
                            "arn": "arn:aws:ec2:us-east-1:760578178066:route-table/rtb-05b6bf2f20daa5372",
                            "id": "rtb-05b6bf2f20daa5372",
                            "owner_id": "760578178066",
                            "propagating_vgws.#": "0",
                            "route.#": "1",
                            "route.0.carrier_gateway_id": "",
                            "route.0.cidr_block": "0.0.0.0/0",
                            "route.0.core_network_arn": "",
                            "route.0.destination_prefix_list_id": "",
                            "route.0.egress_only_gateway_id": "",
                            "route.0.gateway_id": "igw-0513db42f3c5554eb",
                            "route.0.ipv6_cidr_block": "",
                            "route.0.local_gateway_id": "",
                            "route.0.nat_gateway_id": "",
                            "route.0.network_interface_id": "",
                            "route.0.transit_gateway_id": "",
                            "route.0.vpc_endpoint_id": "",
                            "route.0.vpc_peering_connection_id": "",
                            "tags.%": "2",
                            "tags.Name": "ecs-moodle-stack/moodle-vpc/PublicSubnet2",
                            "tags.use": "terraformer",
                            "tags_all.%": "2",
                            "tags_all.Name": "ecs-moodle-stack/moodle-vpc/PublicSubnet2",
                            "tags_all.use": "terraformer",
                            "vpc_id": "vpc-08859779ddbba6ede"
                        },
                        "meta": {
                            "schema_version": 0
                        },
                        "tainted": false
                    },
                    "deposed": [],
                    "provider": "provider.aws"
                },
                "aws_route_table.tfer--rtb-09a223a0a4af3c550": {
                    "type": "aws_route_table",
                    "depends_on": [],
                    "primary": {
                        "id": "rtb-09a223a0a4af3c550",
                        "attributes": {
                            "arn": "arn:aws:ec2:us-east-1:760578178066:route-table/rtb-09a223a0a4af3c550",
                            "id": "rtb-09a223a0a4af3c550",
                            "owner_id": "760578178066",
                            "propagating_vgws.#": "0",
                            "route.#": "1",
                            "route.0.carrier_gateway_id": "",
                            "route.0.cidr_block": "0.0.0.0/0",
                            "route.0.core_network_arn": "",
                            "route.0.destination_prefix_list_id": "",
                            "route.0.egress_only_gateway_id": "",
                            "route.0.gateway_id": "",
                            "route.0.ipv6_cidr_block": "",
                            "route.0.local_gateway_id": "",
                            "route.0.nat_gateway_id": "nat-06af11a6afb6cf6c3",
                            "route.0.network_interface_id": "",
                            "route.0.transit_gateway_id": "",
                            "route.0.vpc_endpoint_id": "",
                            "route.0.vpc_peering_connection_id": "",
                            "tags.%": "2",
                            "tags.Name": "ecs-moodle-stack/moodle-vpc/PrivateSubnet2",
                            "tags.use": "terraformer",
                            "tags_all.%": "2",
                            "tags_all.Name": "ecs-moodle-stack/moodle-vpc/PrivateSubnet2",
                            "tags_all.use": "terraformer",
                            "vpc_id": "vpc-08859779ddbba6ede"
                        },
                        "meta": {
                            "schema_version": 0
                        },
                        "tainted": false
                    },
                    "deposed": [],
                    "provider": "provider.aws"
                },
                "aws_route_table.tfer--rtb-0a87aca650d73dc0b": {
                    "type": "aws_route_table",
                    "depends_on": [],
                    "primary": {
                        "id": "rtb-0a87aca650d73dc0b",
                        "attributes": {
                            "arn": "arn:aws:ec2:us-east-1:760578178066:route-table/rtb-0a87aca650d73dc0b",
                            "id": "rtb-0a87aca650d73dc0b",
                            "owner_id": "760578178066",
                            "propagating_vgws.#": "0",
                            "route.#": "1",
                            "route.0.carrier_gateway_id": "",
                            "route.0.cidr_block": "0.0.0.0/0",
                            "route.0.core_network_arn": "",
                            "route.0.destination_prefix_list_id": "",
                            "route.0.egress_only_gateway_id": "",
                            "route.0.gateway_id": "",
                            "route.0.ipv6_cidr_block": "",
                            "route.0.local_gateway_id": "",
                            "route.0.nat_gateway_id": "nat-02ede3d54be695fe8",
                            "route.0.network_interface_id": "",
                            "route.0.transit_gateway_id": "",
                            "route.0.vpc_endpoint_id": "",
                            "route.0.vpc_peering_connection_id": "",
                            "tags.%": "2",
                            "tags.Name": "ecs-moodle-stack/moodle-vpc/PrivateSubnet1",
                            "tags.use": "terraformer",
                            "tags_all.%": "2",
                            "tags_all.Name": "ecs-moodle-stack/moodle-vpc/PrivateSubnet1",
                            "tags_all.use": "terraformer",
                            "vpc_id": "vpc-08859779ddbba6ede"
                        },
                        "meta": {
                            "schema_version": 0
                        },
                        "tainted": false
                    },
                    "deposed": [],
                    "provider": "provider.aws"
                },
                "aws_route_table.tfer--rtb-0c6715496c0e43e13": {
                    "type": "aws_route_table",
                    "depends_on": [],
                    "primary": {
                        "id": "rtb-0c6715496c0e43e13",
                        "attributes": {
                            "arn": "arn:aws:ec2:us-east-1:760578178066:route-table/rtb-0c6715496c0e43e13",
                            "id": "rtb-0c6715496c0e43e13",
                            "owner_id": "760578178066",
                            "propagating_vgws.#": "0",
                            "route.#": "1",
                            "route.0.carrier_gateway_id": "",
                            "route.0.cidr_block": "0.0.0.0/0",
                            "route.0.core_network_arn": "",
                            "route.0.destination_prefix_list_id": "",
                            "route.0.egress_only_gateway_id": "",
                            "route.0.gateway_id": "igw-0513db42f3c5554eb",
                            "route.0.ipv6_cidr_block": "",
                            "route.0.local_gateway_id": "",
                            "route.0.nat_gateway_id": "",
                            "route.0.network_interface_id": "",
                            "route.0.transit_gateway_id": "",
                            "route.0.vpc_endpoint_id": "",
                            "route.0.vpc_peering_connection_id": "",
                            "tags.%": "2",
                            "tags.Name": "ecs-moodle-stack/moodle-vpc/PublicSubnet1",
                            "tags.use": "terraformer",
                            "tags_all.%": "2",
                            "tags_all.Name": "ecs-moodle-stack/moodle-vpc/PublicSubnet1",
                            "tags_all.use": "terraformer",
                            "vpc_id": "vpc-08859779ddbba6ede"
                        },
                        "meta": {
                            "schema_version": 0
                        },
                        "tainted": false
                    },
                    "deposed": [],
                    "provider": "provider.aws"
                },
                "aws_s3_bucket.tfer--ecs-moodle-stack-cloudtrailbucket4e585f26-5onp6e9ytqcx": {
                    "type": "aws_s3_bucket",
                    "depends_on": [],
                    "primary": {
                        "id": "ecs-moodle-stack-cloudtrailbucket4e585f26-5onp6e9ytqcx",
                        "attributes": {
                            "acceleration_status": "",
                            "acl": "private",
                            "arn": "arn:aws:s3:::ecs-moodle-stack-cloudtrailbucket4e585f26-5onp6e9ytqcx",
                            "bucket": "ecs-moodle-stack-cloudtrailbucket4e585f26-5onp6e9ytqcx",
                            "bucket_domain_name": "ecs-moodle-stack-cloudtrailbucket4e585f26-5onp6e9ytqcx.s3.amazonaws.com",
                            "bucket_prefix": "",
                            "bucket_regional_domain_name": "ecs-moodle-stack-cloudtrailbucket4e585f26-5onp6e9ytqcx.s3.us-east-1.amazonaws.com",
                            "cors_rule.#": "0",
                            "force_destroy": "false",
                            "grant.#": "1",
                            "grant.0.id": "13ef84c490622b8227c5f39bc19125c268346492634c6b32d0afaaf10b6f05fc",
                            "grant.0.permissions.#": "1",
                            "grant.0.permissions.0": "FULL_CONTROL",
                            "grant.0.type": "CanonicalUser",
                            "grant.0.uri": "",
                            "hosted_zone_id": "Z3AQBSTGFYJSTF",
                            "id": "ecs-moodle-stack-cloudtrailbucket4e585f26-5onp6e9ytqcx",
                            "lifecycle_rule.#": "0",
                            "logging.#": "0",
                            "object_lock_configuration.#": "0",
                            "object_lock_enabled": "false",
                            "policy": "",
                            "region": "us-east-1",
                            "replication_configuration.#": "0",
                            "request_payer": "BucketOwner",
                            "server_side_encryption_configuration.#": "1",
                            "server_side_encryption_configuration.0.rule.#": "1",
                            "server_side_encryption_configuration.0.rule.0.apply_server_side_encryption_by_default.#": "1",
                            "server_side_encryption_configuration.0.rule.0.apply_server_side_encryption_by_default.0.kms_master_key_id": "",
                            "server_side_encryption_configuration.0.rule.0.apply_server_side_encryption_by_default.0.sse_algorithm": "AES256",
                            "server_side_encryption_configuration.0.rule.0.bucket_key_enabled": "false",
                            "tags.%": "1",
                            "tags.use": "terraformer",
                            "tags_all.%": "1",
                            "tags_all.use": "terraformer",
                            "versioning.#": "1",
                            "versioning.0.enabled": "false",
                            "versioning.0.mfa_delete": "false",
                            "website.#": "0"
                        },
                        "meta": {
                            "schema_version": 0
                        },
                        "tainted": false
                    },
                    "deposed": [],
                    "provider": "provider.aws"
                },
                "aws_s3_bucket.tfer--ecs-moodle-stack-cloudtrailbucket4e585f26-e3ehpqfxayq8": {
                    "type": "aws_s3_bucket",
                    "depends_on": [],
                    "primary": {
                        "id": "ecs-moodle-stack-cloudtrailbucket4e585f26-e3ehpqfxayq8",
                        "attributes": {
                            "acceleration_status": "",
                            "acl": "private",
                            "arn": "arn:aws:s3:::ecs-moodle-stack-cloudtrailbucket4e585f26-e3ehpqfxayq8",
                            "bucket": "ecs-moodle-stack-cloudtrailbucket4e585f26-e3ehpqfxayq8",
                            "bucket_domain_name": "ecs-moodle-stack-cloudtrailbucket4e585f26-e3ehpqfxayq8.s3.amazonaws.com",
                            "bucket_prefix": "",
                            "bucket_regional_domain_name": "ecs-moodle-stack-cloudtrailbucket4e585f26-e3ehpqfxayq8.s3.us-east-1.amazonaws.com",
                            "cors_rule.#": "0",
                            "force_destroy": "false",
                            "grant.#": "1",
                            "grant.0.id": "13ef84c490622b8227c5f39bc19125c268346492634c6b32d0afaaf10b6f05fc",
                            "grant.0.permissions.#": "1",
                            "grant.0.permissions.0": "FULL_CONTROL",
                            "grant.0.type": "CanonicalUser",
                            "grant.0.uri": "",
                            "hosted_zone_id": "Z3AQBSTGFYJSTF",
                            "id": "ecs-moodle-stack-cloudtrailbucket4e585f26-e3ehpqfxayq8",
                            "lifecycle_rule.#": "0",
                            "logging.#": "0",
                            "object_lock_configuration.#": "0",
                            "object_lock_enabled": "false",
                            "policy": "",
                            "region": "us-east-1",
                            "replication_configuration.#": "0",
                            "request_payer": "BucketOwner",
                            "server_side_encryption_configuration.#": "1",
                            "server_side_encryption_configuration.0.rule.#": "1",
                            "server_side_encryption_configuration.0.rule.0.apply_server_side_encryption_by_default.#": "1",
                            "server_side_encryption_configuration.0.rule.0.apply_server_side_encryption_by_default.0.kms_master_key_id": "",
                            "server_side_encryption_configuration.0.rule.0.apply_server_side_encryption_by_default.0.sse_algorithm": "AES256",
                            "server_side_encryption_configuration.0.rule.0.bucket_key_enabled": "false",
                            "tags.%": "1",
                            "tags.use": "terraformer",
                            "tags_all.%": "1",
                            "tags_all.use": "terraformer",
                            "versioning.#": "1",
                            "versioning.0.enabled": "false",
                            "versioning.0.mfa_delete": "false",
                            "website.#": "0"
                        },
                        "meta": {
                            "schema_version": 0
                        },
                        "tainted": false
                    },
                    "deposed": [],
                    "provider": "provider.aws"
                },
                "aws_s3_bucket.tfer--ecs-moodle-stack-cloudtrailbucket4e585f26-fgxpkayndlup": {
                    "type": "aws_s3_bucket",
                    "depends_on": [],
                    "primary": {
                        "id": "ecs-moodle-stack-cloudtrailbucket4e585f26-fgxpkayndlup",
                        "attributes": {
                            "acceleration_status": "",
                            "acl": "private",
                            "arn": "arn:aws:s3:::ecs-moodle-stack-cloudtrailbucket4e585f26-fgxpkayndlup",
                            "bucket": "ecs-moodle-stack-cloudtrailbucket4e585f26-fgxpkayndlup",
                            "bucket_domain_name": "ecs-moodle-stack-cloudtrailbucket4e585f26-fgxpkayndlup.s3.amazonaws.com",
                            "bucket_prefix": "",
                            "bucket_regional_domain_name": "ecs-moodle-stack-cloudtrailbucket4e585f26-fgxpkayndlup.s3.us-east-1.amazonaws.com",
                            "cors_rule.#": "0",
                            "force_destroy": "false",
                            "grant.#": "1",
                            "grant.0.id": "13ef84c490622b8227c5f39bc19125c268346492634c6b32d0afaaf10b6f05fc",
                            "grant.0.permissions.#": "1",
                            "grant.0.permissions.0": "FULL_CONTROL",
                            "grant.0.type": "CanonicalUser",
                            "grant.0.uri": "",
                            "hosted_zone_id": "Z3AQBSTGFYJSTF",
                            "id": "ecs-moodle-stack-cloudtrailbucket4e585f26-fgxpkayndlup",
                            "lifecycle_rule.#": "0",
                            "logging.#": "0",
                            "object_lock_configuration.#": "0",
                            "object_lock_enabled": "false",
                            "policy": "",
                            "region": "us-east-1",
                            "replication_configuration.#": "0",
                            "request_payer": "BucketOwner",
                            "server_side_encryption_configuration.#": "1",
                            "server_side_encryption_configuration.0.rule.#": "1",
                            "server_side_encryption_configuration.0.rule.0.apply_server_side_encryption_by_default.#": "1",
                            "server_side_encryption_configuration.0.rule.0.apply_server_side_encryption_by_default.0.kms_master_key_id": "",
                            "server_side_encryption_configuration.0.rule.0.apply_server_side_encryption_by_default.0.sse_algorithm": "AES256",
                            "server_side_encryption_configuration.0.rule.0.bucket_key_enabled": "false",
                            "tags.%": "1",
                            "tags.use": "terraformer",
                            "tags_all.%": "1",
                            "tags_all.use": "terraformer",
                            "versioning.#": "1",
                            "versioning.0.enabled": "false",
                            "versioning.0.mfa_delete": "false",
                            "website.#": "0"
                        },
                        "meta": {
                            "schema_version": 0
                        },
                        "tainted": false
                    },
                    "deposed": [],
                    "provider": "provider.aws"
                },
                "aws_s3_bucket.tfer--ecs-moodle-stack-cloudtrailbucket4e585f26-fz38boyjvxqb": {
                    "type": "aws_s3_bucket",
                    "depends_on": [],
                    "primary": {
                        "id": "ecs-moodle-stack-cloudtrailbucket4e585f26-fz38boyjvxqb",
                        "attributes": {
                            "acceleration_status": "",
                            "acl": "private",
                            "arn": "arn:aws:s3:::ecs-moodle-stack-cloudtrailbucket4e585f26-fz38boyjvxqb",
                            "bucket": "ecs-moodle-stack-cloudtrailbucket4e585f26-fz38boyjvxqb",
                            "bucket_domain_name": "ecs-moodle-stack-cloudtrailbucket4e585f26-fz38boyjvxqb.s3.amazonaws.com",
                            "bucket_prefix": "",
                            "bucket_regional_domain_name": "ecs-moodle-stack-cloudtrailbucket4e585f26-fz38boyjvxqb.s3.us-east-1.amazonaws.com",
                            "cors_rule.#": "0",
                            "force_destroy": "false",
                            "grant.#": "1",
                            "grant.0.id": "13ef84c490622b8227c5f39bc19125c268346492634c6b32d0afaaf10b6f05fc",
                            "grant.0.permissions.#": "1",
                            "grant.0.permissions.0": "FULL_CONTROL",
                            "grant.0.type": "CanonicalUser",
                            "grant.0.uri": "",
                            "hosted_zone_id": "Z3AQBSTGFYJSTF",
                            "id": "ecs-moodle-stack-cloudtrailbucket4e585f26-fz38boyjvxqb",
                            "lifecycle_rule.#": "0",
                            "logging.#": "0",
                            "object_lock_configuration.#": "0",
                            "object_lock_enabled": "false",
                            "policy": "",
                            "region": "us-east-1",
                            "replication_configuration.#": "0",
                            "request_payer": "BucketOwner",
                            "server_side_encryption_configuration.#": "1",
                            "server_side_encryption_configuration.0.rule.#": "1",
                            "server_side_encryption_configuration.0.rule.0.apply_server_side_encryption_by_default.#": "1",
                            "server_side_encryption_configuration.0.rule.0.apply_server_side_encryption_by_default.0.kms_master_key_id": "",
                            "server_side_encryption_configuration.0.rule.0.apply_server_side_encryption_by_default.0.sse_algorithm": "AES256",
                            "server_side_encryption_configuration.0.rule.0.bucket_key_enabled": "false",
                            "tags.%": "1",
                            "tags.use": "terraformer",
                            "tags_all.%": "1",
                            "tags_all.use": "terraformer",
                            "versioning.#": "1",
                            "versioning.0.enabled": "false",
                            "versioning.0.mfa_delete": "false",
                            "website.#": "0"
                        },
                        "meta": {
                            "schema_version": 0
                        },
                        "tainted": false
                    },
                    "deposed": [],
                    "provider": "provider.aws"
                },
                "aws_s3_bucket.tfer--ecs-moodle-stack-cloudtrailbucket4e585f26-gwsigcrn9msr": {
                    "type": "aws_s3_bucket",
                    "depends_on": [],
                    "primary": {
                        "id": "ecs-moodle-stack-cloudtrailbucket4e585f26-gwsigcrn9msr",
                        "attributes": {
                            "acceleration_status": "",
                            "acl": "private",
                            "arn": "arn:aws:s3:::ecs-moodle-stack-cloudtrailbucket4e585f26-gwsigcrn9msr",
                            "bucket": "ecs-moodle-stack-cloudtrailbucket4e585f26-gwsigcrn9msr",
                            "bucket_domain_name": "ecs-moodle-stack-cloudtrailbucket4e585f26-gwsigcrn9msr.s3.amazonaws.com",
                            "bucket_prefix": "",
                            "bucket_regional_domain_name": "ecs-moodle-stack-cloudtrailbucket4e585f26-gwsigcrn9msr.s3.us-east-1.amazonaws.com",
                            "cors_rule.#": "0",
                            "force_destroy": "false",
                            "grant.#": "1",
                            "grant.0.id": "13ef84c490622b8227c5f39bc19125c268346492634c6b32d0afaaf10b6f05fc",
                            "grant.0.permissions.#": "1",
                            "grant.0.permissions.0": "FULL_CONTROL",
                            "grant.0.type": "CanonicalUser",
                            "grant.0.uri": "",
                            "hosted_zone_id": "Z3AQBSTGFYJSTF",
                            "id": "ecs-moodle-stack-cloudtrailbucket4e585f26-gwsigcrn9msr",
                            "lifecycle_rule.#": "0",
                            "logging.#": "0",
                            "object_lock_configuration.#": "0",
                            "object_lock_enabled": "false",
                            "policy": "",
                            "region": "us-east-1",
                            "replication_configuration.#": "0",
                            "request_payer": "BucketOwner",
                            "server_side_encryption_configuration.#": "1",
                            "server_side_encryption_configuration.0.rule.#": "1",
                            "server_side_encryption_configuration.0.rule.0.apply_server_side_encryption_by_default.#": "1",
                            "server_side_encryption_configuration.0.rule.0.apply_server_side_encryption_by_default.0.kms_master_key_id": "",
                            "server_side_encryption_configuration.0.rule.0.apply_server_side_encryption_by_default.0.sse_algorithm": "AES256",
                            "server_side_encryption_configuration.0.rule.0.bucket_key_enabled": "false",
                            "tags.%": "1",
                            "tags.use": "terraformer",
                            "tags_all.%": "1",
                            "tags_all.use": "terraformer",
                            "versioning.#": "1",
                            "versioning.0.enabled": "false",
                            "versioning.0.mfa_delete": "false",
                            "website.#": "0"
                        },
                        "meta": {
                            "schema_version": 0
                        },
                        "tainted": false
                    },
                    "deposed": [],
                    "provider": "provider.aws"
                },
                "aws_s3_bucket.tfer--ecs-moodle-stack-cloudtrailbucket4e585f26-iubxb1iofhxm": {
                    "type": "aws_s3_bucket",
                    "depends_on": [],
                    "primary": {
                        "id": "ecs-moodle-stack-cloudtrailbucket4e585f26-iubxb1iofhxm",
                        "attributes": {
                            "acceleration_status": "",
                            "acl": "private",
                            "arn": "arn:aws:s3:::ecs-moodle-stack-cloudtrailbucket4e585f26-iubxb1iofhxm",
                            "bucket": "ecs-moodle-stack-cloudtrailbucket4e585f26-iubxb1iofhxm",
                            "bucket_domain_name": "ecs-moodle-stack-cloudtrailbucket4e585f26-iubxb1iofhxm.s3.amazonaws.com",
                            "bucket_prefix": "",
                            "bucket_regional_domain_name": "ecs-moodle-stack-cloudtrailbucket4e585f26-iubxb1iofhxm.s3.us-east-1.amazonaws.com",
                            "cors_rule.#": "0",
                            "force_destroy": "false",
                            "grant.#": "1",
                            "grant.0.id": "13ef84c490622b8227c5f39bc19125c268346492634c6b32d0afaaf10b6f05fc",
                            "grant.0.permissions.#": "1",
                            "grant.0.permissions.0": "FULL_CONTROL",
                            "grant.0.type": "CanonicalUser",
                            "grant.0.uri": "",
                            "hosted_zone_id": "Z3AQBSTGFYJSTF",
                            "id": "ecs-moodle-stack-cloudtrailbucket4e585f26-iubxb1iofhxm",
                            "lifecycle_rule.#": "0",
                            "logging.#": "0",
                            "object_lock_configuration.#": "0",
                            "object_lock_enabled": "false",
                            "policy": "{\"Version\":\"2012-10-17\",\"Statement\":[{\"Effect\":\"Deny\",\"Principal\":{\"AWS\":\"*\"},\"Action\":\"s3:*\",\"Resource\":[\"arn:aws:s3:::ecs-moodle-stack-cloudtrailbucket4e585f26-iubxb1iofhxm\",\"arn:aws:s3:::ecs-moodle-stack-cloudtrailbucket4e585f26-iubxb1iofhxm/*\"],\"Condition\":{\"Bool\":{\"aws:SecureTransport\":\"false\"}}},{\"Effect\":\"Allow\",\"Principal\":{\"Service\":\"cloudtrail.amazonaws.com\"},\"Action\":\"s3:GetBucketAcl\",\"Resource\":\"arn:aws:s3:::ecs-moodle-stack-cloudtrailbucket4e585f26-iubxb1iofhxm\"},{\"Effect\":\"Allow\",\"Principal\":{\"Service\":\"cloudtrail.amazonaws.com\"},\"Action\":\"s3:PutObject\",\"Resource\":\"arn:aws:s3:::ecs-moodle-stack-cloudtrailbucket4e585f26-iubxb1iofhxm/AWSLogs/760578178066/*\",\"Condition\":{\"StringEquals\":{\"s3:x-amz-acl\":\"bucket-owner-full-control\"}}}]}",
                            "region": "us-east-1",
                            "replication_configuration.#": "0",
                            "request_payer": "BucketOwner",
                            "server_side_encryption_configuration.#": "1",
                            "server_side_encryption_configuration.0.rule.#": "1",
                            "server_side_encryption_configuration.0.rule.0.apply_server_side_encryption_by_default.#": "1",
                            "server_side_encryption_configuration.0.rule.0.apply_server_side_encryption_by_default.0.kms_master_key_id": "",
                            "server_side_encryption_configuration.0.rule.0.apply_server_side_encryption_by_default.0.sse_algorithm": "AES256",
                            "server_side_encryption_configuration.0.rule.0.bucket_key_enabled": "false",
                            "tags.%": "1",
                            "tags.use": "terraformer",
                            "tags_all.%": "1",
                            "tags_all.use": "terraformer",
                            "versioning.#": "1",
                            "versioning.0.enabled": "false",
                            "versioning.0.mfa_delete": "false",
                            "website.#": "0"
                        },
                        "meta": {
                            "schema_version": 0
                        },
                        "tainted": false
                    },
                    "deposed": [],
                    "provider": "provider.aws"
                },
                "aws_s3_bucket.tfer--ecs-moodle-stack-cloudtrailbucket4e585f26-jejxdrsqegt3": {
                    "type": "aws_s3_bucket",
                    "depends_on": [],
                    "primary": {
                        "id": "ecs-moodle-stack-cloudtrailbucket4e585f26-jejxdrsqegt3",
                        "attributes": {
                            "acceleration_status": "",
                            "acl": "private",
                            "arn": "arn:aws:s3:::ecs-moodle-stack-cloudtrailbucket4e585f26-jejxdrsqegt3",
                            "bucket": "ecs-moodle-stack-cloudtrailbucket4e585f26-jejxdrsqegt3",
                            "bucket_domain_name": "ecs-moodle-stack-cloudtrailbucket4e585f26-jejxdrsqegt3.s3.amazonaws.com",
                            "bucket_prefix": "",
                            "bucket_regional_domain_name": "ecs-moodle-stack-cloudtrailbucket4e585f26-jejxdrsqegt3.s3.us-east-1.amazonaws.com",
                            "cors_rule.#": "0",
                            "force_destroy": "false",
                            "grant.#": "1",
                            "grant.0.id": "13ef84c490622b8227c5f39bc19125c268346492634c6b32d0afaaf10b6f05fc",
                            "grant.0.permissions.#": "1",
                            "grant.0.permissions.0": "FULL_CONTROL",
                            "grant.0.type": "CanonicalUser",
                            "grant.0.uri": "",
                            "hosted_zone_id": "Z3AQBSTGFYJSTF",
                            "id": "ecs-moodle-stack-cloudtrailbucket4e585f26-jejxdrsqegt3",
                            "lifecycle_rule.#": "0",
                            "logging.#": "0",
                            "object_lock_configuration.#": "0",
                            "object_lock_enabled": "false",
                            "policy": "",
                            "region": "us-east-1",
                            "replication_configuration.#": "0",
                            "request_payer": "BucketOwner",
                            "server_side_encryption_configuration.#": "1",
                            "server_side_encryption_configuration.0.rule.#": "1",
                            "server_side_encryption_configuration.0.rule.0.apply_server_side_encryption_by_default.#": "1",
                            "server_side_encryption_configuration.0.rule.0.apply_server_side_encryption_by_default.0.kms_master_key_id": "",
                            "server_side_encryption_configuration.0.rule.0.apply_server_side_encryption_by_default.0.sse_algorithm": "AES256",
                            "server_side_encryption_configuration.0.rule.0.bucket_key_enabled": "false",
                            "tags.%": "1",
                            "tags.use": "terraformer",
                            "tags_all.%": "1",
                            "tags_all.use": "terraformer",
                            "versioning.#": "1",
                            "versioning.0.enabled": "false",
                            "versioning.0.mfa_delete": "false",
                            "website.#": "0"
                        },
                        "meta": {
                            "schema_version": 0
                        },
                        "tainted": false
                    },
                    "deposed": [],
                    "provider": "provider.aws"
                },
                "aws_s3_bucket.tfer--ecs-moodle-stack-cloudtrailbucket4e585f26-lt9xcjljlqes": {
                    "type": "aws_s3_bucket",
                    "depends_on": [],
                    "primary": {
                        "id": "ecs-moodle-stack-cloudtrailbucket4e585f26-lt9xcjljlqes",
                        "attributes": {
                            "acceleration_status": "",
                            "acl": "private",
                            "arn": "arn:aws:s3:::ecs-moodle-stack-cloudtrailbucket4e585f26-lt9xcjljlqes",
                            "bucket": "ecs-moodle-stack-cloudtrailbucket4e585f26-lt9xcjljlqes",
                            "bucket_domain_name": "ecs-moodle-stack-cloudtrailbucket4e585f26-lt9xcjljlqes.s3.amazonaws.com",
                            "bucket_prefix": "",
                            "bucket_regional_domain_name": "ecs-moodle-stack-cloudtrailbucket4e585f26-lt9xcjljlqes.s3.us-east-1.amazonaws.com",
                            "cors_rule.#": "0",
                            "force_destroy": "false",
                            "grant.#": "1",
                            "grant.0.id": "13ef84c490622b8227c5f39bc19125c268346492634c6b32d0afaaf10b6f05fc",
                            "grant.0.permissions.#": "1",
                            "grant.0.permissions.0": "FULL_CONTROL",
                            "grant.0.type": "CanonicalUser",
                            "grant.0.uri": "",
                            "hosted_zone_id": "Z3AQBSTGFYJSTF",
                            "id": "ecs-moodle-stack-cloudtrailbucket4e585f26-lt9xcjljlqes",
                            "lifecycle_rule.#": "0",
                            "logging.#": "0",
                            "object_lock_configuration.#": "0",
                            "object_lock_enabled": "false",
                            "policy": "",
                            "region": "us-east-1",
                            "replication_configuration.#": "0",
                            "request_payer": "BucketOwner",
                            "server_side_encryption_configuration.#": "1",
                            "server_side_encryption_configuration.0.rule.#": "1",
                            "server_side_encryption_configuration.0.rule.0.apply_server_side_encryption_by_default.#": "1",
                            "server_side_encryption_configuration.0.rule.0.apply_server_side_encryption_by_default.0.kms_master_key_id": "",
                            "server_side_encryption_configuration.0.rule.0.apply_server_side_encryption_by_default.0.sse_algorithm": "AES256",
                            "server_side_encryption_configuration.0.rule.0.bucket_key_enabled": "false",
                            "tags.%": "1",
                            "tags.use": "terraformer",
                            "tags_all.%": "1",
                            "tags_all.use": "terraformer",
                            "versioning.#": "1",
                            "versioning.0.enabled": "false",
                            "versioning.0.mfa_delete": "false",
                            "website.#": "0"
                        },
                        "meta": {
                            "schema_version": 0
                        },
                        "tainted": false
                    },
                    "deposed": [],
                    "provider": "provider.aws"
                },
                "aws_s3_bucket.tfer--ecs-moodle-stack-cloudtrailbucket4e585f26-pkh1otz9o3f4": {
                    "type": "aws_s3_bucket",
                    "depends_on": [],
                    "primary": {
                        "id": "ecs-moodle-stack-cloudtrailbucket4e585f26-pkh1otz9o3f4",
                        "attributes": {
                            "acceleration_status": "",
                            "acl": "private",
                            "arn": "arn:aws:s3:::ecs-moodle-stack-cloudtrailbucket4e585f26-pkh1otz9o3f4",
                            "bucket": "ecs-moodle-stack-cloudtrailbucket4e585f26-pkh1otz9o3f4",
                            "bucket_domain_name": "ecs-moodle-stack-cloudtrailbucket4e585f26-pkh1otz9o3f4.s3.amazonaws.com",
                            "bucket_prefix": "",
                            "bucket_regional_domain_name": "ecs-moodle-stack-cloudtrailbucket4e585f26-pkh1otz9o3f4.s3.us-east-1.amazonaws.com",
                            "cors_rule.#": "0",
                            "force_destroy": "false",
                            "grant.#": "1",
                            "grant.0.id": "13ef84c490622b8227c5f39bc19125c268346492634c6b32d0afaaf10b6f05fc",
                            "grant.0.permissions.#": "1",
                            "grant.0.permissions.0": "FULL_CONTROL",
                            "grant.0.type": "CanonicalUser",
                            "grant.0.uri": "",
                            "hosted_zone_id": "Z3AQBSTGFYJSTF",
                            "id": "ecs-moodle-stack-cloudtrailbucket4e585f26-pkh1otz9o3f4",
                            "lifecycle_rule.#": "0",
                            "logging.#": "0",
                            "object_lock_configuration.#": "0",
                            "object_lock_enabled": "false",
                            "policy": "",
                            "region": "us-east-1",
                            "replication_configuration.#": "0",
                            "request_payer": "BucketOwner",
                            "server_side_encryption_configuration.#": "1",
                            "server_side_encryption_configuration.0.rule.#": "1",
                            "server_side_encryption_configuration.0.rule.0.apply_server_side_encryption_by_default.#": "1",
                            "server_side_encryption_configuration.0.rule.0.apply_server_side_encryption_by_default.0.kms_master_key_id": "",
                            "server_side_encryption_configuration.0.rule.0.apply_server_side_encryption_by_default.0.sse_algorithm": "AES256",
                            "server_side_encryption_configuration.0.rule.0.bucket_key_enabled": "false",
                            "tags.%": "1",
                            "tags.use": "terraformer",
                            "tags_all.%": "1",
                            "tags_all.use": "terraformer",
                            "versioning.#": "1",
                            "versioning.0.enabled": "false",
                            "versioning.0.mfa_delete": "false",
                            "website.#": "0"
                        },
                        "meta": {
                            "schema_version": 0
                        },
                        "tainted": false
                    },
                    "deposed": [],
                    "provider": "provider.aws"
                },
                "aws_s3_bucket.tfer--ecs-moodle-stack-cloudtrailbucket4e585f26-qhkho2njrvmn": {
                    "type": "aws_s3_bucket",
                    "depends_on": [],
                    "primary": {
                        "id": "ecs-moodle-stack-cloudtrailbucket4e585f26-qhkho2njrvmn",
                        "attributes": {
                            "acceleration_status": "",
                            "acl": "private",
                            "arn": "arn:aws:s3:::ecs-moodle-stack-cloudtrailbucket4e585f26-qhkho2njrvmn",
                            "bucket": "ecs-moodle-stack-cloudtrailbucket4e585f26-qhkho2njrvmn",
                            "bucket_domain_name": "ecs-moodle-stack-cloudtrailbucket4e585f26-qhkho2njrvmn.s3.amazonaws.com",
                            "bucket_prefix": "",
                            "bucket_regional_domain_name": "ecs-moodle-stack-cloudtrailbucket4e585f26-qhkho2njrvmn.s3.us-east-1.amazonaws.com",
                            "cors_rule.#": "0",
                            "force_destroy": "false",
                            "grant.#": "1",
                            "grant.0.id": "13ef84c490622b8227c5f39bc19125c268346492634c6b32d0afaaf10b6f05fc",
                            "grant.0.permissions.#": "1",
                            "grant.0.permissions.0": "FULL_CONTROL",
                            "grant.0.type": "CanonicalUser",
                            "grant.0.uri": "",
                            "hosted_zone_id": "Z3AQBSTGFYJSTF",
                            "id": "ecs-moodle-stack-cloudtrailbucket4e585f26-qhkho2njrvmn",
                            "lifecycle_rule.#": "0",
                            "logging.#": "0",
                            "object_lock_configuration.#": "0",
                            "object_lock_enabled": "false",
                            "policy": "",
                            "region": "us-east-1",
                            "replication_configuration.#": "0",
                            "request_payer": "BucketOwner",
                            "server_side_encryption_configuration.#": "1",
                            "server_side_encryption_configuration.0.rule.#": "1",
                            "server_side_encryption_configuration.0.rule.0.apply_server_side_encryption_by_default.#": "1",
                            "server_side_encryption_configuration.0.rule.0.apply_server_side_encryption_by_default.0.kms_master_key_id": "",
                            "server_side_encryption_configuration.0.rule.0.apply_server_side_encryption_by_default.0.sse_algorithm": "AES256",
                            "server_side_encryption_configuration.0.rule.0.bucket_key_enabled": "false",
                            "tags.%": "1",
                            "tags.use": "terraformer",
                            "tags_all.%": "1",
                            "tags_all.use": "terraformer",
                            "versioning.#": "1",
                            "versioning.0.enabled": "false",
                            "versioning.0.mfa_delete": "false",
                            "website.#": "0"
                        },
                        "meta": {
                            "schema_version": 0
                        },
                        "tainted": false
                    },
                    "deposed": [],
                    "provider": "provider.aws"
                },
                "aws_s3_bucket.tfer--ecs-moodle-stack-cloudtrailbucket4e585f26-qkk2gbumrfkh": {
                    "type": "aws_s3_bucket",
                    "depends_on": [],
                    "primary": {
                        "id": "ecs-moodle-stack-cloudtrailbucket4e585f26-qkk2gbumrfkh",
                        "attributes": {
                            "acceleration_status": "",
                            "acl": "private",
                            "arn": "arn:aws:s3:::ecs-moodle-stack-cloudtrailbucket4e585f26-qkk2gbumrfkh",
                            "bucket": "ecs-moodle-stack-cloudtrailbucket4e585f26-qkk2gbumrfkh",
                            "bucket_domain_name": "ecs-moodle-stack-cloudtrailbucket4e585f26-qkk2gbumrfkh.s3.amazonaws.com",
                            "bucket_prefix": "",
                            "bucket_regional_domain_name": "ecs-moodle-stack-cloudtrailbucket4e585f26-qkk2gbumrfkh.s3.us-east-1.amazonaws.com",
                            "cors_rule.#": "0",
                            "force_destroy": "false",
                            "grant.#": "1",
                            "grant.0.id": "13ef84c490622b8227c5f39bc19125c268346492634c6b32d0afaaf10b6f05fc",
                            "grant.0.permissions.#": "1",
                            "grant.0.permissions.0": "FULL_CONTROL",
                            "grant.0.type": "CanonicalUser",
                            "grant.0.uri": "",
                            "hosted_zone_id": "Z3AQBSTGFYJSTF",
                            "id": "ecs-moodle-stack-cloudtrailbucket4e585f26-qkk2gbumrfkh",
                            "lifecycle_rule.#": "0",
                            "logging.#": "0",
                            "object_lock_configuration.#": "0",
                            "object_lock_enabled": "false",
                            "policy": "",
                            "region": "us-east-1",
                            "replication_configuration.#": "0",
                            "request_payer": "BucketOwner",
                            "server_side_encryption_configuration.#": "1",
                            "server_side_encryption_configuration.0.rule.#": "1",
                            "server_side_encryption_configuration.0.rule.0.apply_server_side_encryption_by_default.#": "1",
                            "server_side_encryption_configuration.0.rule.0.apply_server_side_encryption_by_default.0.kms_master_key_id": "",
                            "server_side_encryption_configuration.0.rule.0.apply_server_side_encryption_by_default.0.sse_algorithm": "AES256",
                            "server_side_encryption_configuration.0.rule.0.bucket_key_enabled": "false",
                            "tags.%": "1",
                            "tags.use": "terraformer",
                            "tags_all.%": "1",
                            "tags_all.use": "terraformer",
                            "versioning.#": "1",
                            "versioning.0.enabled": "false",
                            "versioning.0.mfa_delete": "false",
                            "website.#": "0"
                        },
                        "meta": {
                            "schema_version": 0
                        },
                        "tainted": false
                    },
                    "deposed": [],
                    "provider": "provider.aws"
                },
                "aws_s3_bucket.tfer--ecs-moodle-stack-cloudtrailbucket4e585f26-r6rd44srnfnf": {
                    "type": "aws_s3_bucket",
                    "depends_on": [],
                    "primary": {
                        "id": "ecs-moodle-stack-cloudtrailbucket4e585f26-r6rd44srnfnf",
                        "attributes": {
                            "acceleration_status": "",
                            "acl": "private",
                            "arn": "arn:aws:s3:::ecs-moodle-stack-cloudtrailbucket4e585f26-r6rd44srnfnf",
                            "bucket": "ecs-moodle-stack-cloudtrailbucket4e585f26-r6rd44srnfnf",
                            "bucket_domain_name": "ecs-moodle-stack-cloudtrailbucket4e585f26-r6rd44srnfnf.s3.amazonaws.com",
                            "bucket_prefix": "",
                            "bucket_regional_domain_name": "ecs-moodle-stack-cloudtrailbucket4e585f26-r6rd44srnfnf.s3.us-east-1.amazonaws.com",
                            "cors_rule.#": "0",
                            "force_destroy": "false",
                            "grant.#": "1",
                            "grant.0.id": "13ef84c490622b8227c5f39bc19125c268346492634c6b32d0afaaf10b6f05fc",
                            "grant.0.permissions.#": "1",
                            "grant.0.permissions.0": "FULL_CONTROL",
                            "grant.0.type": "CanonicalUser",
                            "grant.0.uri": "",
                            "hosted_zone_id": "Z3AQBSTGFYJSTF",
                            "id": "ecs-moodle-stack-cloudtrailbucket4e585f26-r6rd44srnfnf",
                            "lifecycle_rule.#": "0",
                            "logging.#": "0",
                            "object_lock_configuration.#": "0",
                            "object_lock_enabled": "false",
                            "policy": "",
                            "region": "us-east-1",
                            "replication_configuration.#": "0",
                            "request_payer": "BucketOwner",
                            "server_side_encryption_configuration.#": "1",
                            "server_side_encryption_configuration.0.rule.#": "1",
                            "server_side_encryption_configuration.0.rule.0.apply_server_side_encryption_by_default.#": "1",
                            "server_side_encryption_configuration.0.rule.0.apply_server_side_encryption_by_default.0.kms_master_key_id": "",
                            "server_side_encryption_configuration.0.rule.0.apply_server_side_encryption_by_default.0.sse_algorithm": "AES256",
                            "server_side_encryption_configuration.0.rule.0.bucket_key_enabled": "false",
                            "tags.%": "1",
                            "tags.use": "terraformer",
                            "tags_all.%": "1",
                            "tags_all.use": "terraformer",
                            "versioning.#": "1",
                            "versioning.0.enabled": "false",
                            "versioning.0.mfa_delete": "false",
                            "website.#": "0"
                        },
                        "meta": {
                            "schema_version": 0
                        },
                        "tainted": false
                    },
                    "deposed": [],
                    "provider": "provider.aws"
                },
                "aws_s3_bucket.tfer--ecs-moodle-stack-cloudtrailbucket4e585f26-sxcb3dhomucu": {
                    "type": "aws_s3_bucket",
                    "depends_on": [],
                    "primary": {
                        "id": "ecs-moodle-stack-cloudtrailbucket4e585f26-sxcb3dhomucu",
                        "attributes": {
                            "acceleration_status": "",
                            "acl": "private",
                            "arn": "arn:aws:s3:::ecs-moodle-stack-cloudtrailbucket4e585f26-sxcb3dhomucu",
                            "bucket": "ecs-moodle-stack-cloudtrailbucket4e585f26-sxcb3dhomucu",
                            "bucket_domain_name": "ecs-moodle-stack-cloudtrailbucket4e585f26-sxcb3dhomucu.s3.amazonaws.com",
                            "bucket_prefix": "",
                            "bucket_regional_domain_name": "ecs-moodle-stack-cloudtrailbucket4e585f26-sxcb3dhomucu.s3.us-east-1.amazonaws.com",
                            "cors_rule.#": "0",
                            "force_destroy": "false",
                            "grant.#": "1",
                            "grant.0.id": "13ef84c490622b8227c5f39bc19125c268346492634c6b32d0afaaf10b6f05fc",
                            "grant.0.permissions.#": "1",
                            "grant.0.permissions.0": "FULL_CONTROL",
                            "grant.0.type": "CanonicalUser",
                            "grant.0.uri": "",
                            "hosted_zone_id": "Z3AQBSTGFYJSTF",
                            "id": "ecs-moodle-stack-cloudtrailbucket4e585f26-sxcb3dhomucu",
                            "lifecycle_rule.#": "0",
                            "logging.#": "0",
                            "object_lock_configuration.#": "0",
                            "object_lock_enabled": "false",
                            "policy": "",
                            "region": "us-east-1",
                            "replication_configuration.#": "0",
                            "request_payer": "BucketOwner",
                            "server_side_encryption_configuration.#": "1",
                            "server_side_encryption_configuration.0.rule.#": "1",
                            "server_side_encryption_configuration.0.rule.0.apply_server_side_encryption_by_default.#": "1",
                            "server_side_encryption_configuration.0.rule.0.apply_server_side_encryption_by_default.0.kms_master_key_id": "",
                            "server_side_encryption_configuration.0.rule.0.apply_server_side_encryption_by_default.0.sse_algorithm": "AES256",
                            "server_side_encryption_configuration.0.rule.0.bucket_key_enabled": "false",
                            "tags.%": "1",
                            "tags.use": "terraformer",
                            "tags_all.%": "1",
                            "tags_all.use": "terraformer",
                            "versioning.#": "1",
                            "versioning.0.enabled": "false",
                            "versioning.0.mfa_delete": "false",
                            "website.#": "0"
                        },
                        "meta": {
                            "schema_version": 0
                        },
                        "tainted": false
                    },
                    "deposed": [],
                    "provider": "provider.aws"
                },
                "aws_s3_bucket.tfer--ecs-moodle-stack-cloudtrailbucket4e585f26-uguvywxwtakj": {
                    "type": "aws_s3_bucket",
                    "depends_on": [],
                    "primary": {
                        "id": "ecs-moodle-stack-cloudtrailbucket4e585f26-uguvywxwtakj",
                        "attributes": {
                            "acceleration_status": "",
                            "acl": "private",
                            "arn": "arn:aws:s3:::ecs-moodle-stack-cloudtrailbucket4e585f26-uguvywxwtakj",
                            "bucket": "ecs-moodle-stack-cloudtrailbucket4e585f26-uguvywxwtakj",
                            "bucket_domain_name": "ecs-moodle-stack-cloudtrailbucket4e585f26-uguvywxwtakj.s3.amazonaws.com",
                            "bucket_prefix": "",
                            "bucket_regional_domain_name": "ecs-moodle-stack-cloudtrailbucket4e585f26-uguvywxwtakj.s3.us-east-1.amazonaws.com",
                            "cors_rule.#": "0",
                            "force_destroy": "false",
                            "grant.#": "1",
                            "grant.0.id": "13ef84c490622b8227c5f39bc19125c268346492634c6b32d0afaaf10b6f05fc",
                            "grant.0.permissions.#": "1",
                            "grant.0.permissions.0": "FULL_CONTROL",
                            "grant.0.type": "CanonicalUser",
                            "grant.0.uri": "",
                            "hosted_zone_id": "Z3AQBSTGFYJSTF",
                            "id": "ecs-moodle-stack-cloudtrailbucket4e585f26-uguvywxwtakj",
                            "lifecycle_rule.#": "0",
                            "logging.#": "0",
                            "object_lock_configuration.#": "0",
                            "object_lock_enabled": "false",
                            "policy": "",
                            "region": "us-east-1",
                            "replication_configuration.#": "0",
                            "request_payer": "BucketOwner",
                            "server_side_encryption_configuration.#": "1",
                            "server_side_encryption_configuration.0.rule.#": "1",
                            "server_side_encryption_configuration.0.rule.0.apply_server_side_encryption_by_default.#": "1",
                            "server_side_encryption_configuration.0.rule.0.apply_server_side_encryption_by_default.0.kms_master_key_id": "",
                            "server_side_encryption_configuration.0.rule.0.apply_server_side_encryption_by_default.0.sse_algorithm": "AES256",
                            "server_side_encryption_configuration.0.rule.0.bucket_key_enabled": "false",
                            "tags.%": "1",
                            "tags.use": "terraformer",
                            "tags_all.%": "1",
                            "tags_all.use": "terraformer",
                            "versioning.#": "1",
                            "versioning.0.enabled": "false",
                            "versioning.0.mfa_delete": "false",
                            "website.#": "0"
                        },
                        "meta": {
                            "schema_version": 0
                        },
                        "tainted": false
                    },
                    "deposed": [],
                    "provider": "provider.aws"
                },
                "aws_secretsmanager_secret.tfer--ecsmoodlestackmoodledbSecre-s0pgWDdMMv8G": {
                    "type": "aws_secretsmanager_secret",
                    "depends_on": [],
                    "primary": {
                        "id": "arn:aws:secretsmanager:us-east-1:760578178066:secret:ecsmoodlestackmoodledbSecre-s0pgWDdMMv8G-gXKeUq",
                        "attributes": {
                            "arn": "arn:aws:secretsmanager:us-east-1:760578178066:secret:ecsmoodlestackmoodledbSecre-s0pgWDdMMv8G-gXKeUq",
                            "description": "Generated by the CDK for stack: ecs-moodle-stack",
                            "id": "arn:aws:secretsmanager:us-east-1:760578178066:secret:ecsmoodlestackmoodledbSecre-s0pgWDdMMv8G-gXKeUq",
                            "kms_key_id": "",
                            "name": "ecsmoodlestackmoodledbSecre-s0pgWDdMMv8G",
                            "name_prefix": "",
                            "policy": "",
                            "replica.#": "0",
                            "tags.%": "1",
                            "tags.use": "terraformer",
                            "tags_all.%": "1",
                            "tags_all.use": "terraformer"
                        },
                        "meta": {
                            "schema_version": 0
                        },
                        "tainted": false
                    },
                    "deposed": [],
                    "provider": "provider.aws"
                },
                "aws_secretsmanager_secret.tfer--moodlepasswordsecret585482A-Tq2nCfOkm6Gw": {
                    "type": "aws_secretsmanager_secret",
                    "depends_on": [],
                    "primary": {
                        "id": "arn:aws:secretsmanager:us-east-1:760578178066:secret:moodlepasswordsecret585482A-Tq2nCfOkm6Gw-cyRfec",
                        "attributes": {
                            "arn": "arn:aws:secretsmanager:us-east-1:760578178066:secret:moodlepasswordsecret585482A-Tq2nCfOkm6Gw-cyRfec",
                            "description": "",
                            "id": "arn:aws:secretsmanager:us-east-1:760578178066:secret:moodlepasswordsecret585482A-Tq2nCfOkm6Gw-cyRfec",
                            "kms_key_id": "",
                            "name": "moodlepasswordsecret585482A-Tq2nCfOkm6Gw",
                            "name_prefix": "",
                            "policy": "",
                            "replica.#": "0",
                            "tags.%": "1",
                            "tags.use": "terraformer",
                            "tags_all.%": "1",
                            "tags_all.use": "terraformer"
                        },
                        "meta": {
                            "schema_version": 0
                        },
                        "tainted": false
                    },
                    "deposed": [],
                    "provider": "provider.aws"
                },
                "aws_security_group.tfer--ecs-moodle-stack-moodlealbSecurityGroup1390F35A-mbO9B3nJ1fp8_sg-06972abbf704b850c": {
                    "type": "aws_security_group",
                    "depends_on": [],
                    "primary": {
                        "id": "sg-06972abbf704b850c",
                        "attributes": {
                            "arn": "arn:aws:ec2:us-east-1:760578178066:security-group/sg-06972abbf704b850c",
                            "description": "Automatically created Security Group for ELB ecsmoodlestackmoodlealbD39E5E3A",
                            "egress.#": "1",
                            "egress.0.cidr_blocks.#": "0",
                            "egress.0.description": "Load balancer to target",
                            "egress.0.from_port": "8080",
                            "egress.0.ipv6_cidr_blocks.#": "0",
                            "egress.0.prefix_list_ids.#": "0",
                            "egress.0.protocol": "tcp",
                            "egress.0.security_groups.#": "1",
                            "egress.0.security_groups.0": "sg-0c4224117102bdc83",
                            "egress.0.self": "false",
                            "egress.0.to_port": "8080",
                            "id": "sg-06972abbf704b850c",
                            "ingress.#": "2",
                            "ingress.0.cidr_blocks.#": "1",
                            "ingress.0.cidr_blocks.0": "0.0.0.0/0",
                            "ingress.0.description": "Allow from anyone on port 443",
                            "ingress.0.from_port": "443",
                            "ingress.0.ipv6_cidr_blocks.#": "0",
                            "ingress.0.prefix_list_ids.#": "0",
                            "ingress.0.protocol": "tcp",
                            "ingress.0.security_groups.#": "0",
                            "ingress.0.self": "false",
                            "ingress.0.to_port": "443",
                            "ingress.1.cidr_blocks.#": "1",
                            "ingress.1.cidr_blocks.0": "0.0.0.0/0",
                            "ingress.1.description": "Allow from anyone on port 80",
                            "ingress.1.from_port": "80",
                            "ingress.1.ipv6_cidr_blocks.#": "0",
                            "ingress.1.prefix_list_ids.#": "0",
                            "ingress.1.protocol": "tcp",
                            "ingress.1.security_groups.#": "0",
                            "ingress.1.self": "false",
                            "ingress.1.to_port": "80",
                            "name": "ecs-moodle-stack-moodlealbSecurityGroup1390F35A-mbO9B3nJ1fp8",
                            "name_prefix": "",
                            "owner_id": "760578178066",
                            "tags.%": "1",
                            "tags.use": "terraformer",
                            "tags_all.%": "1",
                            "tags_all.use": "terraformer",
                            "vpc_id": "vpc-08859779ddbba6ede"
                        },
                        "meta": {
                            "schema_version": 1
                        },
                        "tainted": false
                    },
                    "deposed": [],
                    "provider": "provider.aws"
                },
                "aws_security_group.tfer--ecs-moodle-stack-moodledbSecurityGroup0DFA55B1-uzhn0ywAveWZ_sg-04e6aeb8ab918f9ee": {
                    "type": "aws_security_group",
                    "depends_on": [],
                    "primary": {
                        "id": "sg-04e6aeb8ab918f9ee",
                        "attributes": {
                            "arn": "arn:aws:ec2:us-east-1:760578178066:security-group/sg-04e6aeb8ab918f9ee",
                            "description": "Security group for moodle-db database",
                            "egress.#": "1",
                            "egress.0.cidr_blocks.#": "1",
                            "egress.0.cidr_blocks.0": "0.0.0.0/0",
                            "egress.0.description": "Allow all outbound traffic by default",
                            "egress.0.from_port": "0",
                            "egress.0.ipv6_cidr_blocks.#": "0",
                            "egress.0.prefix_list_ids.#": "0",
                            "egress.0.protocol": "-1",
                            "egress.0.security_groups.#": "0",
                            "egress.0.self": "false",
                            "egress.0.to_port": "0",
                            "id": "sg-04e6aeb8ab918f9ee",
                            "ingress.#": "1",
                            "ingress.0.cidr_blocks.#": "0",
                            "ingress.0.description": "From Moodle ECS Service",
                            "ingress.0.from_port": "3306",
                            "ingress.0.ipv6_cidr_blocks.#": "0",
                            "ingress.0.prefix_list_ids.#": "0",
                            "ingress.0.protocol": "tcp",
                            "ingress.0.security_groups.#": "1",
                            "ingress.0.security_groups.0": "sg-0c4224117102bdc83",
                            "ingress.0.self": "false",
                            "ingress.0.to_port": "3306",
                            "name": "ecs-moodle-stack-moodledbSecurityGroup0DFA55B1-uzhn0ywAveWZ",
                            "name_prefix": "",
                            "owner_id": "760578178066",
                            "tags.%": "1",
                            "tags.use": "terraformer",
                            "tags_all.%": "1",
                            "tags_all.use": "terraformer",
                            "vpc_id": "vpc-08859779ddbba6ede"
                        },
                        "meta": {
                            "schema_version": 1
                        },
                        "tainted": false
                    },
                    "deposed": [],
                    "provider": "provider.aws"
                },
                "aws_security_group.tfer--ecs-moodle-stack-moodleefsEfsSecurityGroup623A28C8-DNT6MF2iaEHU_sg-0b69ea22124e55949": {
                    "type": "aws_security_group",
                    "depends_on": [],
                    "primary": {
                        "id": "sg-0b69ea22124e55949",
                        "attributes": {
                            "arn": "arn:aws:ec2:us-east-1:760578178066:security-group/sg-0b69ea22124e55949",
                            "description": "ecs-moodle-stack/moodle-efs/EfsSecurityGroup",
                            "egress.#": "1",
                            "egress.0.cidr_blocks.#": "1",
                            "egress.0.cidr_blocks.0": "0.0.0.0/0",
                            "egress.0.description": "Allow all outbound traffic by default",
                            "egress.0.from_port": "0",
                            "egress.0.ipv6_cidr_blocks.#": "0",
                            "egress.0.prefix_list_ids.#": "0",
                            "egress.0.protocol": "-1",
                            "egress.0.security_groups.#": "0",
                            "egress.0.self": "false",
                            "egress.0.to_port": "0",
                            "id": "sg-0b69ea22124e55949",
                            "ingress.#": "1",
                            "ingress.0.cidr_blocks.#": "0",
                            "ingress.0.description": "From Moodle ECS Service",
                            "ingress.0.from_port": "2049",
                            "ingress.0.ipv6_cidr_blocks.#": "0",
                            "ingress.0.prefix_list_ids.#": "0",
                            "ingress.0.protocol": "tcp",
                            "ingress.0.security_groups.#": "1",
                            "ingress.0.security_groups.0": "sg-0c4224117102bdc83",
                            "ingress.0.self": "false",
                            "ingress.0.to_port": "2049",
                            "name": "ecs-moodle-stack-moodleefsEfsSecurityGroup623A28C8-DNT6MF2iaEHU",
                            "name_prefix": "",
                            "owner_id": "760578178066",
                            "tags.%": "2",
                            "tags.Name": "ecs-moodle-stack/moodle-efs",
                            "tags.use": "terraformer",
                            "tags_all.%": "2",
                            "tags_all.Name": "ecs-moodle-stack/moodle-efs",
                            "tags_all.use": "terraformer",
                            "vpc_id": "vpc-08859779ddbba6ede"
                        },
                        "meta": {
                            "schema_version": 1
                        },
                        "tainted": false
                    },
                    "deposed": [],
                    "provider": "provider.aws"
                },
                "aws_security_group.tfer--ecs-moodle-stack-moodleredissgEE874356-uAF4mGI3n6r1_sg-04b9ee4e4f6d5e764": {
                    "type": "aws_security_group",
                    "depends_on": [],
                    "primary": {
                        "id": "sg-04b9ee4e4f6d5e764",
                        "attributes": {
                            "arn": "arn:aws:ec2:us-east-1:760578178066:security-group/sg-04b9ee4e4f6d5e764",
                            "description": "ecs-moodle-stack/moodle-redis-sg",
                            "egress.#": "1",
                            "egress.0.cidr_blocks.#": "1",
                            "egress.0.cidr_blocks.0": "0.0.0.0/0",
                            "egress.0.description": "Allow all outbound traffic by default",
                            "egress.0.from_port": "0",
                            "egress.0.ipv6_cidr_blocks.#": "0",
                            "egress.0.prefix_list_ids.#": "0",
                            "egress.0.protocol": "-1",
                            "egress.0.security_groups.#": "0",
                            "egress.0.self": "false",
                            "egress.0.to_port": "0",
                            "id": "sg-04b9ee4e4f6d5e764",
                            "ingress.#": "1",
                            "ingress.0.cidr_blocks.#": "0",
                            "ingress.0.description": "From Moodle ECS Service",
                            "ingress.0.from_port": "6379",
                            "ingress.0.ipv6_cidr_blocks.#": "0",
                            "ingress.0.prefix_list_ids.#": "0",
                            "ingress.0.protocol": "tcp",
                            "ingress.0.security_groups.#": "1",
                            "ingress.0.security_groups.0": "sg-0c4224117102bdc83",
                            "ingress.0.self": "false",
                            "ingress.0.to_port": "6379",
                            "name": "ecs-moodle-stack-moodleredissgEE874356-uAF4mGI3n6r1",
                            "name_prefix": "",
                            "owner_id": "760578178066",
                            "tags.%": "1",
                            "tags.use": "terraformer",
                            "tags_all.%": "1",
                            "tags_all.use": "terraformer",
                            "vpc_id": "vpc-08859779ddbba6ede"
                        },
                        "meta": {
                            "schema_version": 1
                        },
                        "tainted": false
                    },
                    "deposed": [],
                    "provider": "provider.aws"
                },
                "aws_security_group.tfer--ecs-moodle-stack-moodleserviceSecurityGroup1CC37159-DmiZyV4zwats_sg-0c4224117102bdc83": {
                    "type": "aws_security_group",
                    "depends_on": [],
                    "primary": {
                        "id": "sg-0c4224117102bdc83",
                        "attributes": {
                            "arn": "arn:aws:ec2:us-east-1:760578178066:security-group/sg-0c4224117102bdc83",
                            "description": "ecs-moodle-stack/moodle-service/SecurityGroup",
                            "egress.#": "1",
                            "egress.0.cidr_blocks.#": "1",
                            "egress.0.cidr_blocks.0": "0.0.0.0/0",
                            "egress.0.description": "Allow all outbound traffic by default",
                            "egress.0.from_port": "0",
                            "egress.0.ipv6_cidr_blocks.#": "0",
                            "egress.0.prefix_list_ids.#": "0",
                            "egress.0.protocol": "-1",
                            "egress.0.security_groups.#": "0",
                            "egress.0.self": "false",
                            "egress.0.to_port": "0",
                            "id": "sg-0c4224117102bdc83",
                            "ingress.#": "1",
                            "ingress.0.cidr_blocks.#": "0",
                            "ingress.0.description": "Load balancer to target",
                            "ingress.0.from_port": "8080",
                            "ingress.0.ipv6_cidr_blocks.#": "0",
                            "ingress.0.prefix_list_ids.#": "0",
                            "ingress.0.protocol": "tcp",
                            "ingress.0.security_groups.#": "1",
                            "ingress.0.security_groups.0": "sg-06972abbf704b850c",
                            "ingress.0.self": "false",
                            "ingress.0.to_port": "8080",
                            "name": "ecs-moodle-stack-moodleserviceSecurityGroup1CC37159-DmiZyV4zwats",
                            "name_prefix": "",
                            "owner_id": "760578178066",
                            "tags.%": "1",
                            "tags.use": "terraformer",
                            "tags_all.%": "1",
                            "tags_all.use": "terraformer",
                            "vpc_id": "vpc-08859779ddbba6ede"
                        },
                        "meta": {
                            "schema_version": 1
                        },
                        "tainted": false
                    },
                    "deposed": [],
                    "provider": "provider.aws"
                },
                "aws_security_group.tfer--ecs-moodle-stack-moodlevpcecrvpcendpointSecurityGroup70984AF4-3DntSAeG8vPU_sg-014f223513cfffd7d": {
                    "type": "aws_security_group",
                    "depends_on": [],
                    "primary": {
                        "id": "sg-014f223513cfffd7d",
                        "attributes": {
                            "arn": "arn:aws:ec2:us-east-1:760578178066:security-group/sg-014f223513cfffd7d",
                            "description": "ecs-moodle-stack/moodle-vpc/ecr-vpc-endpoint/SecurityGroup",
                            "egress.#": "1",
                            "egress.0.cidr_blocks.#": "1",
                            "egress.0.cidr_blocks.0": "0.0.0.0/0",
                            "egress.0.description": "Allow all outbound traffic by default",
                            "egress.0.from_port": "0",
                            "egress.0.ipv6_cidr_blocks.#": "0",
                            "egress.0.prefix_list_ids.#": "0",
                            "egress.0.protocol": "-1",
                            "egress.0.security_groups.#": "0",
                            "egress.0.self": "false",
                            "egress.0.to_port": "0",
                            "id": "sg-014f223513cfffd7d",
                            "ingress.#": "1",
                            "ingress.0.cidr_blocks.#": "1",
                            "ingress.0.cidr_blocks.0": "10.0.0.0/16",
                            "ingress.0.description": "from 10.0.0.0/16:443",
                            "ingress.0.from_port": "443",
                            "ingress.0.ipv6_cidr_blocks.#": "0",
                            "ingress.0.prefix_list_ids.#": "0",
                            "ingress.0.protocol": "tcp",
                            "ingress.0.security_groups.#": "0",
                            "ingress.0.self": "false",
                            "ingress.0.to_port": "443",
                            "name": "ecs-moodle-stack-moodlevpcecrvpcendpointSecurityGroup70984AF4-3DntSAeG8vPU",
                            "name_prefix": "",
                            "owner_id": "760578178066",
                            "tags.%": "2",
                            "tags.Name": "ecs-moodle-stack/moodle-vpc",
                            "tags.use": "terraformer",
                            "tags_all.%": "2",
                            "tags_all.Name": "ecs-moodle-stack/moodle-vpc",
                            "tags_all.use": "terraformer",
                            "vpc_id": "vpc-08859779ddbba6ede"
                        },
                        "meta": {
                            "schema_version": 1
                        },
                        "tainted": false
                    },
                    "deposed": [],
                    "provider": "provider.aws"
                },
                "aws_sns_topic.tfer--ecs-moodle-stack-rdseventsubscriptiontopicFF8A7653-1ADxG6BDSMW7": {
                    "type": "aws_sns_topic",
                    "depends_on": [],
                    "primary": {
                        "id": "arn:aws:sns:us-east-1:760578178066:ecs-moodle-stack-rdseventsubscriptiontopicFF8A7653-1ADxG6BDSMW7",
                        "attributes": {
                            "application_failure_feedback_role_arn": "",
                            "application_success_feedback_role_arn": "",
                            "application_success_feedback_sample_rate": "0",
                            "archive_policy": "",
                            "arn": "arn:aws:sns:us-east-1:760578178066:ecs-moodle-stack-rdseventsubscriptiontopicFF8A7653-1ADxG6BDSMW7",
                            "beginning_archive_time": "",
                            "content_based_deduplication": "false",
                            "delivery_policy": "",
                            "display_name": "",
                            "fifo_topic": "false",
                            "firehose_failure_feedback_role_arn": "",
                            "firehose_success_feedback_role_arn": "",
                            "firehose_success_feedback_sample_rate": "0",
                            "http_failure_feedback_role_arn": "",
                            "http_success_feedback_role_arn": "",
                            "http_success_feedback_sample_rate": "0",
                            "id": "arn:aws:sns:us-east-1:760578178066:ecs-moodle-stack-rdseventsubscriptiontopicFF8A7653-1ADxG6BDSMW7",
                            "kms_master_key_id": "",
                            "lambda_failure_feedback_role_arn": "",
                            "lambda_success_feedback_role_arn": "",
                            "lambda_success_feedback_sample_rate": "0",
                            "name": "ecs-moodle-stack-rdseventsubscriptiontopicFF8A7653-1ADxG6BDSMW7",
                            "name_prefix": "",
                            "owner": "760578178066",
                            "policy": "{\"Id\":\"__default_policy_ID\",\"Statement\":[{\"Action\":[\"SNS:GetTopicAttributes\",\"SNS:SetTopicAttributes\",\"SNS:AddPermission\",\"SNS:RemovePermission\",\"SNS:DeleteTopic\",\"SNS:Subscribe\",\"SNS:ListSubscriptionsByTopic\",\"SNS:Publish\"],\"Condition\":{\"StringEquals\":{\"AWS:SourceOwner\":\"760578178066\"}},\"Effect\":\"Allow\",\"Principal\":{\"AWS\":\"*\"},\"Resource\":\"arn:aws:sns:us-east-1:760578178066:ecs-moodle-stack-rdseventsubscriptiontopicFF8A7653-1ADxG6BDSMW7\",\"Sid\":\"__default_statement_ID\"}],\"Version\":\"2008-10-17\"}",
                            "signature_version": "0",
                            "sqs_failure_feedback_role_arn": "",
                            "sqs_success_feedback_role_arn": "",
                            "sqs_success_feedback_sample_rate": "0",
                            "tags.%": "1",
                            "tags.use": "terraformer",
                            "tags_all.%": "1",
                            "tags_all.use": "terraformer",
                            "tracing_config": ""
                        },
                        "meta": {
                            "schema_version": 0
                        },
                        "tainted": false
                    },
                    "deposed": [],
                    "provider": "provider.aws"
                },
                "aws_ssm_parameter.tfer--cf-waf-web-acl-arn": {
                    "type": "aws_ssm_parameter",
                    "depends_on": [],
                    "primary": {
                        "id": "cf-waf-web-acl-arn",
                        "attributes": {
                            "allowed_pattern": "",
                            "arn": "arn:aws:ssm:us-east-1:760578178066:parameter/cf-waf-web-acl-arn",
                            "data_type": "text",
                            "description": "The WAFv2 Web ACL used for CloudFront for Moodle",
                            "id": "cf-waf-web-acl-arn",
                            "key_id": "",
                            "name": "cf-waf-web-acl-arn",
                            "tags.%": "1",
                            "tags.use": "terraformer",
                            "tags_all.%": "1",
                            "tags_all.use": "terraformer",
                            "tier": "Standard",
                            "type": "String",
                            "value": "arn:aws:wafv2:us-east-1:760578178066:global/webacl/moodle-cf-waf-acl/5a106c62-3523-46db-b023-626652a2626f",
                            "version": "1"
                        },
                        "meta": {
                            "schema_version": 0
                        },
                        "tainted": false
                    },
                    "deposed": [],
                    "provider": "provider.aws"
                },
                "aws_subnet.tfer--subnet-01ac82a06964d45ab": {
                    "type": "aws_subnet",
                    "depends_on": [],
                    "primary": {
                        "id": "subnet-01ac82a06964d45ab",
                        "attributes": {
                            "arn": "arn:aws:ec2:us-east-1:760578178066:subnet/subnet-01ac82a06964d45ab",
                            "assign_ipv6_address_on_creation": "false",
                            "availability_zone": "us-east-1b",
                            "availability_zone_id": "use1-az1",
                            "cidr_block": "10.0.192.0/18",
                            "customer_owned_ipv4_pool": "",
                            "enable_dns64": "false",
                            "enable_lni_at_device_index": "0",
                            "enable_resource_name_dns_a_record_on_launch": "false",
                            "enable_resource_name_dns_aaaa_record_on_launch": "false",
                            "id": "subnet-01ac82a06964d45ab",
                            "ipv6_cidr_block": "",
                            "ipv6_cidr_block_association_id": "",
                            "ipv6_native": "false",
                            "map_customer_owned_ip_on_launch": "false",
                            "map_public_ip_on_launch": "false",
                            "outpost_arn": "",
                            "owner_id": "760578178066",
                            "private_dns_hostname_type_on_launch": "ip-name",
                            "tags.%": "4",
                            "tags.Name": "ecs-moodle-stack/moodle-vpc/PrivateSubnet2",
                            "tags.aws-cdk:subnet-name": "Private",
                            "tags.aws-cdk:subnet-type": "Private",
                            "tags.use": "terraformer",
                            "tags_all.%": "4",
                            "tags_all.Name": "ecs-moodle-stack/moodle-vpc/PrivateSubnet2",
                            "tags_all.aws-cdk:subnet-name": "Private",
                            "tags_all.aws-cdk:subnet-type": "Private",
                            "tags_all.use": "terraformer",
                            "vpc_id": "vpc-08859779ddbba6ede"
                        },
                        "meta": {
                            "schema_version": 1
                        },
                        "tainted": false
                    },
                    "deposed": [],
                    "provider": "provider.aws"
                },
                "aws_subnet.tfer--subnet-042ba429fbd7e8a0c": {
                    "type": "aws_subnet",
                    "depends_on": [],
                    "primary": {
                        "id": "subnet-042ba429fbd7e8a0c",
                        "attributes": {
                            "arn": "arn:aws:ec2:us-east-1:760578178066:subnet/subnet-042ba429fbd7e8a0c",
                            "assign_ipv6_address_on_creation": "false",
                            "availability_zone": "us-east-1b",
                            "availability_zone_id": "use1-az1",
                            "cidr_block": "10.0.64.0/18",
                            "customer_owned_ipv4_pool": "",
                            "enable_dns64": "false",
                            "enable_lni_at_device_index": "0",
                            "enable_resource_name_dns_a_record_on_launch": "false",
                            "enable_resource_name_dns_aaaa_record_on_launch": "false",
                            "id": "subnet-042ba429fbd7e8a0c",
                            "ipv6_cidr_block": "",
                            "ipv6_cidr_block_association_id": "",
                            "ipv6_native": "false",
                            "map_customer_owned_ip_on_launch": "false",
                            "map_public_ip_on_launch": "true",
                            "outpost_arn": "",
                            "owner_id": "760578178066",
                            "private_dns_hostname_type_on_launch": "ip-name",
                            "tags.%": "4",
                            "tags.Name": "ecs-moodle-stack/moodle-vpc/PublicSubnet2",
                            "tags.aws-cdk:subnet-name": "Public",
                            "tags.aws-cdk:subnet-type": "Public",
                            "tags.use": "terraformer",
                            "tags_all.%": "4",
                            "tags_all.Name": "ecs-moodle-stack/moodle-vpc/PublicSubnet2",
                            "tags_all.aws-cdk:subnet-name": "Public",
                            "tags_all.aws-cdk:subnet-type": "Public",
                            "tags_all.use": "terraformer",
                            "vpc_id": "vpc-08859779ddbba6ede"
                        },
                        "meta": {
                            "schema_version": 1
                        },
                        "tainted": false
                    },
                    "deposed": [],
                    "provider": "provider.aws"
                },
                "aws_subnet.tfer--subnet-0d48a875c919a750b": {
                    "type": "aws_subnet",
                    "depends_on": [],
                    "primary": {
                        "id": "subnet-0d48a875c919a750b",
                        "attributes": {
                            "arn": "arn:aws:ec2:us-east-1:760578178066:subnet/subnet-0d48a875c919a750b",
                            "assign_ipv6_address_on_creation": "false",
                            "availability_zone": "us-east-1a",
                            "availability_zone_id": "use1-az6",
                            "cidr_block": "10.0.0.0/18",
                            "customer_owned_ipv4_pool": "",
                            "enable_dns64": "false",
                            "enable_lni_at_device_index": "0",
                            "enable_resource_name_dns_a_record_on_launch": "false",
                            "enable_resource_name_dns_aaaa_record_on_launch": "false",
                            "id": "subnet-0d48a875c919a750b",
                            "ipv6_cidr_block": "",
                            "ipv6_cidr_block_association_id": "",
                            "ipv6_native": "false",
                            "map_customer_owned_ip_on_launch": "false",
                            "map_public_ip_on_launch": "true",
                            "outpost_arn": "",
                            "owner_id": "760578178066",
                            "private_dns_hostname_type_on_launch": "ip-name",
                            "tags.%": "4",
                            "tags.Name": "ecs-moodle-stack/moodle-vpc/PublicSubnet1",
                            "tags.aws-cdk:subnet-name": "Public",
                            "tags.aws-cdk:subnet-type": "Public",
                            "tags.use": "terraformer",
                            "tags_all.%": "4",
                            "tags_all.Name": "ecs-moodle-stack/moodle-vpc/PublicSubnet1",
                            "tags_all.aws-cdk:subnet-name": "Public",
                            "tags_all.aws-cdk:subnet-type": "Public",
                            "tags_all.use": "terraformer",
                            "vpc_id": "vpc-08859779ddbba6ede"
                        },
                        "meta": {
                            "schema_version": 1
                        },
                        "tainted": false
                    },
                    "deposed": [],
                    "provider": "provider.aws"
                },
                "aws_subnet.tfer--subnet-0ddf805179c90a1fc": {
                    "type": "aws_subnet",
                    "depends_on": [],
                    "primary": {
                        "id": "subnet-0ddf805179c90a1fc",
                        "attributes": {
                            "arn": "arn:aws:ec2:us-east-1:760578178066:subnet/subnet-0ddf805179c90a1fc",
                            "assign_ipv6_address_on_creation": "false",
                            "availability_zone": "us-east-1a",
                            "availability_zone_id": "use1-az6",
                            "cidr_block": "10.0.128.0/18",
                            "customer_owned_ipv4_pool": "",
                            "enable_dns64": "false",
                            "enable_lni_at_device_index": "0",
                            "enable_resource_name_dns_a_record_on_launch": "false",
                            "enable_resource_name_dns_aaaa_record_on_launch": "false",
                            "id": "subnet-0ddf805179c90a1fc",
                            "ipv6_cidr_block": "",
                            "ipv6_cidr_block_association_id": "",
                            "ipv6_native": "false",
                            "map_customer_owned_ip_on_launch": "false",
                            "map_public_ip_on_launch": "false",
                            "outpost_arn": "",
                            "owner_id": "760578178066",
                            "private_dns_hostname_type_on_launch": "ip-name",
                            "tags.%": "4",
                            "tags.Name": "ecs-moodle-stack/moodle-vpc/PrivateSubnet1",
                            "tags.aws-cdk:subnet-name": "Private",
                            "tags.aws-cdk:subnet-type": "Private",
                            "tags.use": "terraformer",
                            "tags_all.%": "4",
                            "tags_all.Name": "ecs-moodle-stack/moodle-vpc/PrivateSubnet1",
                            "tags_all.aws-cdk:subnet-name": "Private",
                            "tags_all.aws-cdk:subnet-type": "Private",
                            "tags_all.use": "terraformer",
                            "vpc_id": "vpc-08859779ddbba6ede"
                        },
                        "meta": {
                            "schema_version": 1
                        },
                        "tainted": false
                    },
                    "deposed": [],
                    "provider": "provider.aws"
                },
                "aws_vpc.tfer--vpc-08859779ddbba6ede": {
                    "type": "aws_vpc",
                    "depends_on": [],
                    "primary": {
                        "id": "vpc-08859779ddbba6ede",
                        "attributes": {
                            "arn": "arn:aws:ec2:us-east-1:760578178066:vpc/vpc-08859779ddbba6ede",
                            "assign_generated_ipv6_cidr_block": "false",
                            "cidr_block": "10.0.0.0/16",
                            "default_network_acl_id": "acl-084ce55dfae0b7d0d",
                            "default_route_table_id": "rtb-03dcfdb8ea539d1f3",
                            "default_security_group_id": "sg-09db0f76339390b5b",
                            "dhcp_options_id": "dopt-23155159",
                            "enable_dns_hostnames": "true",
                            "enable_dns_support": "true",
                            "enable_network_address_usage_metrics": "false",
                            "id": "vpc-08859779ddbba6ede",
                            "instance_tenancy": "default",
                            "ipv6_association_id": "",
                            "ipv6_cidr_block": "",
                            "ipv6_cidr_block_network_border_group": "",
                            "ipv6_ipam_pool_id": "",
                            "ipv6_netmask_length": "0",
                            "main_route_table_id": "rtb-03dcfdb8ea539d1f3",
                            "owner_id": "760578178066",
                            "tags.%": "2",
                            "tags.Name": "ecs-moodle-stack/moodle-vpc",
                            "tags.use": "terraformer",
                            "tags_all.%": "2",
                            "tags_all.Name": "ecs-moodle-stack/moodle-vpc",
                            "tags_all.use": "terraformer"
                        },
                        "meta": {
                            "schema_version": 1
                        },
                        "tainted": false
                    },
                    "deposed": [],
                    "provider": "provider.aws"
                },
                "aws_wafv2_web_acl.tfer--moodle-cf-waf-acl_5a106c62": {
                    "type": "aws_wafv2_web_acl",
                    "depends_on": [],
                    "primary": {
                        "id": "5a106c62-3523-46db-b023-626652a2626f",
                        "attributes": {
                            "arn": "arn:aws:wafv2:us-east-1:760578178066:global/webacl/moodle-cf-waf-acl/5a106c62-3523-46db-b023-626652a2626f",
                            "association_config.#": "0",
                            "capacity": "25",
                            "captcha_config.#": "0",
                            "challenge_config.#": "0",
                            "custom_response_body.#": "0",
                            "default_action.#": "1",
                            "default_action.0.allow.#": "1",
                            "default_action.0.block.#": "0",
                            "description": "Web ACL for Moodle CloudFront",
                            "id": "5a106c62-3523-46db-b023-626652a2626f",
                            "lock_token": "65b382c4-a942-474c-b2dd-c42bb3c5066d",
                            "name": "moodle-cf-waf-acl",
                            "rule.#": "1",
                            "rule.0.action.#": "0",
                            "rule.0.captcha_config.#": "0",
                            "rule.0.name": "AWS-AWSManagedRulesAmazonIpReputationList",
                            "rule.0.override_action.#": "1",
                            "rule.0.override_action.0.count.#": "0",
                            "rule.0.override_action.0.none.#": "1",
                            "rule.0.priority": "0",
                            "rule.0.rule_label.#": "0",
                            "rule.0.statement.#": "1",
                            "rule.0.statement.0.and_statement.#": "0",
                            "rule.0.statement.0.byte_match_statement.#": "0",
                            "rule.0.statement.0.geo_match_statement.#": "0",
                            "rule.0.statement.0.ip_set_reference_statement.#": "0",
                            "rule.0.statement.0.label_match_statement.#": "0",
                            "rule.0.statement.0.managed_rule_group_statement.#": "1",
                            "rule.0.statement.0.managed_rule_group_statement.0.managed_rule_group_configs.#": "0",
                            "rule.0.statement.0.managed_rule_group_statement.0.name": "AWSManagedRulesAmazonIpReputationList",
                            "rule.0.statement.0.managed_rule_group_statement.0.rule_action_override.#": "0",
                            "rule.0.statement.0.managed_rule_group_statement.0.scope_down_statement.#": "0",
                            "rule.0.statement.0.managed_rule_group_statement.0.vendor_name": "AWS",
                            "rule.0.statement.0.managed_rule_group_statement.0.version": "",
                            "rule.0.statement.0.not_statement.#": "0",
                            "rule.0.statement.0.or_statement.#": "0",
                            "rule.0.statement.0.rate_based_statement.#": "0",
                            "rule.0.statement.0.regex_match_statement.#": "0",
                            "rule.0.statement.0.regex_pattern_set_reference_statement.#": "0",
                            "rule.0.statement.0.rule_group_reference_statement.#": "0",
                            "rule.0.statement.0.size_constraint_statement.#": "0",
                            "rule.0.statement.0.sqli_match_statement.#": "0",
                            "rule.0.statement.0.xss_match_statement.#": "0",
                            "rule.0.visibility_config.#": "1",
                            "rule.0.visibility_config.0.cloudwatch_metrics_enabled": "true",
                            "rule.0.visibility_config.0.metric_name": "AWS-AWSManagedRulesAmazonIpReputationList-metrics",
                            "rule.0.visibility_config.0.sampled_requests_enabled": "true",
                            "scope": "CLOUDFRONT",
                            "tags.%": "1",
                            "tags.use": "terraformer",
                            "tags_all.%": "1",
                            "tags_all.use": "terraformer",
                            "token_domains.#": "0",
                            "visibility_config.#": "1",
                            "visibility_config.0.cloudwatch_metrics_enabled": "true",
                            "visibility_config.0.metric_name": "moodle-waf-metrics",
                            "visibility_config.0.sampled_requests_enabled": "true"
                        },
                        "meta": {
                            "schema_version": 0
                        },
                        "tainted": false
                    },
                    "deposed": [],
                    "provider": "provider.aws"
                }
            },
            "depends_on": []
        }
    ]
}
